// !$*UTF8*$!
{
	archiveVersion = 1;
	classes = {
	};
	objectVersion = 56;
	objects = {

/* Begin PBXBuildFile section */
		11A726082BE0672A000C1DA7 /* FileDetails.swift in Sources */ = {isa = PBXBuildFile; fileRef = 11A726072BE0672A000C1DA7 /* FileDetails.swift */; };
		11A7260A2BE0675A000C1DA7 /* FileDetailsView.swift in Sources */ = {isa = PBXBuildFile; fileRef = 11A726092BE06759000C1DA7 /* FileDetailsView.swift */; };
		DA0D698D2B1E7CF700C71DF5 /* UsersView.swift in Sources */ = {isa = PBXBuildFile; fileRef = DA0D698C2B1E7CF700C71DF5 /* UsersView.swift */; platformFilter = ios; };
		DA0D698F2B1E841600C71DF5 /* MessageBoardView.swift in Sources */ = {isa = PBXBuildFile; fileRef = DA0D698E2B1E841600C71DF5 /* MessageBoardView.swift */; platformFilter = ios; };
		DA0D69912B1E894800C71DF5 /* FilesView.swift in Sources */ = {isa = PBXBuildFile; fileRef = DA0D69902B1E894800C71DF5 /* FilesView.swift */; platformFilter = ios; };
		DA20BBE12BF5237600B94E7C /* Bookmark.swift in Sources */ = {isa = PBXBuildFile; fileRef = DA20BBE02BF5237600B94E7C /* Bookmark.swift */; };
		DA2863D82B37AD1C00A7D050 /* SettingsView.swift in Sources */ = {isa = PBXBuildFile; fileRef = DA2863D72B37AD1C00A7D050 /* SettingsView.swift */; platformFilters = (macos, ); };
		DA2863DA2B37BF6E00A7D050 /* Preferences.swift in Sources */ = {isa = PBXBuildFile; fileRef = DA2863D92B37BF6E00A7D050 /* Preferences.swift */; };
		DA2863DD2B3E8B7000A7D050 /* FilePreview.swift in Sources */ = {isa = PBXBuildFile; fileRef = DA2863DC2B3E8B7000A7D050 /* FilePreview.swift */; };
		DA2D98122BF29D5F0027E4BD /* NewsItemView.swift in Sources */ = {isa = PBXBuildFile; fileRef = DA2D98112BF29D5F0027E4BD /* NewsItemView.swift */; };
		DA32CD492B2931640053B98B /* User.swift in Sources */ = {isa = PBXBuildFile; fileRef = DA32CD482B2931640053B98B /* User.swift */; };
		DA32CD4B2B29318E0053B98B /* FileInfo.swift in Sources */ = {isa = PBXBuildFile; fileRef = DA32CD4A2B29318E0053B98B /* FileInfo.swift */; };
		DA32CD4D2B2931B50053B98B /* ChatMessage.swift in Sources */ = {isa = PBXBuildFile; fileRef = DA32CD4C2B2931B50053B98B /* ChatMessage.swift */; };
		DA32CD4F2B2931CC0053B98B /* NewsInfo.swift in Sources */ = {isa = PBXBuildFile; fileRef = DA32CD4E2B2931CC0053B98B /* NewsInfo.swift */; };
		DA43205E2B1D615600FC8843 /* ServerView.swift in Sources */ = {isa = PBXBuildFile; fileRef = DA43205D2B1D615600FC8843 /* ServerView.swift */; platformFilter = ios; };
		DA4930BD2B4F8DD700822D0B /* NetSocket.swift in Sources */ = {isa = PBXBuildFile; fileRef = DA4930BC2B4F8DD700822D0B /* NetSocket.swift */; };
		DA4F2BF82B16A17200D8ADDC /* HotlineProtocol.swift in Sources */ = {isa = PBXBuildFile; fileRef = DA4F2BF72B16A17200D8ADDC /* HotlineProtocol.swift */; };
		DA4F2C012B1A558E00D8ADDC /* ChatView.swift in Sources */ = {isa = PBXBuildFile; fileRef = DA4F2C002B1A558E00D8ADDC /* ChatView.swift */; platformFilter = ios; };
		DA55AC732BE42AF000034857 /* AsyncLinkPreview.swift in Sources */ = {isa = PBXBuildFile; fileRef = DA55AC722BE42AF000034857 /* AsyncLinkPreview.swift */; platformFilters = (macos, ); };
		DA55AC752BE4888300034857 /* InstantMessage.swift in Sources */ = {isa = PBXBuildFile; fileRef = DA55AC742BE4888300034857 /* InstantMessage.swift */; };
		DA55AC772BE589F700034857 /* AboutView.swift in Sources */ = {isa = PBXBuildFile; fileRef = DA55AC762BE589F700034857 /* AboutView.swift */; platformFilters = (macos, ); };
		DA55AC792BE6A1AD00034857 /* RegularExpressions.swift in Sources */ = {isa = PBXBuildFile; fileRef = DA55AC782BE6A1AD00034857 /* RegularExpressions.swift */; };
		DA5753682B33E88A00FAC277 /* HotlineFileClient.swift in Sources */ = {isa = PBXBuildFile; fileRef = DA5753672B33E88A00FAC277 /* HotlineFileClient.swift */; };
		DA57536C2B36BA1D00FAC277 /* TextDocument.swift in Sources */ = {isa = PBXBuildFile; fileRef = DA57536B2B36BA1D00FAC277 /* TextDocument.swift */; };
		DA6300972B24036B0034CBFD /* HotlineClient.swift in Sources */ = {isa = PBXBuildFile; fileRef = DA6300962B24036B0034CBFD /* HotlineClient.swift */; };
		DA65499A2BEC280E00EDB697 /* ServerMessageView.swift in Sources */ = {isa = PBXBuildFile; fileRef = DA6549992BEC280E00EDB697 /* ServerMessageView.swift */; };
		DA65499C2BEC3FBD00EDB697 /* ServerAgreementView.swift in Sources */ = {isa = PBXBuildFile; fileRef = DA65499B2BEC3FBD00EDB697 /* ServerAgreementView.swift */; };
		DA65499E2BEC438A00EDB697 /* NSWindowBridge.swift in Sources */ = {isa = PBXBuildFile; fileRef = DA65499D2BEC438A00EDB697 /* NSWindowBridge.swift */; };
		DA6980792BF80525003E434B /* TextView.swift in Sources */ = {isa = PBXBuildFile; fileRef = DA6980782BF80525003E434B /* TextView.swift */; };
		DA69807E2BFD449B003E434B /* MessageBoardEditorView.swift in Sources */ = {isa = PBXBuildFile; fileRef = DA69807D2BFD449B003E434B /* MessageBoardEditorView.swift */; };
		DA6980832BFFD06C003E434B /* BookmarkDocument.swift in Sources */ = {isa = PBXBuildFile; fileRef = DA6980822BFFD06C003E434B /* BookmarkDocument.swift */; };
		DA72A0DD2B4CD0BF00A0F48A /* NewsEditorView.swift in Sources */ = {isa = PBXBuildFile; fileRef = DA72A0DC2B4CD0BF00A0F48A /* NewsEditorView.swift */; };
		DA72A0E02B4DA8CA00A0F48A /* SplitView in Frameworks */ = {isa = PBXBuildFile; productRef = DA72A0DF2B4DA8CA00A0F48A /* SplitView */; };
		DA72A0E22B4DAA4000A0F48A /* NewsArticle.swift in Sources */ = {isa = PBXBuildFile; fileRef = DA72A0E12B4DAA4000A0F48A /* NewsArticle.swift */; };
		DA77253F2B21176D006C5ABB /* NewsView.swift in Sources */ = {isa = PBXBuildFile; fileRef = DA77253E2B21176D006C5ABB /* NewsView.swift */; platformFilter = ios; };
		DA7725412B21435B006C5ABB /* ObservableScrollView.swift in Sources */ = {isa = PBXBuildFile; fileRef = DA7725402B21435B006C5ABB /* ObservableScrollView.swift */; };
		DA872B132BDDBF78008B1012 /* HotlinePanel.swift in Sources */ = {isa = PBXBuildFile; fileRef = DA872B122BDDBF78008B1012 /* HotlinePanel.swift */; platformFilters = (macos, ); };
		DA872B152BDDEE1A008B1012 /* VisualEffectView.swift in Sources */ = {isa = PBXBuildFile; fileRef = DA872B142BDDEE1A008B1012 /* VisualEffectView.swift */; platformFilters = (macos, ); };
		DA9CAFBB2B126D5700CDA197 /* Application-macOS.swift in Sources */ = {isa = PBXBuildFile; fileRef = DA9CAFBA2B126D5700CDA197 /* Application-macOS.swift */; platformFilters = (macos, ); };
		DA9CAFBD2B126D5700CDA197 /* TrackerView.swift in Sources */ = {isa = PBXBuildFile; fileRef = DA9CAFBC2B126D5700CDA197 /* TrackerView.swift */; platformFilter = ios; };
		DA9CAFC12B126D5800CDA197 /* Assets.xcassets in Resources */ = {isa = PBXBuildFile; fileRef = DA9CAFC02B126D5800CDA197 /* Assets.xcassets */; };
		DA9CAFC42B126D5800CDA197 /* Preview Assets.xcassets in Resources */ = {isa = PBXBuildFile; fileRef = DA9CAFC32B126D5800CDA197 /* Preview Assets.xcassets */; };
		DA9CAFCB2B126E3300CDA197 /* HotlineTrackerClient.swift in Sources */ = {isa = PBXBuildFile; fileRef = DA9CAFCA2B126E3300CDA197 /* HotlineTrackerClient.swift */; };
		DAAEE66B2B3FBC2100A5BA07 /* TransferInfo.swift in Sources */ = {isa = PBXBuildFile; fileRef = DAAEE66A2B3FBC2100A5BA07 /* TransferInfo.swift */; };
		DAAEE66D2B475F1400A5BA07 /* PreviewFileInfo.swift in Sources */ = {isa = PBXBuildFile; fileRef = DAAEE66C2B475F1400A5BA07 /* PreviewFileInfo.swift */; };
		DAAEE66F2B47625600A5BA07 /* FilePreviewImageView.swift in Sources */ = {isa = PBXBuildFile; fileRef = DAAEE66E2B47625600A5BA07 /* FilePreviewImageView.swift */; platformFilters = (macos, ); };
		DAB4D87B2B4B78310048A05C /* FileImageView.swift in Sources */ = {isa = PBXBuildFile; fileRef = DAB4D87A2B4B78310048A05C /* FileImageView.swift */; platformFilters = (macos, ); };
		DAB4D87E2B4C8BCA0048A05C /* FilePreviewTextView.swift in Sources */ = {isa = PBXBuildFile; fileRef = DAB4D87D2B4C8BCA0048A05C /* FilePreviewTextView.swift */; platformFilters = (macos, ); };
		DAB4D8802B4C8E9A0048A05C /* URLAdditions.swift in Sources */ = {isa = PBXBuildFile; fileRef = DAB4D87F2B4C8E9A0048A05C /* URLAdditions.swift */; };
		DAB4D8822B4C8FED0048A05C /* FileIconView.swift in Sources */ = {isa = PBXBuildFile; fileRef = DAB4D8812B4C8FED0048A05C /* FileIconView.swift */; };
		DAB4D8842B4CABEF0048A05C /* DataAdditions.swift in Sources */ = {isa = PBXBuildFile; fileRef = DAB4D8832B4CABEF0048A05C /* DataAdditions.swift */; };
		DAB4D8872B4CB3610048A05C /* MarkdownUI in Frameworks */ = {isa = PBXBuildFile; productRef = DAB4D8862B4CB3610048A05C /* MarkdownUI */; };
		DABE8BF42B55DC0A00884D28 /* transfer-complete.aiff in Resources */ = {isa = PBXBuildFile; fileRef = DABE8BF32B55DC0A00884D28 /* transfer-complete.aiff */; };
		DABE8BF62B55DC2E00884D28 /* chat-message.aiff in Resources */ = {isa = PBXBuildFile; fileRef = DABE8BF52B55DC2E00884D28 /* chat-message.aiff */; };
		DABE8BF82B55DC6100884D28 /* logged-in.aiff in Resources */ = {isa = PBXBuildFile; fileRef = DABE8BF72B55DC6100884D28 /* logged-in.aiff */; };
		DABE8BFB2B55DC6800884D28 /* user-login.aiff in Resources */ = {isa = PBXBuildFile; fileRef = DABE8BF92B55DC6800884D28 /* user-login.aiff */; };
		DABE8BFC2B55DC6800884D28 /* user-logout.aiff in Resources */ = {isa = PBXBuildFile; fileRef = DABE8BFA2B55DC6800884D28 /* user-logout.aiff */; };
		DABE8BFE2B55E69000884D28 /* error.aiff in Resources */ = {isa = PBXBuildFile; fileRef = DABE8BFD2B55E69000884D28 /* error.aiff */; };
		DABE8C002B55E69800884D28 /* server-message.aiff in Resources */ = {isa = PBXBuildFile; fileRef = DABE8BFF2B55E69800884D28 /* server-message.aiff */; };
		DABE8C022B55E69D00884D28 /* new-news.aiff in Resources */ = {isa = PBXBuildFile; fileRef = DABE8C012B55E69D00884D28 /* new-news.aiff */; };
		DABE8C042B57940B00884D28 /* DAKeychain.swift in Sources */ = {isa = PBXBuildFile; fileRef = DABE8C032B57940A00884D28 /* DAKeychain.swift */; };
		DABFCC292B1530DC009F40D2 /* FoundationExtensions.swift in Sources */ = {isa = PBXBuildFile; fileRef = DABFCC282B1530DC009F40D2 /* FoundationExtensions.swift */; };
		DAC002192B21630900A6C290 /* SwiftUIExtensions.swift in Sources */ = {isa = PBXBuildFile; fileRef = DAC002182B21630900A6C290 /* SwiftUIExtensions.swift */; };
		DAC3D97E2BC0F1ED00A727C9 /* Application-iOS.swift in Sources */ = {isa = PBXBuildFile; fileRef = DAC3D97D2BC0F1ED00A727C9 /* Application-iOS.swift */; platformFilter = ios; };
		DAC3D9832BC33FD000A727C9 /* ApplicationState.swift in Sources */ = {isa = PBXBuildFile; fileRef = DAC3D9822BC33FD000A727C9 /* ApplicationState.swift */; };
		DADDB28B2B22B31F0024040D /* Tracker.swift in Sources */ = {isa = PBXBuildFile; fileRef = DADDB28A2B22B31F0024040D /* Tracker.swift */; };
		DADDB28D2B22B5920024040D /* Server.swift in Sources */ = {isa = PBXBuildFile; fileRef = DADDB28C2B22B5920024040D /* Server.swift */; };
		DADDB28F2B238D850024040D /* Hotline.swift in Sources */ = {isa = PBXBuildFile; fileRef = DADDB28E2B238D850024040D /* Hotline.swift */; };
		DAE136BA2B9D1147007D8307 /* HotlinePanelView.swift in Sources */ = {isa = PBXBuildFile; fileRef = DAE136B92B9D1147007D8307 /* HotlinePanelView.swift */; platformFilters = (macos, ); };
		DAE734F92B2E4185000C56F6 /* ServerView.swift in Sources */ = {isa = PBXBuildFile; fileRef = DAE734F82B2E4185000C56F6 /* ServerView.swift */; platformFilters = (macos, ); };
		DAE734FB2B2E41F9000C56F6 /* TrackerView.swift in Sources */ = {isa = PBXBuildFile; fileRef = DAE734FA2B2E41F9000C56F6 /* TrackerView.swift */; platformFilters = (macos, ); };
		DAE734FD2B2E65E9000C56F6 /* MessageBoardView.swift in Sources */ = {isa = PBXBuildFile; fileRef = DAE734FC2B2E65E9000C56F6 /* MessageBoardView.swift */; platformFilters = (macos, ); };
		DAE734FF2B2E6750000C56F6 /* ChatView.swift in Sources */ = {isa = PBXBuildFile; fileRef = DAE734FE2B2E6750000C56F6 /* ChatView.swift */; platformFilters = (macos, ); };
		DAE735012B2E71F2000C56F6 /* FilesView.swift in Sources */ = {isa = PBXBuildFile; fileRef = DAE735002B2E71F2000C56F6 /* FilesView.swift */; platformFilters = (macos, ); };
		DAE735032B30C0BB000C56F6 /* MessageView.swift in Sources */ = {isa = PBXBuildFile; fileRef = DAE735022B30C0BB000C56F6 /* MessageView.swift */; platformFilters = (macos, ); };
		DAE735052B3218D8000C56F6 /* NewsView.swift in Sources */ = {isa = PBXBuildFile; fileRef = DAE735042B3218D8000C56F6 /* NewsView.swift */; platformFilters = (macos, ); };
		DAE735072B3251B3000C56F6 /* SoundEffects.swift in Sources */ = {isa = PBXBuildFile; fileRef = DAE735062B3251B3000C56F6 /* SoundEffects.swift */; };
/* End PBXBuildFile section */

/* Begin PBXFileReference section */
		11A726072BE0672A000C1DA7 /* FileDetails.swift */ = {isa = PBXFileReference; fileEncoding = 4; lastKnownFileType = sourcecode.swift; path = FileDetails.swift; sourceTree = "<group>"; };
		11A726092BE06759000C1DA7 /* FileDetailsView.swift */ = {isa = PBXFileReference; fileEncoding = 4; lastKnownFileType = sourcecode.swift; path = FileDetailsView.swift; sourceTree = "<group>"; };
		DA0D698C2B1E7CF700C71DF5 /* UsersView.swift */ = {isa = PBXFileReference; lastKnownFileType = sourcecode.swift; path = UsersView.swift; sourceTree = "<group>"; };
		DA0D698E2B1E841600C71DF5 /* MessageBoardView.swift */ = {isa = PBXFileReference; lastKnownFileType = sourcecode.swift; path = MessageBoardView.swift; sourceTree = "<group>"; };
		DA0D69902B1E894800C71DF5 /* FilesView.swift */ = {isa = PBXFileReference; lastKnownFileType = sourcecode.swift; path = FilesView.swift; sourceTree = "<group>"; };
		DA20BBE02BF5237600B94E7C /* Bookmark.swift */ = {isa = PBXFileReference; lastKnownFileType = sourcecode.swift; path = Bookmark.swift; sourceTree = "<group>"; };
		DA2863D72B37AD1C00A7D050 /* SettingsView.swift */ = {isa = PBXFileReference; lastKnownFileType = sourcecode.swift; path = SettingsView.swift; sourceTree = "<group>"; };
		DA2863D92B37BF6E00A7D050 /* Preferences.swift */ = {isa = PBXFileReference; lastKnownFileType = sourcecode.swift; path = Preferences.swift; sourceTree = "<group>"; };
		DA2863DB2B37DBE000A7D050 /* Hotline.entitlements */ = {isa = PBXFileReference; lastKnownFileType = text.plist.entitlements; path = Hotline.entitlements; sourceTree = "<group>"; };
		DA2863DC2B3E8B7000A7D050 /* FilePreview.swift */ = {isa = PBXFileReference; lastKnownFileType = sourcecode.swift; path = FilePreview.swift; sourceTree = "<group>"; };
		DA2D98112BF29D5F0027E4BD /* NewsItemView.swift */ = {isa = PBXFileReference; lastKnownFileType = sourcecode.swift; path = NewsItemView.swift; sourceTree = "<group>"; };
		DA32CD472B28EE640053B98B /* Info.plist */ = {isa = PBXFileReference; lastKnownFileType = text.plist; path = Info.plist; sourceTree = "<group>"; };
		DA32CD482B2931640053B98B /* User.swift */ = {isa = PBXFileReference; lastKnownFileType = sourcecode.swift; path = User.swift; sourceTree = "<group>"; };
		DA32CD4A2B29318E0053B98B /* FileInfo.swift */ = {isa = PBXFileReference; lastKnownFileType = sourcecode.swift; path = FileInfo.swift; sourceTree = "<group>"; };
		DA32CD4C2B2931B50053B98B /* ChatMessage.swift */ = {isa = PBXFileReference; lastKnownFileType = sourcecode.swift; path = ChatMessage.swift; sourceTree = "<group>"; };
		DA32CD4E2B2931CC0053B98B /* NewsInfo.swift */ = {isa = PBXFileReference; lastKnownFileType = sourcecode.swift; path = NewsInfo.swift; sourceTree = "<group>"; };
		DA43205D2B1D615600FC8843 /* ServerView.swift */ = {isa = PBXFileReference; lastKnownFileType = sourcecode.swift; path = ServerView.swift; sourceTree = "<group>"; };
		DA4930BC2B4F8DD700822D0B /* NetSocket.swift */ = {isa = PBXFileReference; lastKnownFileType = sourcecode.swift; path = NetSocket.swift; sourceTree = "<group>"; };
		DA4F2BF72B16A17200D8ADDC /* HotlineProtocol.swift */ = {isa = PBXFileReference; lastKnownFileType = sourcecode.swift; path = HotlineProtocol.swift; sourceTree = "<group>"; };
		DA4F2C002B1A558E00D8ADDC /* ChatView.swift */ = {isa = PBXFileReference; lastKnownFileType = sourcecode.swift; path = ChatView.swift; sourceTree = "<group>"; };
		DA55AC722BE42AF000034857 /* AsyncLinkPreview.swift */ = {isa = PBXFileReference; lastKnownFileType = sourcecode.swift; path = AsyncLinkPreview.swift; sourceTree = "<group>"; };
		DA55AC742BE4888300034857 /* InstantMessage.swift */ = {isa = PBXFileReference; lastKnownFileType = sourcecode.swift; path = InstantMessage.swift; sourceTree = "<group>"; };
		DA55AC762BE589F700034857 /* AboutView.swift */ = {isa = PBXFileReference; lastKnownFileType = sourcecode.swift; path = AboutView.swift; sourceTree = "<group>"; };
		DA55AC782BE6A1AD00034857 /* RegularExpressions.swift */ = {isa = PBXFileReference; lastKnownFileType = sourcecode.swift; path = RegularExpressions.swift; sourceTree = "<group>"; };
		DA5753672B33E88A00FAC277 /* HotlineFileClient.swift */ = {isa = PBXFileReference; lastKnownFileType = sourcecode.swift; path = HotlineFileClient.swift; sourceTree = "<group>"; };
		DA57536B2B36BA1D00FAC277 /* TextDocument.swift */ = {isa = PBXFileReference; lastKnownFileType = sourcecode.swift; path = TextDocument.swift; sourceTree = "<group>"; };
		DA6300962B24036B0034CBFD /* HotlineClient.swift */ = {isa = PBXFileReference; lastKnownFileType = sourcecode.swift; path = HotlineClient.swift; sourceTree = "<group>"; };
		DA6549992BEC280E00EDB697 /* ServerMessageView.swift */ = {isa = PBXFileReference; lastKnownFileType = sourcecode.swift; path = ServerMessageView.swift; sourceTree = "<group>"; };
		DA65499B2BEC3FBD00EDB697 /* ServerAgreementView.swift */ = {isa = PBXFileReference; lastKnownFileType = sourcecode.swift; path = ServerAgreementView.swift; sourceTree = "<group>"; };
		DA65499D2BEC438A00EDB697 /* NSWindowBridge.swift */ = {isa = PBXFileReference; lastKnownFileType = sourcecode.swift; path = NSWindowBridge.swift; sourceTree = "<group>"; };
		DA6980782BF80525003E434B /* TextView.swift */ = {isa = PBXFileReference; lastKnownFileType = sourcecode.swift; path = TextView.swift; sourceTree = "<group>"; };
		DA69807D2BFD449B003E434B /* MessageBoardEditorView.swift */ = {isa = PBXFileReference; lastKnownFileType = sourcecode.swift; path = MessageBoardEditorView.swift; sourceTree = "<group>"; };
		DA6980822BFFD06C003E434B /* BookmarkDocument.swift */ = {isa = PBXFileReference; lastKnownFileType = sourcecode.swift; path = BookmarkDocument.swift; sourceTree = "<group>"; };
		DA72A0DC2B4CD0BF00A0F48A /* NewsEditorView.swift */ = {isa = PBXFileReference; lastKnownFileType = sourcecode.swift; path = NewsEditorView.swift; sourceTree = "<group>"; };
		DA72A0E12B4DAA4000A0F48A /* NewsArticle.swift */ = {isa = PBXFileReference; lastKnownFileType = sourcecode.swift; path = NewsArticle.swift; sourceTree = "<group>"; };
		DA77253E2B21176D006C5ABB /* NewsView.swift */ = {isa = PBXFileReference; lastKnownFileType = sourcecode.swift; path = NewsView.swift; sourceTree = "<group>"; };
		DA7725402B21435B006C5ABB /* ObservableScrollView.swift */ = {isa = PBXFileReference; lastKnownFileType = sourcecode.swift; path = ObservableScrollView.swift; sourceTree = "<group>"; };
		DA872B122BDDBF78008B1012 /* HotlinePanel.swift */ = {isa = PBXFileReference; fileEncoding = 4; lastKnownFileType = sourcecode.swift; path = HotlinePanel.swift; sourceTree = "<group>"; };
		DA872B142BDDEE1A008B1012 /* VisualEffectView.swift */ = {isa = PBXFileReference; lastKnownFileType = sourcecode.swift; path = VisualEffectView.swift; sourceTree = "<group>"; };
		DA9CAFB72B126D5700CDA197 /* Hotline.app */ = {isa = PBXFileReference; explicitFileType = wrapper.application; includeInIndex = 0; path = Hotline.app; sourceTree = BUILT_PRODUCTS_DIR; };
		DA9CAFBA2B126D5700CDA197 /* Application-macOS.swift */ = {isa = PBXFileReference; lastKnownFileType = sourcecode.swift; path = "Application-macOS.swift"; sourceTree = "<group>"; };
		DA9CAFBC2B126D5700CDA197 /* TrackerView.swift */ = {isa = PBXFileReference; lastKnownFileType = sourcecode.swift; path = TrackerView.swift; sourceTree = "<group>"; };
		DA9CAFC02B126D5800CDA197 /* Assets.xcassets */ = {isa = PBXFileReference; lastKnownFileType = folder.assetcatalog; path = Assets.xcassets; sourceTree = "<group>"; };
		DA9CAFC32B126D5800CDA197 /* Preview Assets.xcassets */ = {isa = PBXFileReference; lastKnownFileType = folder.assetcatalog; path = "Preview Assets.xcassets"; sourceTree = "<group>"; };
		DA9CAFCA2B126E3300CDA197 /* HotlineTrackerClient.swift */ = {isa = PBXFileReference; lastKnownFileType = sourcecode.swift; path = HotlineTrackerClient.swift; sourceTree = "<group>"; };
		DAAEE66A2B3FBC2100A5BA07 /* TransferInfo.swift */ = {isa = PBXFileReference; lastKnownFileType = sourcecode.swift; path = TransferInfo.swift; sourceTree = "<group>"; };
		DAAEE66C2B475F1400A5BA07 /* PreviewFileInfo.swift */ = {isa = PBXFileReference; lastKnownFileType = sourcecode.swift; path = PreviewFileInfo.swift; sourceTree = "<group>"; };
		DAAEE66E2B47625600A5BA07 /* FilePreviewImageView.swift */ = {isa = PBXFileReference; lastKnownFileType = sourcecode.swift; path = FilePreviewImageView.swift; sourceTree = "<group>"; };
		DAB4D87A2B4B78310048A05C /* FileImageView.swift */ = {isa = PBXFileReference; lastKnownFileType = sourcecode.swift; path = FileImageView.swift; sourceTree = "<group>"; };
		DAB4D87D2B4C8BCA0048A05C /* FilePreviewTextView.swift */ = {isa = PBXFileReference; lastKnownFileType = sourcecode.swift; path = FilePreviewTextView.swift; sourceTree = "<group>"; };
		DAB4D87F2B4C8E9A0048A05C /* URLAdditions.swift */ = {isa = PBXFileReference; lastKnownFileType = sourcecode.swift; path = URLAdditions.swift; sourceTree = "<group>"; };
		DAB4D8812B4C8FED0048A05C /* FileIconView.swift */ = {isa = PBXFileReference; lastKnownFileType = sourcecode.swift; path = FileIconView.swift; sourceTree = "<group>"; };
		DAB4D8832B4CABEF0048A05C /* DataAdditions.swift */ = {isa = PBXFileReference; lastKnownFileType = sourcecode.swift; path = DataAdditions.swift; sourceTree = "<group>"; };
		DABE8BF32B55DC0A00884D28 /* transfer-complete.aiff */ = {isa = PBXFileReference; lastKnownFileType = audio.aiff; path = "transfer-complete.aiff"; sourceTree = "<group>"; };
		DABE8BF52B55DC2E00884D28 /* chat-message.aiff */ = {isa = PBXFileReference; lastKnownFileType = audio.aiff; path = "chat-message.aiff"; sourceTree = "<group>"; };
		DABE8BF72B55DC6100884D28 /* logged-in.aiff */ = {isa = PBXFileReference; lastKnownFileType = audio.aiff; path = "logged-in.aiff"; sourceTree = "<group>"; };
		DABE8BF92B55DC6800884D28 /* user-login.aiff */ = {isa = PBXFileReference; lastKnownFileType = audio.aiff; path = "user-login.aiff"; sourceTree = "<group>"; };
		DABE8BFA2B55DC6800884D28 /* user-logout.aiff */ = {isa = PBXFileReference; lastKnownFileType = audio.aiff; path = "user-logout.aiff"; sourceTree = "<group>"; };
		DABE8BFD2B55E69000884D28 /* error.aiff */ = {isa = PBXFileReference; lastKnownFileType = audio.aiff; path = error.aiff; sourceTree = "<group>"; };
		DABE8BFF2B55E69800884D28 /* server-message.aiff */ = {isa = PBXFileReference; lastKnownFileType = audio.aiff; path = "server-message.aiff"; sourceTree = "<group>"; };
		DABE8C012B55E69D00884D28 /* new-news.aiff */ = {isa = PBXFileReference; lastKnownFileType = audio.aiff; path = "new-news.aiff"; sourceTree = "<group>"; };
		DABE8C032B57940A00884D28 /* DAKeychain.swift */ = {isa = PBXFileReference; fileEncoding = 4; lastKnownFileType = sourcecode.swift; path = DAKeychain.swift; sourceTree = "<group>"; };
		DABFCC282B1530DC009F40D2 /* FoundationExtensions.swift */ = {isa = PBXFileReference; lastKnownFileType = sourcecode.swift; path = FoundationExtensions.swift; sourceTree = "<group>"; };
		DAC002182B21630900A6C290 /* SwiftUIExtensions.swift */ = {isa = PBXFileReference; lastKnownFileType = sourcecode.swift; path = SwiftUIExtensions.swift; sourceTree = "<group>"; };
		DAC3D97D2BC0F1ED00A727C9 /* Application-iOS.swift */ = {isa = PBXFileReference; lastKnownFileType = sourcecode.swift; name = "Application-iOS.swift"; path = "Sounds/Application-iOS.swift"; sourceTree = "<group>"; };
		DAC3D9822BC33FD000A727C9 /* ApplicationState.swift */ = {isa = PBXFileReference; lastKnownFileType = sourcecode.swift; path = ApplicationState.swift; sourceTree = "<group>"; };
		DADDB28A2B22B31F0024040D /* Tracker.swift */ = {isa = PBXFileReference; lastKnownFileType = sourcecode.swift; path = Tracker.swift; sourceTree = "<group>"; };
		DADDB28C2B22B5920024040D /* Server.swift */ = {isa = PBXFileReference; lastKnownFileType = sourcecode.swift; path = Server.swift; sourceTree = "<group>"; };
		DADDB28E2B238D850024040D /* Hotline.swift */ = {isa = PBXFileReference; lastKnownFileType = sourcecode.swift; path = Hotline.swift; sourceTree = "<group>"; };
		DAE136B92B9D1147007D8307 /* HotlinePanelView.swift */ = {isa = PBXFileReference; lastKnownFileType = sourcecode.swift; path = HotlinePanelView.swift; sourceTree = "<group>"; };
		DAE734F82B2E4185000C56F6 /* ServerView.swift */ = {isa = PBXFileReference; lastKnownFileType = sourcecode.swift; path = ServerView.swift; sourceTree = "<group>"; };
		DAE734FA2B2E41F9000C56F6 /* TrackerView.swift */ = {isa = PBXFileReference; lastKnownFileType = sourcecode.swift; path = TrackerView.swift; sourceTree = "<group>"; };
		DAE734FC2B2E65E9000C56F6 /* MessageBoardView.swift */ = {isa = PBXFileReference; lastKnownFileType = sourcecode.swift; path = MessageBoardView.swift; sourceTree = "<group>"; };
		DAE734FE2B2E6750000C56F6 /* ChatView.swift */ = {isa = PBXFileReference; lastKnownFileType = sourcecode.swift; path = ChatView.swift; sourceTree = "<group>"; };
		DAE735002B2E71F2000C56F6 /* FilesView.swift */ = {isa = PBXFileReference; lastKnownFileType = sourcecode.swift; path = FilesView.swift; sourceTree = "<group>"; };
		DAE735022B30C0BB000C56F6 /* MessageView.swift */ = {isa = PBXFileReference; lastKnownFileType = sourcecode.swift; path = MessageView.swift; sourceTree = "<group>"; };
		DAE735042B3218D8000C56F6 /* NewsView.swift */ = {isa = PBXFileReference; lastKnownFileType = sourcecode.swift; path = NewsView.swift; sourceTree = "<group>"; };
		DAE735062B3251B3000C56F6 /* SoundEffects.swift */ = {isa = PBXFileReference; lastKnownFileType = sourcecode.swift; path = SoundEffects.swift; sourceTree = "<group>"; };
/* End PBXFileReference section */

/* Begin PBXFrameworksBuildPhase section */
		DA9CAFB42B126D5700CDA197 /* Frameworks */ = {
			isa = PBXFrameworksBuildPhase;
			buildActionMask = 2147483647;
			files = (
				DA72A0E02B4DA8CA00A0F48A /* SplitView in Frameworks */,
				DAB4D8872B4CB3610048A05C /* MarkdownUI in Frameworks */,
			);
			runOnlyForDeploymentPostprocessing = 0;
		};
/* End PBXFrameworksBuildPhase section */

/* Begin PBXGroup section */
		DA4F2BF92B1A516F00D8ADDC /* iOS */ = {
			isa = PBXGroup;
			children = (
				DA9CAFBC2B126D5700CDA197 /* TrackerView.swift */,
				DA43205D2B1D615600FC8843 /* ServerView.swift */,
				DA4F2C002B1A558E00D8ADDC /* ChatView.swift */,
				DA0D698C2B1E7CF700C71DF5 /* UsersView.swift */,
				DA77253E2B21176D006C5ABB /* NewsView.swift */,
				DA0D698E2B1E841600C71DF5 /* MessageBoardView.swift */,
				DA0D69902B1E894800C71DF5 /* FilesView.swift */,
			);
			path = iOS;
			sourceTree = "<group>";
		};
		DA9CAFAE2B126D5700CDA197 = {
			isa = PBXGroup;
			children = (
				DA9CAFB92B126D5700CDA197 /* Hotline */,
				DA9CAFB82B126D5700CDA197 /* Products */,
			);
			sourceTree = "<group>";
		};
		DA9CAFB82B126D5700CDA197 /* Products */ = {
			isa = PBXGroup;
			children = (
				DA9CAFB72B126D5700CDA197 /* Hotline.app */,
			);
			name = Products;
			sourceTree = "<group>";
		};
		DA9CAFB92B126D5700CDA197 /* Hotline */ = {
			isa = PBXGroup;
			children = (
				DA9CAFBA2B126D5700CDA197 /* Application-macOS.swift */,
				DAC3D97D2BC0F1ED00A727C9 /* Application-iOS.swift */,
				DABE8BF22B55DBFC00884D28 /* Sounds */,
				DA4F2BF92B1A516F00D8ADDC /* iOS */,
				DAE734F72B2E4126000C56F6 /* macOS */,
				DADDB2892B22B2C60024040D /* Models */,
				DABFCC262B1530AE009F40D2 /* Hotline */,
				DAB4D87C2B4B783A0048A05C /* Shared */,
				DABFCC272B1530BE009F40D2 /* Utility */,
				DA9CAFC02B126D5800CDA197 /* Assets.xcassets */,
				DA32CD472B28EE640053B98B /* Info.plist */,
				DA2863DB2B37DBE000A7D050 /* Hotline.entitlements */,
				DA9CAFC22B126D5800CDA197 /* Preview Content */,
			);
			path = Hotline;
			sourceTree = "<group>";
		};
		DA9CAFC22B126D5800CDA197 /* Preview Content */ = {
			isa = PBXGroup;
			children = (
				DA9CAFC32B126D5800CDA197 /* Preview Assets.xcassets */,
			);
			path = "Preview Content";
			sourceTree = "<group>";
		};
		DAB4D87C2B4B783A0048A05C /* Shared */ = {
			isa = PBXGroup;
			children = (
				DAB4D87A2B4B78310048A05C /* FileImageView.swift */,
				DAB4D8812B4C8FED0048A05C /* FileIconView.swift */,
				DAB4D8832B4CABEF0048A05C /* DataAdditions.swift */,
				DAB4D87F2B4C8E9A0048A05C /* URLAdditions.swift */,
				DA4930BC2B4F8DD700822D0B /* NetSocket.swift */,
				DA872B122BDDBF78008B1012 /* HotlinePanel.swift */,
				DA872B142BDDEE1A008B1012 /* VisualEffectView.swift */,
				DA55AC722BE42AF000034857 /* AsyncLinkPreview.swift */,
				DA6980782BF80525003E434B /* TextView.swift */,
			);
			path = Shared;
			sourceTree = "<group>";
		};
		DABE8BF22B55DBFC00884D28 /* Sounds */ = {
			isa = PBXGroup;
			children = (
				DABE8BF72B55DC6100884D28 /* logged-in.aiff */,
				DABE8BF52B55DC2E00884D28 /* chat-message.aiff */,
				DABE8BF32B55DC0A00884D28 /* transfer-complete.aiff */,
				DABE8BF92B55DC6800884D28 /* user-login.aiff */,
				DABE8BFA2B55DC6800884D28 /* user-logout.aiff */,
				DABE8BFD2B55E69000884D28 /* error.aiff */,
				DABE8C012B55E69D00884D28 /* new-news.aiff */,
				DABE8BFF2B55E69800884D28 /* server-message.aiff */,
			);
			path = Sounds;
			sourceTree = "<group>";
		};
		DABFCC262B1530AE009F40D2 /* Hotline */ = {
			isa = PBXGroup;
			children = (
				DA6300962B24036B0034CBFD /* HotlineClient.swift */,
				DA9CAFCA2B126E3300CDA197 /* HotlineTrackerClient.swift */,
				DA5753672B33E88A00FAC277 /* HotlineFileClient.swift */,
				DA4F2BF72B16A17200D8ADDC /* HotlineProtocol.swift */,
			);
			path = Hotline;
			sourceTree = "<group>";
		};
		DABFCC272B1530BE009F40D2 /* Utility */ = {
			isa = PBXGroup;
			children = (
				DABFCC282B1530DC009F40D2 /* FoundationExtensions.swift */,
				DAC002182B21630900A6C290 /* SwiftUIExtensions.swift */,
				DA7725402B21435B006C5ABB /* ObservableScrollView.swift */,
				DAE735062B3251B3000C56F6 /* SoundEffects.swift */,
				DA57536B2B36BA1D00FAC277 /* TextDocument.swift */,
				DABE8C032B57940A00884D28 /* DAKeychain.swift */,
				DA55AC782BE6A1AD00034857 /* RegularExpressions.swift */,
				DA65499D2BEC438A00EDB697 /* NSWindowBridge.swift */,
				DA6980822BFFD06C003E434B /* BookmarkDocument.swift */,
			);
			path = Utility;
			sourceTree = "<group>";
		};
		DADDB2892B22B2C60024040D /* Models */ = {
			isa = PBXGroup;
			children = (
				DADDB28E2B238D850024040D /* Hotline.swift */,
				DADDB28A2B22B31F0024040D /* Tracker.swift */,
				DAC3D9822BC33FD000A727C9 /* ApplicationState.swift */,
				DA2863D92B37BF6E00A7D050 /* Preferences.swift */,
				DADDB28C2B22B5920024040D /* Server.swift */,
				DA32CD482B2931640053B98B /* User.swift */,
				11A726072BE0672A000C1DA7 /* FileDetails.swift */,
				DA32CD4A2B29318E0053B98B /* FileInfo.swift */,
				DAAEE66A2B3FBC2100A5BA07 /* TransferInfo.swift */,
				DA2863DC2B3E8B7000A7D050 /* FilePreview.swift */,
				DA32CD4C2B2931B50053B98B /* ChatMessage.swift */,
				DA55AC742BE4888300034857 /* InstantMessage.swift */,
				DA32CD4E2B2931CC0053B98B /* NewsInfo.swift */,
				DA72A0E12B4DAA4000A0F48A /* NewsArticle.swift */,
				DAAEE66C2B475F1400A5BA07 /* PreviewFileInfo.swift */,
				DA20BBE02BF5237600B94E7C /* Bookmark.swift */,
			);
			path = Models;
			sourceTree = "<group>";
		};
		DAE734F72B2E4126000C56F6 /* macOS */ = {
			isa = PBXGroup;
			children = (
				DAE734FA2B2E41F9000C56F6 /* TrackerView.swift */,
				DAE734F82B2E4185000C56F6 /* ServerView.swift */,
				DAE734FE2B2E6750000C56F6 /* ChatView.swift */,
				DAE735042B3218D8000C56F6 /* NewsView.swift */,
				DA2D98112BF29D5F0027E4BD /* NewsItemView.swift */,
				DA72A0DC2B4CD0BF00A0F48A /* NewsEditorView.swift */,
				DAE735022B30C0BB000C56F6 /* MessageView.swift */,
				DAE734FC2B2E65E9000C56F6 /* MessageBoardView.swift */,
				DA69807D2BFD449B003E434B /* MessageBoardEditorView.swift */,
				DAE735002B2E71F2000C56F6 /* FilesView.swift */,
				DAAEE66E2B47625600A5BA07 /* FilePreviewImageView.swift */,
				DAB4D87D2B4C8BCA0048A05C /* FilePreviewTextView.swift */,
				11A726092BE06759000C1DA7 /* FileDetailsView.swift */,
				DA2863D72B37AD1C00A7D050 /* SettingsView.swift */,
				DAE136B92B9D1147007D8307 /* HotlinePanelView.swift */,
				DA55AC762BE589F700034857 /* AboutView.swift */,
				DA65499B2BEC3FBD00EDB697 /* ServerAgreementView.swift */,
				DA6549992BEC280E00EDB697 /* ServerMessageView.swift */,
			);
			path = macOS;
			sourceTree = "<group>";
		};
/* End PBXGroup section */

/* Begin PBXNativeTarget section */
		DA9CAFB62B126D5700CDA197 /* Hotline */ = {
			isa = PBXNativeTarget;
			buildConfigurationList = DA9CAFC72B126D5800CDA197 /* Build configuration list for PBXNativeTarget "Hotline" */;
			buildPhases = (
				DA9CAFB32B126D5700CDA197 /* Sources */,
				DA9CAFB42B126D5700CDA197 /* Frameworks */,
				DA9CAFB52B126D5700CDA197 /* Resources */,
			);
			buildRules = (
			);
			dependencies = (
			);
			name = Hotline;
			packageProductDependencies = (
				DAB4D8862B4CB3610048A05C /* MarkdownUI */,
				DA72A0DF2B4DA8CA00A0F48A /* SplitView */,
			);
			productName = Hotline;
			productReference = DA9CAFB72B126D5700CDA197 /* Hotline.app */;
			productType = "com.apple.product-type.application";
		};
/* End PBXNativeTarget section */

/* Begin PBXProject section */
		DA9CAFAF2B126D5700CDA197 /* Project object */ = {
			isa = PBXProject;
			attributes = {
				BuildIndependentTargetsInParallel = 1;
				LastSwiftUpdateCheck = 1500;
				LastUpgradeCheck = 1500;
				TargetAttributes = {
					DA9CAFB62B126D5700CDA197 = {
						CreatedOnToolsVersion = 15.0.1;
					};
				};
			};
			buildConfigurationList = DA9CAFB22B126D5700CDA197 /* Build configuration list for PBXProject "Hotline" */;
			compatibilityVersion = "Xcode 14.0";
			developmentRegion = en;
			hasScannedForEncodings = 0;
			knownRegions = (
				en,
				Base,
			);
			mainGroup = DA9CAFAE2B126D5700CDA197;
			packageReferences = (
				DAB4D8852B4CB3610048A05C /* XCRemoteSwiftPackageReference "swift-markdown-ui" */,
				DA72A0DE2B4DA8CA00A0F48A /* XCRemoteSwiftPackageReference "SplitView" */,
			);
			productRefGroup = DA9CAFB82B126D5700CDA197 /* Products */;
			projectDirPath = "";
			projectRoot = "";
			targets = (
				DA9CAFB62B126D5700CDA197 /* Hotline */,
			);
		};
/* End PBXProject section */

/* Begin PBXResourcesBuildPhase section */
		DA9CAFB52B126D5700CDA197 /* Resources */ = {
			isa = PBXResourcesBuildPhase;
			buildActionMask = 2147483647;
			files = (
				DABE8BFE2B55E69000884D28 /* error.aiff in Resources */,
				DABE8BF42B55DC0A00884D28 /* transfer-complete.aiff in Resources */,
				DABE8C002B55E69800884D28 /* server-message.aiff in Resources */,
				DABE8C022B55E69D00884D28 /* new-news.aiff in Resources */,
				DABE8BFC2B55DC6800884D28 /* user-logout.aiff in Resources */,
				DABE8BF62B55DC2E00884D28 /* chat-message.aiff in Resources */,
				DABE8BFB2B55DC6800884D28 /* user-login.aiff in Resources */,
				DA9CAFC42B126D5800CDA197 /* Preview Assets.xcassets in Resources */,
				DABE8BF82B55DC6100884D28 /* logged-in.aiff in Resources */,
				DA9CAFC12B126D5800CDA197 /* Assets.xcassets in Resources */,
			);
			runOnlyForDeploymentPostprocessing = 0;
		};
/* End PBXResourcesBuildPhase section */

/* Begin PBXSourcesBuildPhase section */
		DA9CAFB32B126D5700CDA197 /* Sources */ = {
			isa = PBXSourcesBuildPhase;
			buildActionMask = 2147483647;
			files = (
				DA32CD4D2B2931B50053B98B /* ChatMessage.swift in Sources */,
				DA6300972B24036B0034CBFD /* HotlineClient.swift in Sources */,
				DA43205E2B1D615600FC8843 /* ServerView.swift in Sources */,
				DA0D69912B1E894800C71DF5 /* FilesView.swift in Sources */,
				DAC3D9832BC33FD000A727C9 /* ApplicationState.swift in Sources */,
				DA65499C2BEC3FBD00EDB697 /* ServerAgreementView.swift in Sources */,
				DAB4D8802B4C8E9A0048A05C /* URLAdditions.swift in Sources */,
				DA2863DD2B3E8B7000A7D050 /* FilePreview.swift in Sources */,
				DA2863D82B37AD1C00A7D050 /* SettingsView.swift in Sources */,
				DAC3D97E2BC0F1ED00A727C9 /* Application-iOS.swift in Sources */,
				DA7725412B21435B006C5ABB /* ObservableScrollView.swift in Sources */,
				DAE734FF2B2E6750000C56F6 /* ChatView.swift in Sources */,
				DA4930BD2B4F8DD700822D0B /* NetSocket.swift in Sources */,
				DAC002192B21630900A6C290 /* SwiftUIExtensions.swift in Sources */,
				DADDB28F2B238D850024040D /* Hotline.swift in Sources */,
				DADDB28D2B22B5920024040D /* Server.swift in Sources */,
				DABE8C042B57940B00884D28 /* DAKeychain.swift in Sources */,
				DA55AC772BE589F700034857 /* AboutView.swift in Sources */,
				DA72A0E22B4DAA4000A0F48A /* NewsArticle.swift in Sources */,
				DAE734FB2B2E41F9000C56F6 /* TrackerView.swift in Sources */,
				DAE136BA2B9D1147007D8307 /* HotlinePanelView.swift in Sources */,
				11A726082BE0672A000C1DA7 /* FileDetails.swift in Sources */,
				DA9CAFBD2B126D5700CDA197 /* TrackerView.swift in Sources */,
				DAB4D87B2B4B78310048A05C /* FileImageView.swift in Sources */,
				DA6980792BF80525003E434B /* TextView.swift in Sources */,
				DA55AC732BE42AF000034857 /* AsyncLinkPreview.swift in Sources */,
				DA65499E2BEC438A00EDB697 /* NSWindowBridge.swift in Sources */,
				DAE735032B30C0BB000C56F6 /* MessageView.swift in Sources */,
				DA32CD4B2B29318E0053B98B /* FileInfo.swift in Sources */,
				DA20BBE12BF5237600B94E7C /* Bookmark.swift in Sources */,
				DA9CAFCB2B126E3300CDA197 /* HotlineTrackerClient.swift in Sources */,
				DA2863DA2B37BF6E00A7D050 /* Preferences.swift in Sources */,
				DA32CD4F2B2931CC0053B98B /* NewsInfo.swift in Sources */,
				DA9CAFBB2B126D5700CDA197 /* Application-macOS.swift in Sources */,
				DAAEE66B2B3FBC2100A5BA07 /* TransferInfo.swift in Sources */,
				DA0D698F2B1E841600C71DF5 /* MessageBoardView.swift in Sources */,
				DAE735072B3251B3000C56F6 /* SoundEffects.swift in Sources */,
				DA55AC752BE4888300034857 /* InstantMessage.swift in Sources */,
				DA69807E2BFD449B003E434B /* MessageBoardEditorView.swift in Sources */,
				DAE735012B2E71F2000C56F6 /* FilesView.swift in Sources */,
				DA55AC792BE6A1AD00034857 /* RegularExpressions.swift in Sources */,
				11A7260A2BE0675A000C1DA7 /* FileDetailsView.swift in Sources */,
				DA72A0DD2B4CD0BF00A0F48A /* NewsEditorView.swift in Sources */,
				DABFCC292B1530DC009F40D2 /* FoundationExtensions.swift in Sources */,
				DA57536C2B36BA1D00FAC277 /* TextDocument.swift in Sources */,
				DA77253F2B21176D006C5ABB /* NewsView.swift in Sources */,
				DA872B132BDDBF78008B1012 /* HotlinePanel.swift in Sources */,
				DA4F2BF82B16A17200D8ADDC /* HotlineProtocol.swift in Sources */,
				DA5753682B33E88A00FAC277 /* HotlineFileClient.swift in Sources */,
				DAB4D8822B4C8FED0048A05C /* FileIconView.swift in Sources */,
				DA65499A2BEC280E00EDB697 /* ServerMessageView.swift in Sources */,
				DAAEE66F2B47625600A5BA07 /* FilePreviewImageView.swift in Sources */,
				DA872B152BDDEE1A008B1012 /* VisualEffectView.swift in Sources */,
				DAAEE66D2B475F1400A5BA07 /* PreviewFileInfo.swift in Sources */,
				DAB4D8842B4CABEF0048A05C /* DataAdditions.swift in Sources */,
				DA0D698D2B1E7CF700C71DF5 /* UsersView.swift in Sources */,
				DAE735052B3218D8000C56F6 /* NewsView.swift in Sources */,
				DAE734F92B2E4185000C56F6 /* ServerView.swift in Sources */,
				DA2D98122BF29D5F0027E4BD /* NewsItemView.swift in Sources */,
				DADDB28B2B22B31F0024040D /* Tracker.swift in Sources */,
				DAE734FD2B2E65E9000C56F6 /* MessageBoardView.swift in Sources */,
				DA6980832BFFD06C003E434B /* BookmarkDocument.swift in Sources */,
				DAB4D87E2B4C8BCA0048A05C /* FilePreviewTextView.swift in Sources */,
				DA4F2C012B1A558E00D8ADDC /* ChatView.swift in Sources */,
				DA32CD492B2931640053B98B /* User.swift in Sources */,
			);
			runOnlyForDeploymentPostprocessing = 0;
		};
/* End PBXSourcesBuildPhase section */

/* Begin XCBuildConfiguration section */
		DA9CAFC52B126D5800CDA197 /* Debug */ = {
			isa = XCBuildConfiguration;
			buildSettings = {
				ALWAYS_SEARCH_USER_PATHS = NO;
				ASSETCATALOG_COMPILER_GENERATE_SWIFT_ASSET_SYMBOL_EXTENSIONS = YES;
				CLANG_ANALYZER_NONNULL = YES;
				CLANG_ANALYZER_NUMBER_OBJECT_CONVERSION = YES_AGGRESSIVE;
				CLANG_CXX_LANGUAGE_STANDARD = "gnu++20";
				CLANG_ENABLE_MODULES = YES;
				CLANG_ENABLE_OBJC_ARC = YES;
				CLANG_ENABLE_OBJC_WEAK = YES;
				CLANG_WARN_BLOCK_CAPTURE_AUTORELEASING = YES;
				CLANG_WARN_BOOL_CONVERSION = YES;
				CLANG_WARN_COMMA = YES;
				CLANG_WARN_CONSTANT_CONVERSION = YES;
				CLANG_WARN_DEPRECATED_OBJC_IMPLEMENTATIONS = YES;
				CLANG_WARN_DIRECT_OBJC_ISA_USAGE = YES_ERROR;
				CLANG_WARN_DOCUMENTATION_COMMENTS = YES;
				CLANG_WARN_EMPTY_BODY = YES;
				CLANG_WARN_ENUM_CONVERSION = YES;
				CLANG_WARN_INFINITE_RECURSION = YES;
				CLANG_WARN_INT_CONVERSION = YES;
				CLANG_WARN_NON_LITERAL_NULL_CONVERSION = YES;
				CLANG_WARN_OBJC_IMPLICIT_RETAIN_SELF = YES;
				CLANG_WARN_OBJC_LITERAL_CONVERSION = YES;
				CLANG_WARN_OBJC_ROOT_CLASS = YES_ERROR;
				CLANG_WARN_QUOTED_INCLUDE_IN_FRAMEWORK_HEADER = YES;
				CLANG_WARN_RANGE_LOOP_ANALYSIS = YES;
				CLANG_WARN_STRICT_PROTOTYPES = YES;
				CLANG_WARN_SUSPICIOUS_MOVE = YES;
				CLANG_WARN_UNGUARDED_AVAILABILITY = YES_AGGRESSIVE;
				CLANG_WARN_UNREACHABLE_CODE = YES;
				CLANG_WARN__DUPLICATE_METHOD_MATCH = YES;
				COPY_PHASE_STRIP = NO;
				DEBUG_INFORMATION_FORMAT = dwarf;
				ENABLE_STRICT_OBJC_MSGSEND = YES;
				ENABLE_TESTABILITY = YES;
				ENABLE_USER_SCRIPT_SANDBOXING = YES;
				GCC_C_LANGUAGE_STANDARD = gnu17;
				GCC_DYNAMIC_NO_PIC = NO;
				GCC_NO_COMMON_BLOCKS = YES;
				GCC_OPTIMIZATION_LEVEL = 0;
				GCC_PREPROCESSOR_DEFINITIONS = (
					"DEBUG=1",
					"$(inherited)",
				);
				GCC_WARN_64_TO_32_BIT_CONVERSION = YES;
				GCC_WARN_ABOUT_RETURN_TYPE = YES_ERROR;
				GCC_WARN_UNDECLARED_SELECTOR = YES;
				GCC_WARN_UNINITIALIZED_AUTOS = YES_AGGRESSIVE;
				GCC_WARN_UNUSED_FUNCTION = YES;
				GCC_WARN_UNUSED_VARIABLE = YES;
				IPHONEOS_DEPLOYMENT_TARGET = 17.0;
				LOCALIZATION_PREFERS_STRING_CATALOGS = YES;
				MTL_ENABLE_DEBUG_INFO = INCLUDE_SOURCE;
				MTL_FAST_MATH = YES;
				ONLY_ACTIVE_ARCH = YES;
				SDKROOT = iphoneos;
				SWIFT_ACTIVE_COMPILATION_CONDITIONS = "DEBUG $(inherited)";
				SWIFT_OPTIMIZATION_LEVEL = "-Onone";
			};
			name = Debug;
		};
		DA9CAFC62B126D5800CDA197 /* Release */ = {
			isa = XCBuildConfiguration;
			buildSettings = {
				ALWAYS_SEARCH_USER_PATHS = NO;
				ASSETCATALOG_COMPILER_GENERATE_SWIFT_ASSET_SYMBOL_EXTENSIONS = YES;
				CLANG_ANALYZER_NONNULL = YES;
				CLANG_ANALYZER_NUMBER_OBJECT_CONVERSION = YES_AGGRESSIVE;
				CLANG_CXX_LANGUAGE_STANDARD = "gnu++20";
				CLANG_ENABLE_MODULES = YES;
				CLANG_ENABLE_OBJC_ARC = YES;
				CLANG_ENABLE_OBJC_WEAK = YES;
				CLANG_WARN_BLOCK_CAPTURE_AUTORELEASING = YES;
				CLANG_WARN_BOOL_CONVERSION = YES;
				CLANG_WARN_COMMA = YES;
				CLANG_WARN_CONSTANT_CONVERSION = YES;
				CLANG_WARN_DEPRECATED_OBJC_IMPLEMENTATIONS = YES;
				CLANG_WARN_DIRECT_OBJC_ISA_USAGE = YES_ERROR;
				CLANG_WARN_DOCUMENTATION_COMMENTS = YES;
				CLANG_WARN_EMPTY_BODY = YES;
				CLANG_WARN_ENUM_CONVERSION = YES;
				CLANG_WARN_INFINITE_RECURSION = YES;
				CLANG_WARN_INT_CONVERSION = YES;
				CLANG_WARN_NON_LITERAL_NULL_CONVERSION = YES;
				CLANG_WARN_OBJC_IMPLICIT_RETAIN_SELF = YES;
				CLANG_WARN_OBJC_LITERAL_CONVERSION = YES;
				CLANG_WARN_OBJC_ROOT_CLASS = YES_ERROR;
				CLANG_WARN_QUOTED_INCLUDE_IN_FRAMEWORK_HEADER = YES;
				CLANG_WARN_RANGE_LOOP_ANALYSIS = YES;
				CLANG_WARN_STRICT_PROTOTYPES = YES;
				CLANG_WARN_SUSPICIOUS_MOVE = YES;
				CLANG_WARN_UNGUARDED_AVAILABILITY = YES_AGGRESSIVE;
				CLANG_WARN_UNREACHABLE_CODE = YES;
				CLANG_WARN__DUPLICATE_METHOD_MATCH = YES;
				COPY_PHASE_STRIP = NO;
				DEBUG_INFORMATION_FORMAT = "dwarf-with-dsym";
				ENABLE_NS_ASSERTIONS = NO;
				ENABLE_STRICT_OBJC_MSGSEND = YES;
				ENABLE_USER_SCRIPT_SANDBOXING = YES;
				GCC_C_LANGUAGE_STANDARD = gnu17;
				GCC_NO_COMMON_BLOCKS = YES;
				GCC_WARN_64_TO_32_BIT_CONVERSION = YES;
				GCC_WARN_ABOUT_RETURN_TYPE = YES_ERROR;
				GCC_WARN_UNDECLARED_SELECTOR = YES;
				GCC_WARN_UNINITIALIZED_AUTOS = YES_AGGRESSIVE;
				GCC_WARN_UNUSED_FUNCTION = YES;
				GCC_WARN_UNUSED_VARIABLE = YES;
				IPHONEOS_DEPLOYMENT_TARGET = 17.0;
				LOCALIZATION_PREFERS_STRING_CATALOGS = YES;
				MTL_ENABLE_DEBUG_INFO = NO;
				MTL_FAST_MATH = YES;
				SDKROOT = iphoneos;
				SWIFT_COMPILATION_MODE = wholemodule;
				VALIDATE_PRODUCT = YES;
			};
			name = Release;
		};
		DA9CAFC82B126D5800CDA197 /* Debug */ = {
			isa = XCBuildConfiguration;
			buildSettings = {
				ASSETCATALOG_COMPILER_APPICON_NAME = AppIcon;
				ASSETCATALOG_COMPILER_GLOBAL_ACCENT_COLOR_NAME = AccentColor;
				CODE_SIGN_ENTITLEMENTS = Hotline/Hotline.entitlements;
				"CODE_SIGN_IDENTITY[sdk=macosx*]" = "Apple Development";
				CODE_SIGN_STYLE = Automatic;
				CURRENT_PROJECT_VERSION = 19;
				DEVELOPMENT_ASSET_PATHS = "\"Hotline/Preview Content\"";
				DEVELOPMENT_TEAM = 5AEEV7QB2U;
				"ENABLE_HARDENED_RUNTIME[sdk=macosx*]" = YES;
				ENABLE_PREVIEWS = YES;
				GENERATE_INFOPLIST_FILE = YES;
				INFOPLIST_FILE = Hotline/Info.plist;
				INFOPLIST_KEY_CFBundleDisplayName = Hotline;
				INFOPLIST_KEY_LSApplicationCategoryType = "public.app-category.social-networking";
				INFOPLIST_KEY_UIApplicationSceneManifest_Generation = YES;
				INFOPLIST_KEY_UIApplicationSupportsIndirectInputEvents = YES;
				INFOPLIST_KEY_UILaunchScreen_Generation = YES;
				INFOPLIST_KEY_UISupportedInterfaceOrientations_iPad = "UIInterfaceOrientationPortrait UIInterfaceOrientationPortraitUpsideDown UIInterfaceOrientationLandscapeLeft UIInterfaceOrientationLandscapeRight";
				INFOPLIST_KEY_UISupportedInterfaceOrientations_iPhone = "UIInterfaceOrientationPortrait UIInterfaceOrientationLandscapeLeft UIInterfaceOrientationLandscapeRight";
				IPHONEOS_DEPLOYMENT_TARGET = 17.2;
				LD_RUNPATH_SEARCH_PATHS = (
					"$(inherited)",
					"@executable_path/Frameworks",
				);
				MACOSX_DEPLOYMENT_TARGET = 14.3;
				MARKETING_VERSION = 1.0;
				PRODUCT_BUNDLE_IDENTIFIER = co.goodmake.hotline;
				PRODUCT_NAME = "$(TARGET_NAME)";
				SUPPORTED_PLATFORMS = "iphoneos iphonesimulator macosx";
				SUPPORTS_MACCATALYST = NO;
				SUPPORTS_MAC_DESIGNED_FOR_IPHONE_IPAD = NO;
				SWIFT_EMIT_LOC_STRINGS = YES;
				SWIFT_VERSION = 5.0;
				TARGETED_DEVICE_FAMILY = "1,2";
			};
			name = Debug;
		};
		DA9CAFC92B126D5800CDA197 /* Release */ = {
			isa = XCBuildConfiguration;
			buildSettings = {
				ASSETCATALOG_COMPILER_APPICON_NAME = AppIcon;
				ASSETCATALOG_COMPILER_GLOBAL_ACCENT_COLOR_NAME = AccentColor;
				CODE_SIGN_ENTITLEMENTS = Hotline/Hotline.entitlements;
				"CODE_SIGN_IDENTITY[sdk=macosx*]" = "Apple Development";
				CODE_SIGN_STYLE = Automatic;
				CURRENT_PROJECT_VERSION = 19;
				DEVELOPMENT_ASSET_PATHS = "\"Hotline/Preview Content\"";
				DEVELOPMENT_TEAM = 5AEEV7QB2U;
				"ENABLE_HARDENED_RUNTIME[sdk=macosx*]" = YES;
				ENABLE_PREVIEWS = YES;
				GENERATE_INFOPLIST_FILE = YES;
				INFOPLIST_FILE = Hotline/Info.plist;
				INFOPLIST_KEY_CFBundleDisplayName = Hotline;
				INFOPLIST_KEY_LSApplicationCategoryType = "public.app-category.social-networking";
				INFOPLIST_KEY_UIApplicationSceneManifest_Generation = YES;
				INFOPLIST_KEY_UIApplicationSupportsIndirectInputEvents = YES;
				INFOPLIST_KEY_UILaunchScreen_Generation = YES;
				INFOPLIST_KEY_UISupportedInterfaceOrientations_iPad = "UIInterfaceOrientationPortrait UIInterfaceOrientationPortraitUpsideDown UIInterfaceOrientationLandscapeLeft UIInterfaceOrientationLandscapeRight";
				INFOPLIST_KEY_UISupportedInterfaceOrientations_iPhone = "UIInterfaceOrientationPortrait UIInterfaceOrientationLandscapeLeft UIInterfaceOrientationLandscapeRight";
				IPHONEOS_DEPLOYMENT_TARGET = 17.2;
				LD_RUNPATH_SEARCH_PATHS = (
					"$(inherited)",
					"@executable_path/Frameworks",
				);
				MACOSX_DEPLOYMENT_TARGET = 14.3;
				MARKETING_VERSION = 1.0;
				PRODUCT_BUNDLE_IDENTIFIER = co.goodmake.hotline;
				PRODUCT_NAME = "$(TARGET_NAME)";
				SUPPORTED_PLATFORMS = "iphoneos iphonesimulator macosx";
				SUPPORTS_MACCATALYST = NO;
				SUPPORTS_MAC_DESIGNED_FOR_IPHONE_IPAD = NO;
				SWIFT_EMIT_LOC_STRINGS = YES;
				SWIFT_VERSION = 5.0;
				TARGETED_DEVICE_FAMILY = "1,2";
			};
			name = Release;
		};
/* End XCBuildConfiguration section */

/* Begin XCConfigurationList section */
		DA9CAFB22B126D5700CDA197 /* Build configuration list for PBXProject "Hotline" */ = {
			isa = XCConfigurationList;
			buildConfigurations = (
				DA9CAFC52B126D5800CDA197 /* Debug */,
				DA9CAFC62B126D5800CDA197 /* Release */,
			);
			defaultConfigurationIsVisible = 0;
			defaultConfigurationName = Release;
		};
		DA9CAFC72B126D5800CDA197 /* Build configuration list for PBXNativeTarget "Hotline" */ = {
			isa = XCConfigurationList;
			buildConfigurations = (
				DA9CAFC82B126D5800CDA197 /* Debug */,
				DA9CAFC92B126D5800CDA197 /* Release */,
			);
			defaultConfigurationIsVisible = 0;
			defaultConfigurationName = Release;
		};
/* End XCConfigurationList section */

/* Begin XCRemoteSwiftPackageReference section */
		DA72A0DE2B4DA8CA00A0F48A /* XCRemoteSwiftPackageReference "SplitView" */ = {
			isa = XCRemoteSwiftPackageReference;
			repositoryURL = "https://github.com/stevengharris/SplitView";
			requirement = {
				kind = upToNextMajorVersion;
				minimumVersion = 3.5.0;
			};
		};
		DAB4D8852B4CB3610048A05C /* XCRemoteSwiftPackageReference "swift-markdown-ui" */ = {
			isa = XCRemoteSwiftPackageReference;
			repositoryURL = "https://github.com/gonzalezreal/swift-markdown-ui";
			requirement = {
				kind = upToNextMajorVersion;
				minimumVersion = 2.3.0;
			};
		};
/* End XCRemoteSwiftPackageReference section */

/* Begin XCSwiftPackageProductDependency section */
		DA72A0DF2B4DA8CA00A0F48A /* SplitView */ = {
			isa = XCSwiftPackageProductDependency;
			package = DA72A0DE2B4DA8CA00A0F48A /* XCRemoteSwiftPackageReference "SplitView" */;
			productName = SplitView;
		};
		DAB4D8862B4CB3610048A05C /* MarkdownUI */ = {
			isa = XCSwiftPackageProductDependency;
			package = DAB4D8852B4CB3610048A05C /* XCRemoteSwiftPackageReference "swift-markdown-ui" */;
			productName = MarkdownUI;
		};
/* End XCSwiftPackageProductDependency section */
	};
	rootObject = DA9CAFAF2B126D5700CDA197 /* Project object */;
}
