// !$*UTF8*$!
{
	archiveVersion = 1;
	classes = {
	};
	objectVersion = 70;
	objects = {

/* Begin PBXBuildFile section */
		0080D3056237065F81E4BDF8 /* ChatImagePreview.swift in Sources */ = {isa = PBXBuildFile; fileRef = 6DF11A389B4DE29AEAF66B70 /* ChatImagePreview.swift */; };
		03B76AD263F0CFCEE5D9F844 /* ChatCodeHighlighter.swift in Sources */ = {isa = PBXBuildFile; fileRef = BBE3ACA3E788C6BE871E20E0 /* ChatCodeHighlighter.swift */; };
		11A726082BE0672A000C1DA7 /* FileDetails.swift in Sources */ = {isa = PBXBuildFile; fileRef = 11A726072BE0672A000C1DA7 /* FileDetails.swift */; };
		11A7260A2BE0675A000C1DA7 /* FileDetailsSheet.swift in Sources */ = {isa = PBXBuildFile; fileRef = 11A726092BE06759000C1DA7 /* FileDetailsSheet.swift */; platformFilters = (macos, ); };
		11F8288B2BF9428100216BA0 /* AccountManagerView.swift in Sources */ = {isa = PBXBuildFile; fileRef = 11F8288A2BF9428100216BA0 /* AccountManagerView.swift */; };
		150AFBF8EF104EE99BCB084A /* ChatSearch.swift in Sources */ = {isa = PBXBuildFile; fileRef = 08FE19791A935E8871D7054A /* ChatSearch.swift */; };
		36EA38D955AD67524BF4290D /* MacBinary.swift in Sources */ = {isa = PBXBuildFile; fileRef = 43274A6A673C9471F719D980 /* MacBinary.swift */; };
		3EA91235C2B1662A012BD27C /* ChatTranscriptTextView.swift in Sources */ = {isa = PBXBuildFile; fileRef = 9BB4153B3305C2F62F1868C3 /* ChatTranscriptTextView.swift */; };
		443438BC804C8366ED678933 /* BannerCache.swift in Sources */ = {isa = PBXBuildFile; fileRef = 0396E4EF8544986A8B51D08E /* BannerCache.swift */; };
		5F5812D6AF9CDCF967ACA922 /* ChatLogView.swift in Sources */ = {isa = PBXBuildFile; fileRef = 43B2284214709C056E442BE1 /* ChatLogView.swift */; };
		74BA695EDF308FC1CB040C8B /* ZipArchive.swift in Sources */ = {isa = PBXBuildFile; fileRef = 40947154AAF1E7674DD534FF /* ZipArchive.swift */; };
		74E6D6FF679AB7EF240A91A4 /* BinHex.swift in Sources */ = {isa = PBXBuildFile; fileRef = A7341B898EE4921F2C3CF13E /* BinHex.swift */; };
		75C68B588D2565F54C93DBD8 /* DiskImage.swift in Sources */ = {isa = PBXBuildFile; fileRef = 6002BAA6187486986175C6EA /* DiskImage.swift */; };
		7D7AFEB7DF73D88A4C75F882 /* ServerSuggestions.swift in Sources */ = {isa = PBXBuildFile; fileRef = 4FC75DCF747BDE0557CFF5CA /* ServerSuggestions.swift */; };
		9618C46F9D5DFA8A622BE24D /* ServerTheme.swift in Sources */ = {isa = PBXBuildFile; fileRef = 5EA59B43BA1935EFCD162F4B /* ServerTheme.swift */; };
		8D3E4565628F763A7277DA53 /* ChatTranscriptView.swift in Sources */ = {isa = PBXBuildFile; fileRef = F5E219BD27B4005CD09D3AE4 /* ChatTranscriptView.swift */; };
		A002A460BF1E0E92399AB6BC /* XARArchive.swift in Sources */ = {isa = PBXBuildFile; fileRef = 7FC35CCCD4BD119E453E4100 /* XARArchive.swift */; };
		B80C9D251E65A1F31D0CE0C9 /* ChatMessageRenderer.swift in Sources */ = {isa = PBXBuildFile; fileRef = 6FDF6C825424D089CCFD85EA /* ChatMessageRenderer.swift */; };
		B92D35988223060DA309FF5D /* FilePreviewArchiveView.swift in Sources */ = {isa = PBXBuildFile; fileRef = 63C7BB6A3389106DAB6006D5 /* FilePreviewArchiveView.swift */; };
		DA0D698D2B1E7CF700C71DF5 /* UsersView.swift in Sources */ = {isa = PBXBuildFile; fileRef = DA0D698C2B1E7CF700C71DF5 /* UsersView.swift */; platformFilter = ios; };
		DA0D698F2B1E841600C71DF5 /* MessageBoardView.swift in Sources */ = {isa = PBXBuildFile; fileRef = DA0D698E2B1E841600C71DF5 /* MessageBoardView.swift */; platformFilter = ios; };
		DA0D69912B1E894800C71DF5 /* FilesView.swift in Sources */ = {isa = PBXBuildFile; fileRef = DA0D69902B1E894800C71DF5 /* FilesView.swift */; platformFilter = ios; };
		DA20BBE12BF5237600B94E7C /* Bookmark.swift in Sources */ = {isa = PBXBuildFile; fileRef = DA20BBE02BF5237600B94E7C /* Bookmark.swift */; };
		DA22F51F2F56477400E2EA02 /* OnboardingView.swift in Sources */ = {isa = PBXBuildFile; fileRef = DA22F51E2F56477400E2EA02 /* OnboardingView.swift */; };
		DA22F5212F56826C00E2EA02 /* Logo.obj in Resources */ = {isa = PBXBuildFile; fileRef = DA22F5202F56826C00E2EA02 /* Logo.obj */; };
		DA22F5232F5748AE00E2EA02 /* SpinningLogoView.swift in Sources */ = {isa = PBXBuildFile; fileRef = DA22F5222F5748AE00E2EA02 /* SpinningLogoView.swift */; };
		DA2863D82B37AD1C00A7D050 /* SettingsView.swift in Sources */ = {isa = PBXBuildFile; fileRef = DA2863D72B37AD1C00A7D050 /* SettingsView.swift */; platformFilters = (macos, ); };
		DA2863DA2B37BF6E00A7D050 /* Preferences.swift in Sources */ = {isa = PBXBuildFile; fileRef = DA2863D92B37BF6E00A7D050 /* Preferences.swift */; };
		DA2863DD2B3E8B7000A7D050 /* FilePreview.swift in Sources */ = {isa = PBXBuildFile; fileRef = DA2863DC2B3E8B7000A7D050 /* FilePreview.swift */; };
		DA2D98122BF29D5F0027E4BD /* NewsItemView.swift in Sources */ = {isa = PBXBuildFile; fileRef = DA2D98112BF29D5F0027E4BD /* NewsItemView.swift */; };
		DA32CD492B2931640053B98B /* User.swift in Sources */ = {isa = PBXBuildFile; fileRef = DA32CD482B2931640053B98B /* User.swift */; };
		DA32CD4B2B29318E0053B98B /* FileInfo.swift in Sources */ = {isa = PBXBuildFile; fileRef = DA32CD4A2B29318E0053B98B /* FileInfo.swift */; };
		DA32CD4D2B2931B50053B98B /* ChatMessage.swift in Sources */ = {isa = PBXBuildFile; fileRef = DA32CD4C2B2931B50053B98B /* ChatMessage.swift */; };
		DA32CD4F2B2931CC0053B98B /* NewsInfo.swift in Sources */ = {isa = PBXBuildFile; fileRef = DA32CD4E2B2931CC0053B98B /* NewsInfo.swift */; };
		DA32F1CC2EC4175F00B243BC /* NewFolderPopover.swift in Sources */ = {isa = PBXBuildFile; fileRef = DA32F1CB2EC4175F00B243BC /* NewFolderPopover.swift */; };
		DA3429AE2EB9C0280010784E /* HotlineFileUploadClient.swift in Sources */ = {isa = PBXBuildFile; fileRef = DA3429AD2EB9C0220010784E /* HotlineFileUploadClient.swift */; };
		DA3429B02EBA70790010784E /* HotlineFolderUploadClient.swift in Sources */ = {isa = PBXBuildFile; fileRef = DA3429AF2EBA70790010784E /* HotlineFolderUploadClient.swift */; };
		DA3429B32EBA7ADF0010784E /* HotlineFilePreviewClient.swift in Sources */ = {isa = PBXBuildFile; fileRef = DA3429B22EBA7ADE0010784E /* HotlineFilePreviewClient.swift */; };
		DA3429B52EBA8A450010784E /* FilePreviewState.swift in Sources */ = {isa = PBXBuildFile; fileRef = DA3429B42EBA8A450010784E /* FilePreviewState.swift */; };
		DA3429B72EBAB1750010784E /* QuickLookPreviewView.swift in Sources */ = {isa = PBXBuildFile; fileRef = DA3429B62EBAB1750010784E /* QuickLookPreviewView.swift */; platformFilters = (macos, ); };
		DA3429B92EBAB2130010784E /* FilePreviewQuickLookView.swift in Sources */ = {isa = PBXBuildFile; fileRef = DA3429B82EBAB2130010784E /* FilePreviewQuickLookView.swift */; };
		DA43205E2B1D615600FC8843 /* ServerView.swift in Sources */ = {isa = PBXBuildFile; fileRef = DA43205D2B1D615600FC8843 /* ServerView.swift */; platformFilter = ios; };
		DA4B8F3A2EA6FB3C00CBFD53 /* iOSApp.swift in Sources */ = {isa = PBXBuildFile; fileRef = DA4B8F392EA6FB3C00CBFD53 /* iOSApp.swift */; platformFilter = ios; };
		DA4F2BF82B16A17200D8ADDC /* HotlineProtocol.swift in Sources */ = {isa = PBXBuildFile; fileRef = DA4F2BF72B16A17200D8ADDC /* HotlineProtocol.swift */; };
		DA4F2C012B1A558E00D8ADDC /* ChatView.swift in Sources */ = {isa = PBXBuildFile; fileRef = DA4F2C002B1A558E00D8ADDC /* ChatView.swift */; platformFilter = ios; };
		DA501BE22EBE9018001714F8 /* GroupedIconView.swift in Sources */ = {isa = PBXBuildFile; fileRef = DA501BE12EBE9018001714F8 /* GroupedIconView.swift */; };
		DA501BE42EBE9517001714F8 /* ServerBookmarkSheet.swift in Sources */ = {isa = PBXBuildFile; fileRef = DA501BE32EBE9517001714F8 /* ServerBookmarkSheet.swift */; };
		DA501BE72EBE9542001714F8 /* TrackerBookmarkSheet.swift in Sources */ = {isa = PBXBuildFile; fileRef = DA501BE62EBE9542001714F8 /* TrackerBookmarkSheet.swift */; };
		DA501BE92EBE9589001714F8 /* TrackerItemView.swift in Sources */ = {isa = PBXBuildFile; fileRef = DA501BE82EBE9589001714F8 /* TrackerItemView.swift */; };
		DA501BEB2EBE95B4001714F8 /* TrackerBookmarkServerView.swift in Sources */ = {isa = PBXBuildFile; fileRef = DA501BEA2EBE95B4001714F8 /* TrackerBookmarkServerView.swift */; };
		DA501BEE2EBEC42E001714F8 /* Kingfisher in Frameworks */ = {isa = PBXBuildFile; productRef = DA501BED2EBEC42E001714F8 /* Kingfisher */; };
		DA501BF02EBED848001714F8 /* BonjourState.swift in Sources */ = {isa = PBXBuildFile; fileRef = DA501BEF2EBED848001714F8 /* BonjourState.swift */; };
		DA501BF22EBEF415001714F8 /* BonjourServerRow.swift in Sources */ = {isa = PBXBuildFile; fileRef = DA501BF12EBEF415001714F8 /* BonjourServerRow.swift */; };
		DA51B6CA306EE8D30001164B /* Textual in Frameworks */ = {isa = PBXBuildFile; productRef = DA51B6C9306EE8D30001164B /* Textual */; };
		DA52689C2EB0738B00DCB941 /* GeneralSettingsView.swift in Sources */ = {isa = PBXBuildFile; fileRef = DA52689B2EB0738B00DCB941 /* GeneralSettingsView.swift */; platformFilters = (macos, ); };
		DA5268A02EB073BC00DCB941 /* SoundSettingsView.swift in Sources */ = {isa = PBXBuildFile; fileRef = DA52689F2EB073BC00DCB941 /* SoundSettingsView.swift */; platformFilters = (macos, ); };
		DA5268A32EB0741B00DCB941 /* FolderItemView.swift in Sources */ = {isa = PBXBuildFile; fileRef = DA5268A22EB0741B00DCB941 /* FolderItemView.swift */; platformFilters = (macos, ); };
		DA5268A52EB0743000DCB941 /* FileItemView.swift in Sources */ = {isa = PBXBuildFile; fileRef = DA5268A42EB0743000DCB941 /* FileItemView.swift */; platformFilters = (macos, ); };
		DA5268AB2EB11EA300DCB941 /* ColorArt.swift in Sources */ = {isa = PBXBuildFile; fileRef = DA5268AA2EB11EA300DCB941 /* ColorArt.swift */; };
		DA5268AD2EB12FE200DCB941 /* ServerState.swift in Sources */ = {isa = PBXBuildFile; fileRef = DA5268AC2EB12FE200DCB941 /* ServerState.swift */; };
		DA5268AF2EB2682B00DCB941 /* HotlineClient.swift in Sources */ = {isa = PBXBuildFile; fileRef = DA5268AE2EB2682B00DCB941 /* HotlineClient.swift */; };
		DA5268B12EB2708E00DCB941 /* HotlineState.swift in Sources */ = {isa = PBXBuildFile; fileRef = DA5268B02EB2708E00DCB941 /* HotlineState.swift */; };
		DA5268B32EB6806E00DCB941 /* HotlineFileDownloadClient.swift in Sources */ = {isa = PBXBuildFile; fileRef = DA5268B22EB6806E00DCB941 /* HotlineFileDownloadClient.swift */; };
		DA5268B52EB6840A00DCB941 /* TransfersView.swift in Sources */ = {isa = PBXBuildFile; fileRef = DA5268B42EB6840A00DCB941 /* TransfersView.swift */; };
		DA5268B82EB916AF00DCB941 /* TransferRateEstimator.swift in Sources */ = {isa = PBXBuildFile; fileRef = DA5268B72EB916AF00DCB941 /* TransferRateEstimator.swift */; };
		DA5268BA2EB91B5E00DCB941 /* FileProgress.swift in Sources */ = {isa = PBXBuildFile; fileRef = DA5268B92EB91B5E00DCB941 /* FileProgress.swift */; };
		DA5268BC2EB95A7700DCB941 /* HotlineFolderDownloadClient.swift in Sources */ = {isa = PBXBuildFile; fileRef = DA5268BB2EB95A7700DCB941 /* HotlineFolderDownloadClient.swift */; };
		DA55AC732BE42AF000034857 /* AsyncLinkPreview.swift in Sources */ = {isa = PBXBuildFile; fileRef = DA55AC722BE42AF000034857 /* AsyncLinkPreview.swift */; platformFilters = (macos, ); };
		DA55AC752BE4888300034857 /* InstantMessage.swift in Sources */ = {isa = PBXBuildFile; fileRef = DA55AC742BE4888300034857 /* InstantMessage.swift */; };
		DA55AC772BE589F700034857 /* AboutView.swift in Sources */ = {isa = PBXBuildFile; fileRef = DA55AC762BE589F700034857 /* AboutView.swift */; platformFilters = (macos, ); };
		DA55AC792BE6A1AD00034857 /* RegularExpressions.swift in Sources */ = {isa = PBXBuildFile; fileRef = DA55AC782BE6A1AD00034857 /* RegularExpressions.swift */; };
		DA5753682B33E88A00FAC277 /* HotlineTransferClient.swift in Sources */ = {isa = PBXBuildFile; fileRef = DA5753672B33E88A00FAC277 /* HotlineTransferClient.swift */; };
		DA57536C2B36BA1D00FAC277 /* TextDocument.swift in Sources */ = {isa = PBXBuildFile; fileRef = DA57536B2B36BA1D00FAC277 /* TextDocument.swift */; };
		DA5A6F122F454D4600060F18 /* ChatTextView.swift in Sources */ = {isa = PBXBuildFile; fileRef = DA5A6F112F454D4600060F18 /* ChatTextView.swift */; };
		DA5A6F142F456DC900060F18 /* ChatInputField.swift in Sources */ = {isa = PBXBuildFile; fileRef = DA5A6F132F456DC900060F18 /* ChatInputField.swift */; };
		DA65499A2BEC280E00EDB697 /* ServerMessageView.swift in Sources */ = {isa = PBXBuildFile; fileRef = DA6549992BEC280E00EDB697 /* ServerMessageView.swift */; };
		DA65499C2BEC3FBD00EDB697 /* ServerAgreementView.swift in Sources */ = {isa = PBXBuildFile; fileRef = DA65499B2BEC3FBD00EDB697 /* ServerAgreementView.swift */; };
		DA65499E2BEC438A00EDB697 /* NSWindowBridge.swift in Sources */ = {isa = PBXBuildFile; fileRef = DA65499D2BEC438A00EDB697 /* NSWindowBridge.swift */; platformFilters = (macos, ); };
		DA6980792BF80525003E434B /* BetterTextEditor.swift in Sources */ = {isa = PBXBuildFile; fileRef = DA6980782BF80525003E434B /* BetterTextEditor.swift */; };
		DA69807E2BFD449B003E434B /* MessageBoardEditorView.swift in Sources */ = {isa = PBXBuildFile; fileRef = DA69807D2BFD449B003E434B /* MessageBoardEditorView.swift */; };
		DA6980832BFFD06C003E434B /* BookmarkDocument.swift in Sources */ = {isa = PBXBuildFile; fileRef = DA6980822BFFD06C003E434B /* BookmarkDocument.swift */; };
		DA72A0DD2B4CD0BF00A0F48A /* NewsEditorView.swift in Sources */ = {isa = PBXBuildFile; fileRef = DA72A0DC2B4CD0BF00A0F48A /* NewsEditorView.swift */; };
		DA72A0E02B4DA8CA00A0F48A /* SplitView in Frameworks */ = {isa = PBXBuildFile; productRef = DA72A0DF2B4DA8CA00A0F48A /* SplitView */; };
		DA72A0E22B4DAA4000A0F48A /* NewsArticle.swift in Sources */ = {isa = PBXBuildFile; fileRef = DA72A0E12B4DAA4000A0F48A /* NewsArticle.swift */; };
		DA77253F2B21176D006C5ABB /* NewsView.swift in Sources */ = {isa = PBXBuildFile; fileRef = DA77253E2B21176D006C5ABB /* NewsView.swift */; platformFilter = ios; };
		DA7725412B21435B006C5ABB /* ObservableScrollView.swift in Sources */ = {isa = PBXBuildFile; fileRef = DA7725402B21435B006C5ABB /* ObservableScrollView.swift */; };
		DA81CA0E2ECBAA4200B198C5 /* App Icon.icon in Resources */ = {isa = PBXBuildFile; fileRef = DA81CA0D2ECBAA4200B198C5 /* App Icon.icon */; };
		DA872B132BDDBF78008B1012 /* HotlinePanel.swift in Sources */ = {isa = PBXBuildFile; fileRef = DA872B122BDDBF78008B1012 /* HotlinePanel.swift */; platformFilters = (macos, ); };
		DA872B152BDDEE1A008B1012 /* VisualEffectView.swift in Sources */ = {isa = PBXBuildFile; fileRef = DA872B142BDDEE1A008B1012 /* VisualEffectView.swift */; platformFilters = (macos, ); };
		DA99218E2C51AA5D0058FA6C /* HotlineDataBuilder.swift in Sources */ = {isa = PBXBuildFile; fileRef = DA99218D2C51AA5D0058FA6C /* HotlineDataBuilder.swift */; };
		DA9CAFBB2B126D5700CDA197 /* MacApp.swift in Sources */ = {isa = PBXBuildFile; fileRef = DA9CAFBA2B126D5700CDA197 /* MacApp.swift */; platformFilters = (macos, ); };
		DA9CAFBD2B126D5700CDA197 /* TrackerView.swift in Sources */ = {isa = PBXBuildFile; fileRef = DA9CAFBC2B126D5700CDA197 /* TrackerView.swift */; platformFilter = ios; };
		DA9CAFC12B126D5800CDA197 /* Assets.xcassets in Resources */ = {isa = PBXBuildFile; fileRef = DA9CAFC02B126D5800CDA197 /* Assets.xcassets */; };
		DA9CAFC42B126D5800CDA197 /* Preview Assets.xcassets in Resources */ = {isa = PBXBuildFile; fileRef = DA9CAFC32B126D5800CDA197 /* Preview Assets.xcassets */; };
		DA9CAFCB2B126E3300CDA197 /* HotlineTrackerClient.swift in Sources */ = {isa = PBXBuildFile; fileRef = DA9CAFCA2B126E3300CDA197 /* HotlineTrackerClient.swift */; };
		DAA15B152F50C96700FAC1B2 /* HotlineState+Users.swift in Sources */ = {isa = PBXBuildFile; fileRef = DAA15B142F50C96700FAC1B2 /* HotlineState+Users.swift */; };
		DAA15B172F50C98D00FAC1B2 /* HotlineState+EventHandlers.swift in Sources */ = {isa = PBXBuildFile; fileRef = DAA15B162F50C98D00FAC1B2 /* HotlineState+EventHandlers.swift */; };
		DAA15B192F50C9AE00FAC1B2 /* HotlineState+News.swift in Sources */ = {isa = PBXBuildFile; fileRef = DAA15B182F50C9AE00FAC1B2 /* HotlineState+News.swift */; };
		DAA15B1B2F50C9D700FAC1B2 /* HotlineState+Files.swift in Sources */ = {isa = PBXBuildFile; fileRef = DAA15B1A2F50C9D700FAC1B2 /* HotlineState+Files.swift */; };
		DAA15B1D2F50C9E000FAC1B2 /* HotlineState+Chat.swift in Sources */ = {isa = PBXBuildFile; fileRef = DAA15B1C2F50C9E000FAC1B2 /* HotlineState+Chat.swift */; };
		DAA15B1F2F50C9E600FAC1B2 /* HotlineState+Connection.swift in Sources */ = {isa = PBXBuildFile; fileRef = DAA15B1E2F50C9E600FAC1B2 /* HotlineState+Connection.swift */; };
		DAA98C3F2F479C20002C6334 /* FilesGridView.swift in Sources */ = {isa = PBXBuildFile; fileRef = DAA98C3E2F479C20002C6334 /* FilesGridView.swift */; };
		DAA98C412F479C32002C6334 /* FileActions.swift in Sources */ = {isa = PBXBuildFile; fileRef = DAA98C402F479C32002C6334 /* FileActions.swift */; };
		DAA98C772F4CFEEE002C6334 /* IdentitySettingsView.swift in Sources */ = {isa = PBXBuildFile; fileRef = DAA98C762F4CFEEE002C6334 /* IdentitySettingsView.swift */; };
		DAA98C792F4CFEF5002C6334 /* NotificationSettingsView.swift in Sources */ = {isa = PBXBuildFile; fileRef = DAA98C782F4CFEF5002C6334 /* NotificationSettingsView.swift */; };
		DAA98C7B2F4CFF0B002C6334 /* ChatSettingsView.swift in Sources */ = {isa = PBXBuildFile; fileRef = DAA98C7A2F4CFF0B002C6334 /* ChatSettingsView.swift */; };
		DAAEE66B2B3FBC2100A5BA07 /* TransferInfo.swift in Sources */ = {isa = PBXBuildFile; fileRef = DAAEE66A2B3FBC2100A5BA07 /* TransferInfo.swift */; };
		DAAEE66D2B475F1400A5BA07 /* PreviewFileInfo.swift in Sources */ = {isa = PBXBuildFile; fileRef = DAAEE66C2B475F1400A5BA07 /* PreviewFileInfo.swift */; };
		DAB4D87E2B4C8BCA0048A05C /* FilePreviewTextView.swift in Sources */ = {isa = PBXBuildFile; fileRef = DAB4D87D2B4C8BCA0048A05C /* FilePreviewTextView.swift */; platformFilters = (macos, ); };
		DAB4D8822B4C8FED0048A05C /* FileIconView.swift in Sources */ = {isa = PBXBuildFile; fileRef = DAB4D8812B4C8FED0048A05C /* FileIconView.swift */; };
		DAB4D8842B4CABEF0048A05C /* Extensions.swift in Sources */ = {isa = PBXBuildFile; fileRef = DAB4D8832B4CABEF0048A05C /* Extensions.swift */; };
		DABAFBEA2EC58C170015E889 /* AccountDetailsView.swift in Sources */ = {isa = PBXBuildFile; fileRef = DABAFBE92EC58C170015E889 /* AccountDetailsView.swift */; };
		DABAFBEC2EC599700015E889 /* BroadcastMessageSheet.swift in Sources */ = {isa = PBXBuildFile; fileRef = DABAFBEB2EC5996B0015E889 /* BroadcastMessageSheet.swift */; };
		DABE8BF42B55DC0A00884D28 /* transfer-complete.aiff in Resources */ = {isa = PBXBuildFile; fileRef = DABE8BF32B55DC0A00884D28 /* transfer-complete.aiff */; };
		DABE8BF62B55DC2E00884D28 /* chat-message.aiff in Resources */ = {isa = PBXBuildFile; fileRef = DABE8BF52B55DC2E00884D28 /* chat-message.aiff */; };
		DABE8BF82B55DC6100884D28 /* logged-in.aiff in Resources */ = {isa = PBXBuildFile; fileRef = DABE8BF72B55DC6100884D28 /* logged-in.aiff */; };
		DABE8BFB2B55DC6800884D28 /* user-login.aiff in Resources */ = {isa = PBXBuildFile; fileRef = DABE8BF92B55DC6800884D28 /* user-login.aiff */; };
		DABE8BFC2B55DC6800884D28 /* user-logout.aiff in Resources */ = {isa = PBXBuildFile; fileRef = DABE8BFA2B55DC6800884D28 /* user-logout.aiff */; };
		DABE8BFE2B55E69000884D28 /* error.aiff in Resources */ = {isa = PBXBuildFile; fileRef = DABE8BFD2B55E69000884D28 /* error.aiff */; };
		DABE8C002B55E69800884D28 /* server-message.aiff in Resources */ = {isa = PBXBuildFile; fileRef = DABE8BFF2B55E69800884D28 /* server-message.aiff */; };
		DABE8C022B55E69D00884D28 /* new-news.aiff in Resources */ = {isa = PBXBuildFile; fileRef = DABE8C012B55E69D00884D28 /* new-news.aiff */; };
		DAC0E4232EC78E1100E999DB /* UserClientInfoSheet.swift in Sources */ = {isa = PBXBuildFile; fileRef = DAC0E4222EC78E1100E999DB /* UserClientInfoSheet.swift */; };
		DAC3D9832BC33FD000A727C9 /* AppState.swift in Sources */ = {isa = PBXBuildFile; fileRef = DAC3D9822BC33FD000A727C9 /* AppState.swift */; };
		DAC6B2E02EAC6236004E2CBA /* ChatStore.swift in Sources */ = {isa = PBXBuildFile; fileRef = DAC6B2DE2EAC6236004E2CBA /* ChatStore.swift */; };
		DAC6B2E22EAEE9FE004E2CBA /* NetSocket.swift in Sources */ = {isa = PBXBuildFile; fileRef = DAC6B2E12EAEE9EF004E2CBA /* NetSocket.swift */; };
		DAC6B2E42EAFE92F004E2CBA /* SpinningGlobeView.swift in Sources */ = {isa = PBXBuildFile; fileRef = DAC6B2E32EAFE92F004E2CBA /* SpinningGlobeView.swift */; };
		DAC87F072C5010E80060FADF /* HotlineExtensions.swift in Sources */ = {isa = PBXBuildFile; fileRef = DAC87F062C5010E80060FADF /* HotlineExtensions.swift */; };
		DACCE5E12EABE4B4008CDD92 /* AppUpdate.swift in Sources */ = {isa = PBXBuildFile; fileRef = DACCE5E02EABE4B4008CDD92 /* AppUpdate.swift */; platformFilters = (macos, ); };
		DACCE5E32EABE86A008CDD92 /* AppUpdateView.swift in Sources */ = {isa = PBXBuildFile; fileRef = DACCE5E22EABE86A008CDD92 /* AppUpdateView.swift */; platformFilters = (macos, ); };
		DACCE5EF2EAC19C9008CDD92 /* SwiftUIIntrospect in Frameworks */ = {isa = PBXBuildFile; productRef = DACCE5EE2EAC19C9008CDD92 /* SwiftUIIntrospect */; };
		DADDB28B2B22B31F0024040D /* Tracker.swift in Sources */ = {isa = PBXBuildFile; fileRef = DADDB28A2B22B31F0024040D /* Tracker.swift */; };
		DADDB28D2B22B5920024040D /* Server.swift in Sources */ = {isa = PBXBuildFile; fileRef = DADDB28C2B22B5920024040D /* Server.swift */; };
		DAE136BA2B9D1147007D8307 /* HotlinePanelView.swift in Sources */ = {isa = PBXBuildFile; fileRef = DAE136B92B9D1147007D8307 /* HotlinePanelView.swift */; platformFilters = (macos, ); };
		DAE734F92B2E4185000C56F6 /* ServerView.swift in Sources */ = {isa = PBXBuildFile; fileRef = DAE734F82B2E4185000C56F6 /* ServerView.swift */; platformFilters = (macos, ); };
		DAE734FB2B2E41F9000C56F6 /* TrackerView.swift in Sources */ = {isa = PBXBuildFile; fileRef = DAE734FA2B2E41F9000C56F6 /* TrackerView.swift */; platformFilters = (macos, ); };
		DAE734FD2B2E65E9000C56F6 /* MessageBoardView.swift in Sources */ = {isa = PBXBuildFile; fileRef = DAE734FC2B2E65E9000C56F6 /* MessageBoardView.swift */; platformFilters = (macos, ); };
		DAE734FF2B2E6750000C56F6 /* ChatView.swift in Sources */ = {isa = PBXBuildFile; fileRef = DAE734FE2B2E6750000C56F6 /* ChatView.swift */; platformFilters = (macos, ); };
		DAE735012B2E71F2000C56F6 /* FilesView.swift in Sources */ = {isa = PBXBuildFile; fileRef = DAE735002B2E71F2000C56F6 /* FilesView.swift */; platformFilters = (macos, ); };
		DAE735032B30C0BB000C56F6 /* MessageView.swift in Sources */ = {isa = PBXBuildFile; fileRef = DAE735022B30C0BB000C56F6 /* MessageView.swift */; platformFilters = (macos, ); };
		DAE735052B3218D8000C56F6 /* NewsView.swift in Sources */ = {isa = PBXBuildFile; fileRef = DAE735042B3218D8000C56F6 /* NewsView.swift */; platformFilters = (macos, ); };
		DAE735072B3251B3000C56F6 /* SoundEffects.swift in Sources */ = {isa = PBXBuildFile; fileRef = DAE735062B3251B3000C56F6 /* SoundEffects.swift */; };
		DAF5BC6C2EC2727700551E4D /* ConnectView.swift in Sources */ = {isa = PBXBuildFile; fileRef = DAF5BC6B2EC2727100551E4D /* ConnectView.swift */; };
		DE0DC6CCCFAA3A55E7B1148F /* ISO9660.swift in Sources */ = {isa = PBXBuildFile; fileRef = 212E067259FE5C85B1C909E6 /* ISO9660.swift */; };
		E7061C2BDA51FC9D1CAF1BB8 /* DiskCopyImage.swift in Sources */ = {isa = PBXBuildFile; fileRef = 77EFA5B8FE6BCDEAAF0D8E4C /* DiskCopyImage.swift */; };
		E857068A15E5072FDA5B881D /* Archive.swift in Sources */ = {isa = PBXBuildFile; fileRef = 29DC01975D5706755CFBFE66 /* Archive.swift */; };
		FCF117AFBA8F08B52477AC80 /* CompactProArchive.swift in Sources */ = {isa = PBXBuildFile; fileRef = 05A0352CEAB8BAC6395F0CB6 /* CompactProArchive.swift */; };
/* End PBXBuildFile section */

/* Begin PBXContainerItemProxy section */
		DA5A6EF62F44F26500060F18 /* PBXContainerItemProxy */ = {
			isa = PBXContainerItemProxy;
			containerPortal = DA9CAFAF2B126D5700CDA197 /* Project object */;
			proxyType = 1;
			remoteGlobalIDString = DA9CAFB62B126D5700CDA197;
			remoteInfo = Hotline;
		};
/* End PBXContainerItemProxy section */

/* Begin PBXFileReference section */
		0396E4EF8544986A8B51D08E /* BannerCache.swift */ = {isa = PBXFileReference; lastKnownFileType = sourcecode.swift; path = BannerCache.swift; sourceTree = "<group>"; };
		05A0352CEAB8BAC6395F0CB6 /* CompactProArchive.swift */ = {isa = PBXFileReference; lastKnownFileType = sourcecode.swift; path = CompactProArchive.swift; sourceTree = "<group>"; };
		08FE19791A935E8871D7054A /* ChatSearch.swift */ = {isa = PBXFileReference; lastKnownFileType = sourcecode.swift; path = ChatSearch.swift; sourceTree = "<group>"; };
		11A726072BE0672A000C1DA7 /* FileDetails.swift */ = {isa = PBXFileReference; fileEncoding = 4; lastKnownFileType = sourcecode.swift; path = FileDetails.swift; sourceTree = "<group>"; };
		11A726092BE06759000C1DA7 /* FileDetailsSheet.swift */ = {isa = PBXFileReference; fileEncoding = 4; lastKnownFileType = sourcecode.swift; path = FileDetailsSheet.swift; sourceTree = "<group>"; };
		11F8288A2BF9428100216BA0 /* AccountManagerView.swift */ = {isa = PBXFileReference; lastKnownFileType = sourcecode.swift; path = AccountManagerView.swift; sourceTree = "<group>"; };
		212E067259FE5C85B1C909E6 /* ISO9660.swift */ = {isa = PBXFileReference; lastKnownFileType = sourcecode.swift; path = ISO9660.swift; sourceTree = "<group>"; };
		29DC01975D5706755CFBFE66 /* Archive.swift */ = {isa = PBXFileReference; lastKnownFileType = sourcecode.swift; path = Archive.swift; sourceTree = "<group>"; };
		40947154AAF1E7674DD534FF /* ZipArchive.swift */ = {isa = PBXFileReference; lastKnownFileType = sourcecode.swift; path = ZipArchive.swift; sourceTree = "<group>"; };
		43274A6A673C9471F719D980 /* MacBinary.swift */ = {isa = PBXFileReference; lastKnownFileType = sourcecode.swift; path = MacBinary.swift; sourceTree = "<group>"; };
		43B2284214709C056E442BE1 /* ChatLogView.swift */ = {isa = PBXFileReference; lastKnownFileType = sourcecode.swift; path = ChatLogView.swift; sourceTree = "<group>"; };
		4FC75DCF747BDE0557CFF5CA /* ServerSuggestions.swift */ = {isa = PBXFileReference; lastKnownFileType = sourcecode.swift; path = ServerSuggestions.swift; sourceTree = "<group>"; };
		5EA59B43BA1935EFCD162F4B /* ServerTheme.swift */ = {isa = PBXFileReference; lastKnownFileType = sourcecode.swift; path = ServerTheme.swift; sourceTree = "<group>"; };
		6002BAA6187486986175C6EA /* DiskImage.swift */ = {isa = PBXFileReference; lastKnownFileType = sourcecode.swift; path = DiskImage.swift; sourceTree = "<group>"; };
		63C7BB6A3389106DAB6006D5 /* FilePreviewArchiveView.swift */ = {isa = PBXFileReference; lastKnownFileType = sourcecode.swift; path = FilePreviewArchiveView.swift; sourceTree = "<group>"; };
		6DF11A389B4DE29AEAF66B70 /* ChatImagePreview.swift */ = {isa = PBXFileReference; lastKnownFileType = sourcecode.swift; path = ChatImagePreview.swift; sourceTree = "<group>"; };
		6FDF6C825424D089CCFD85EA /* ChatMessageRenderer.swift */ = {isa = PBXFileReference; lastKnownFileType = sourcecode.swift; path = ChatMessageRenderer.swift; sourceTree = "<group>"; };
		77EFA5B8FE6BCDEAAF0D8E4C /* DiskCopyImage.swift */ = {isa = PBXFileReference; lastKnownFileType = sourcecode.swift; path = DiskCopyImage.swift; sourceTree = "<group>"; };
		7FC35CCCD4BD119E453E4100 /* XARArchive.swift */ = {isa = PBXFileReference; lastKnownFileType = sourcecode.swift; path = XARArchive.swift; sourceTree = "<group>"; };
		9BB4153B3305C2F62F1868C3 /* ChatTranscriptTextView.swift */ = {isa = PBXFileReference; lastKnownFileType = sourcecode.swift; path = ChatTranscriptTextView.swift; sourceTree = "<group>"; };
		A7341B898EE4921F2C3CF13E /* BinHex.swift */ = {isa = PBXFileReference; lastKnownFileType = sourcecode.swift; path = BinHex.swift; sourceTree = "<group>"; };
		BBE3ACA3E788C6BE871E20E0 /* ChatCodeHighlighter.swift */ = {isa = PBXFileReference; lastKnownFileType = sourcecode.swift; path = ChatCodeHighlighter.swift; sourceTree = "<group>"; };
		DA0D698C2B1E7CF700C71DF5 /* UsersView.swift */ = {isa = PBXFileReference; lastKnownFileType = sourcecode.swift; path = UsersView.swift; sourceTree = "<group>"; };
		DA0D698E2B1E841600C71DF5 /* MessageBoardView.swift */ = {isa = PBXFileReference; lastKnownFileType = sourcecode.swift; path = MessageBoardView.swift; sourceTree = "<group>"; };
		DA0D69902B1E894800C71DF5 /* FilesView.swift */ = {isa = PBXFileReference; lastKnownFileType = sourcecode.swift; path = FilesView.swift; sourceTree = "<group>"; };
		DA20BBE02BF5237600B94E7C /* Bookmark.swift */ = {isa = PBXFileReference; lastKnownFileType = sourcecode.swift; path = Bookmark.swift; sourceTree = "<group>"; };
		DA22F51E2F56477400E2EA02 /* OnboardingView.swift */ = {isa = PBXFileReference; lastKnownFileType = sourcecode.swift; path = OnboardingView.swift; sourceTree = "<group>"; };
		DA22F5202F56826C00E2EA02 /* Logo.obj */ = {isa = PBXFileReference; lastKnownFileType = text; path = Logo.obj; sourceTree = "<group>"; };
		DA22F5222F5748AE00E2EA02 /* SpinningLogoView.swift */ = {isa = PBXFileReference; lastKnownFileType = sourcecode.swift; path = SpinningLogoView.swift; sourceTree = "<group>"; };
		DA2863D72B37AD1C00A7D050 /* SettingsView.swift */ = {isa = PBXFileReference; lastKnownFileType = sourcecode.swift; path = SettingsView.swift; sourceTree = "<group>"; };
		DA2863D92B37BF6E00A7D050 /* Preferences.swift */ = {isa = PBXFileReference; lastKnownFileType = sourcecode.swift; path = Preferences.swift; sourceTree = "<group>"; };
		DA2863DB2B37DBE000A7D050 /* Hotline.entitlements */ = {isa = PBXFileReference; lastKnownFileType = text.plist.entitlements; path = Hotline.entitlements; sourceTree = "<group>"; };
		DA2863DC2B3E8B7000A7D050 /* FilePreview.swift */ = {isa = PBXFileReference; lastKnownFileType = sourcecode.swift; path = FilePreview.swift; sourceTree = "<group>"; };
		DA2D98112BF29D5F0027E4BD /* NewsItemView.swift */ = {isa = PBXFileReference; lastKnownFileType = sourcecode.swift; path = NewsItemView.swift; sourceTree = "<group>"; };
		DA32CD472B28EE640053B98B /* Info.plist */ = {isa = PBXFileReference; lastKnownFileType = text.plist; path = Info.plist; sourceTree = "<group>"; };
		DA32CD482B2931640053B98B /* User.swift */ = {isa = PBXFileReference; lastKnownFileType = sourcecode.swift; path = User.swift; sourceTree = "<group>"; };
		DA32CD4A2B29318E0053B98B /* FileInfo.swift */ = {isa = PBXFileReference; lastKnownFileType = sourcecode.swift; path = FileInfo.swift; sourceTree = "<group>"; };
		DA32CD4C2B2931B50053B98B /* ChatMessage.swift */ = {isa = PBXFileReference; lastKnownFileType = sourcecode.swift; path = ChatMessage.swift; sourceTree = "<group>"; };
		DA32CD4E2B2931CC0053B98B /* NewsInfo.swift */ = {isa = PBXFileReference; lastKnownFileType = sourcecode.swift; path = NewsInfo.swift; sourceTree = "<group>"; };
		DA32F1CB2EC4175F00B243BC /* NewFolderPopover.swift */ = {isa = PBXFileReference; lastKnownFileType = sourcecode.swift; path = NewFolderPopover.swift; sourceTree = "<group>"; };
		DA3429AD2EB9C0220010784E /* HotlineFileUploadClient.swift */ = {isa = PBXFileReference; lastKnownFileType = sourcecode.swift; path = HotlineFileUploadClient.swift; sourceTree = "<group>"; };
		DA3429AF2EBA70790010784E /* HotlineFolderUploadClient.swift */ = {isa = PBXFileReference; lastKnownFileType = sourcecode.swift; path = HotlineFolderUploadClient.swift; sourceTree = "<group>"; };
		DA3429B22EBA7ADE0010784E /* HotlineFilePreviewClient.swift */ = {isa = PBXFileReference; lastKnownFileType = sourcecode.swift; path = HotlineFilePreviewClient.swift; sourceTree = "<group>"; };
		DA3429B42EBA8A450010784E /* FilePreviewState.swift */ = {isa = PBXFileReference; lastKnownFileType = sourcecode.swift; path = FilePreviewState.swift; sourceTree = "<group>"; };
		DA3429B62EBAB1750010784E /* QuickLookPreviewView.swift */ = {isa = PBXFileReference; lastKnownFileType = sourcecode.swift; path = QuickLookPreviewView.swift; sourceTree = "<group>"; };
		DA3429B82EBAB2130010784E /* FilePreviewQuickLookView.swift */ = {isa = PBXFileReference; lastKnownFileType = sourcecode.swift; path = FilePreviewQuickLookView.swift; sourceTree = "<group>"; };
		DA43205D2B1D615600FC8843 /* ServerView.swift */ = {isa = PBXFileReference; lastKnownFileType = sourcecode.swift; path = ServerView.swift; sourceTree = "<group>"; };
		DA4B8F392EA6FB3C00CBFD53 /* iOSApp.swift */ = {isa = PBXFileReference; lastKnownFileType = sourcecode.swift; path = iOSApp.swift; sourceTree = "<group>"; };
		DA4F2BF72B16A17200D8ADDC /* HotlineProtocol.swift */ = {isa = PBXFileReference; lastKnownFileType = sourcecode.swift; path = HotlineProtocol.swift; sourceTree = "<group>"; };
		DA4F2C002B1A558E00D8ADDC /* ChatView.swift */ = {isa = PBXFileReference; lastKnownFileType = sourcecode.swift; path = ChatView.swift; sourceTree = "<group>"; };
		DA501BE12EBE9018001714F8 /* GroupedIconView.swift */ = {isa = PBXFileReference; lastKnownFileType = sourcecode.swift; path = GroupedIconView.swift; sourceTree = "<group>"; };
		DA501BE32EBE9517001714F8 /* ServerBookmarkSheet.swift */ = {isa = PBXFileReference; lastKnownFileType = sourcecode.swift; path = ServerBookmarkSheet.swift; sourceTree = "<group>"; };
		DA501BE62EBE9542001714F8 /* TrackerBookmarkSheet.swift */ = {isa = PBXFileReference; lastKnownFileType = sourcecode.swift; path = TrackerBookmarkSheet.swift; sourceTree = "<group>"; };
		DA501BE82EBE9589001714F8 /* TrackerItemView.swift */ = {isa = PBXFileReference; lastKnownFileType = sourcecode.swift; path = TrackerItemView.swift; sourceTree = "<group>"; };
		DA501BEA2EBE95B4001714F8 /* TrackerBookmarkServerView.swift */ = {isa = PBXFileReference; lastKnownFileType = sourcecode.swift; path = TrackerBookmarkServerView.swift; sourceTree = "<group>"; };
		DA501BEF2EBED848001714F8 /* BonjourState.swift */ = {isa = PBXFileReference; lastKnownFileType = sourcecode.swift; path = BonjourState.swift; sourceTree = "<group>"; };
		DA501BF12EBEF415001714F8 /* BonjourServerRow.swift */ = {isa = PBXFileReference; lastKnownFileType = sourcecode.swift; path = BonjourServerRow.swift; sourceTree = "<group>"; };
		DA52689B2EB0738B00DCB941 /* GeneralSettingsView.swift */ = {isa = PBXFileReference; lastKnownFileType = sourcecode.swift; path = GeneralSettingsView.swift; sourceTree = "<group>"; };
		DA52689F2EB073BC00DCB941 /* SoundSettingsView.swift */ = {isa = PBXFileReference; lastKnownFileType = sourcecode.swift; path = SoundSettingsView.swift; sourceTree = "<group>"; };
		DA5268A22EB0741B00DCB941 /* FolderItemView.swift */ = {isa = PBXFileReference; lastKnownFileType = sourcecode.swift; path = FolderItemView.swift; sourceTree = "<group>"; };
		DA5268A42EB0743000DCB941 /* FileItemView.swift */ = {isa = PBXFileReference; lastKnownFileType = sourcecode.swift; path = FileItemView.swift; sourceTree = "<group>"; };
		DA5268AA2EB11EA300DCB941 /* ColorArt.swift */ = {isa = PBXFileReference; lastKnownFileType = sourcecode.swift; path = ColorArt.swift; sourceTree = "<group>"; };
		DA5268AC2EB12FE200DCB941 /* ServerState.swift */ = {isa = PBXFileReference; lastKnownFileType = sourcecode.swift; path = ServerState.swift; sourceTree = "<group>"; };
		DA5268AE2EB2682B00DCB941 /* HotlineClient.swift */ = {isa = PBXFileReference; lastKnownFileType = sourcecode.swift; path = HotlineClient.swift; sourceTree = "<group>"; };
		DA5268B02EB2708E00DCB941 /* HotlineState.swift */ = {isa = PBXFileReference; lastKnownFileType = sourcecode.swift; path = HotlineState.swift; sourceTree = "<group>"; };
		DA5268B22EB6806E00DCB941 /* HotlineFileDownloadClient.swift */ = {isa = PBXFileReference; lastKnownFileType = sourcecode.swift; path = HotlineFileDownloadClient.swift; sourceTree = "<group>"; };
		DA5268B42EB6840A00DCB941 /* TransfersView.swift */ = {isa = PBXFileReference; lastKnownFileType = sourcecode.swift; path = TransfersView.swift; sourceTree = "<group>"; };
		DA5268B72EB916AF00DCB941 /* TransferRateEstimator.swift */ = {isa = PBXFileReference; lastKnownFileType = sourcecode.swift; path = TransferRateEstimator.swift; sourceTree = "<group>"; };
		DA5268B92EB91B5E00DCB941 /* FileProgress.swift */ = {isa = PBXFileReference; lastKnownFileType = sourcecode.swift; path = FileProgress.swift; sourceTree = "<group>"; };
		DA5268BB2EB95A7700DCB941 /* HotlineFolderDownloadClient.swift */ = {isa = PBXFileReference; lastKnownFileType = sourcecode.swift; path = HotlineFolderDownloadClient.swift; sourceTree = "<group>"; };
		DA55AC722BE42AF000034857 /* AsyncLinkPreview.swift */ = {isa = PBXFileReference; lastKnownFileType = sourcecode.swift; path = AsyncLinkPreview.swift; sourceTree = "<group>"; };
		DA55AC742BE4888300034857 /* InstantMessage.swift */ = {isa = PBXFileReference; lastKnownFileType = sourcecode.swift; path = InstantMessage.swift; sourceTree = "<group>"; };
		DA55AC762BE589F700034857 /* AboutView.swift */ = {isa = PBXFileReference; lastKnownFileType = sourcecode.swift; path = AboutView.swift; sourceTree = "<group>"; };
		DA55AC782BE6A1AD00034857 /* RegularExpressions.swift */ = {isa = PBXFileReference; lastKnownFileType = sourcecode.swift; path = RegularExpressions.swift; sourceTree = "<group>"; };
		DA5753672B33E88A00FAC277 /* HotlineTransferClient.swift */ = {isa = PBXFileReference; lastKnownFileType = sourcecode.swift; path = HotlineTransferClient.swift; sourceTree = "<group>"; };
		DA57536B2B36BA1D00FAC277 /* TextDocument.swift */ = {isa = PBXFileReference; lastKnownFileType = sourcecode.swift; path = TextDocument.swift; sourceTree = "<group>"; };
		DA5A6EF22F44F26500060F18 /* HotlineTests.xctest */ = {isa = PBXFileReference; explicitFileType = wrapper.cfbundle; includeInIndex = 0; path = HotlineTests.xctest; sourceTree = BUILT_PRODUCTS_DIR; };
		DA5A6F112F454D4600060F18 /* ChatTextView.swift */ = {isa = PBXFileReference; lastKnownFileType = sourcecode.swift; path = ChatTextView.swift; sourceTree = "<group>"; };
		DA5A6F132F456DC900060F18 /* ChatInputField.swift */ = {isa = PBXFileReference; lastKnownFileType = sourcecode.swift; path = ChatInputField.swift; sourceTree = "<group>"; };
		DA6549992BEC280E00EDB697 /* ServerMessageView.swift */ = {isa = PBXFileReference; lastKnownFileType = sourcecode.swift; path = ServerMessageView.swift; sourceTree = "<group>"; };
		DA65499B2BEC3FBD00EDB697 /* ServerAgreementView.swift */ = {isa = PBXFileReference; lastKnownFileType = sourcecode.swift; path = ServerAgreementView.swift; sourceTree = "<group>"; };
		DA65499D2BEC438A00EDB697 /* NSWindowBridge.swift */ = {isa = PBXFileReference; lastKnownFileType = sourcecode.swift; path = NSWindowBridge.swift; sourceTree = "<group>"; };
		DA6980782BF80525003E434B /* BetterTextEditor.swift */ = {isa = PBXFileReference; lastKnownFileType = sourcecode.swift; path = BetterTextEditor.swift; sourceTree = "<group>"; };
		DA69807D2BFD449B003E434B /* MessageBoardEditorView.swift */ = {isa = PBXFileReference; lastKnownFileType = sourcecode.swift; path = MessageBoardEditorView.swift; sourceTree = "<group>"; };
		DA6980822BFFD06C003E434B /* BookmarkDocument.swift */ = {isa = PBXFileReference; lastKnownFileType = sourcecode.swift; path = BookmarkDocument.swift; sourceTree = "<group>"; };
		DA72A0DC2B4CD0BF00A0F48A /* NewsEditorView.swift */ = {isa = PBXFileReference; lastKnownFileType = sourcecode.swift; path = NewsEditorView.swift; sourceTree = "<group>"; };
		DA72A0E12B4DAA4000A0F48A /* NewsArticle.swift */ = {isa = PBXFileReference; lastKnownFileType = sourcecode.swift; path = NewsArticle.swift; sourceTree = "<group>"; };
		DA77253E2B21176D006C5ABB /* NewsView.swift */ = {isa = PBXFileReference; lastKnownFileType = sourcecode.swift; path = NewsView.swift; sourceTree = "<group>"; };
		DA7725402B21435B006C5ABB /* ObservableScrollView.swift */ = {isa = PBXFileReference; lastKnownFileType = sourcecode.swift; path = ObservableScrollView.swift; sourceTree = "<group>"; };
		DA81CA0D2ECBAA4200B198C5 /* App Icon.icon */ = {isa = PBXFileReference; lastKnownFileType = folder.iconcomposer.icon; path = "App Icon.icon"; sourceTree = "<group>"; };
		DA872B122BDDBF78008B1012 /* HotlinePanel.swift */ = {isa = PBXFileReference; fileEncoding = 4; lastKnownFileType = sourcecode.swift; path = HotlinePanel.swift; sourceTree = "<group>"; };
		DA872B142BDDEE1A008B1012 /* VisualEffectView.swift */ = {isa = PBXFileReference; lastKnownFileType = sourcecode.swift; path = VisualEffectView.swift; sourceTree = "<group>"; };
		DA99218D2C51AA5D0058FA6C /* HotlineDataBuilder.swift */ = {isa = PBXFileReference; lastKnownFileType = sourcecode.swift; path = HotlineDataBuilder.swift; sourceTree = "<group>"; };
		DA9CAFB72B126D5700CDA197 /* Hotline.app */ = {isa = PBXFileReference; explicitFileType = wrapper.application; includeInIndex = 0; path = Hotline.app; sourceTree = BUILT_PRODUCTS_DIR; };
		DA9CAFBA2B126D5700CDA197 /* MacApp.swift */ = {isa = PBXFileReference; lastKnownFileType = sourcecode.swift; path = MacApp.swift; sourceTree = "<group>"; };
		DA9CAFBC2B126D5700CDA197 /* TrackerView.swift */ = {isa = PBXFileReference; lastKnownFileType = sourcecode.swift; path = TrackerView.swift; sourceTree = "<group>"; };
		DA9CAFC02B126D5800CDA197 /* Assets.xcassets */ = {isa = PBXFileReference; lastKnownFileType = folder.assetcatalog; path = Assets.xcassets; sourceTree = "<group>"; };
		DA9CAFC32B126D5800CDA197 /* Preview Assets.xcassets */ = {isa = PBXFileReference; lastKnownFileType = folder.assetcatalog; path = "Preview Assets.xcassets"; sourceTree = "<group>"; };
		DA9CAFCA2B126E3300CDA197 /* HotlineTrackerClient.swift */ = {isa = PBXFileReference; lastKnownFileType = sourcecode.swift; path = HotlineTrackerClient.swift; sourceTree = "<group>"; };
		DAA15B142F50C96700FAC1B2 /* HotlineState+Users.swift */ = {isa = PBXFileReference; lastKnownFileType = sourcecode.swift; path = "HotlineState+Users.swift"; sourceTree = "<group>"; };
		DAA15B162F50C98D00FAC1B2 /* HotlineState+EventHandlers.swift */ = {isa = PBXFileReference; lastKnownFileType = sourcecode.swift; path = "HotlineState+EventHandlers.swift"; sourceTree = "<group>"; };
		DAA15B182F50C9AE00FAC1B2 /* HotlineState+News.swift */ = {isa = PBXFileReference; lastKnownFileType = sourcecode.swift; path = "HotlineState+News.swift"; sourceTree = "<group>"; };
		DAA15B1A2F50C9D700FAC1B2 /* HotlineState+Files.swift */ = {isa = PBXFileReference; lastKnownFileType = sourcecode.swift; path = "HotlineState+Files.swift"; sourceTree = "<group>"; };
		DAA15B1C2F50C9E000FAC1B2 /* HotlineState+Chat.swift */ = {isa = PBXFileReference; lastKnownFileType = sourcecode.swift; path = "HotlineState+Chat.swift"; sourceTree = "<group>"; };
		DAA15B1E2F50C9E600FAC1B2 /* HotlineState+Connection.swift */ = {isa = PBXFileReference; lastKnownFileType = sourcecode.swift; path = "HotlineState+Connection.swift"; sourceTree = "<group>"; };
		DAA98C3E2F479C20002C6334 /* FilesGridView.swift */ = {isa = PBXFileReference; lastKnownFileType = sourcecode.swift; path = FilesGridView.swift; sourceTree = "<group>"; };
		DAA98C402F479C32002C6334 /* FileActions.swift */ = {isa = PBXFileReference; lastKnownFileType = sourcecode.swift; path = FileActions.swift; sourceTree = "<group>"; };
		DAA98C762F4CFEEE002C6334 /* IdentitySettingsView.swift */ = {isa = PBXFileReference; lastKnownFileType = sourcecode.swift; path = IdentitySettingsView.swift; sourceTree = "<group>"; };
		DAA98C782F4CFEF5002C6334 /* NotificationSettingsView.swift */ = {isa = PBXFileReference; lastKnownFileType = sourcecode.swift; path = NotificationSettingsView.swift; sourceTree = "<group>"; };
		DAA98C7A2F4CFF0B002C6334 /* ChatSettingsView.swift */ = {isa = PBXFileReference; lastKnownFileType = sourcecode.swift; path = ChatSettingsView.swift; sourceTree = "<group>"; };
		DAAEE66A2B3FBC2100A5BA07 /* TransferInfo.swift */ = {isa = PBXFileReference; lastKnownFileType = sourcecode.swift; path = TransferInfo.swift; sourceTree = "<group>"; };
		DAAEE66C2B475F1400A5BA07 /* PreviewFileInfo.swift */ = {isa = PBXFileReference; lastKnownFileType = sourcecode.swift; path = PreviewFileInfo.swift; sourceTree = "<group>"; };
		DAB4D87D2B4C8BCA0048A05C /* FilePreviewTextView.swift */ = {isa = PBXFileReference; lastKnownFileType = sourcecode.swift; path = FilePreviewTextView.swift; sourceTree = "<group>"; };
		DAB4D8812B4C8FED0048A05C /* FileIconView.swift */ = {isa = PBXFileReference; lastKnownFileType = sourcecode.swift; path = FileIconView.swift; sourceTree = "<group>"; };
		DAB4D8832B4CABEF0048A05C /* Extensions.swift */ = {isa = PBXFileReference; lastKnownFileType = sourcecode.swift; path = Extensions.swift; sourceTree = "<group>"; };
		DABAFBE92EC58C170015E889 /* AccountDetailsView.swift */ = {isa = PBXFileReference; lastKnownFileType = sourcecode.swift; path = AccountDetailsView.swift; sourceTree = "<group>"; };
		DABAFBEB2EC5996B0015E889 /* BroadcastMessageSheet.swift */ = {isa = PBXFileReference; lastKnownFileType = sourcecode.swift; path = BroadcastMessageSheet.swift; sourceTree = "<group>"; };
		DABE8BF32B55DC0A00884D28 /* transfer-complete.aiff */ = {isa = PBXFileReference; lastKnownFileType = audio.aiff; path = "transfer-complete.aiff"; sourceTree = "<group>"; };
		DABE8BF52B55DC2E00884D28 /* chat-message.aiff */ = {isa = PBXFileReference; lastKnownFileType = audio.aiff; path = "chat-message.aiff"; sourceTree = "<group>"; };
		DABE8BF72B55DC6100884D28 /* logged-in.aiff */ = {isa = PBXFileReference; lastKnownFileType = audio.aiff; path = "logged-in.aiff"; sourceTree = "<group>"; };
		DABE8BF92B55DC6800884D28 /* user-login.aiff */ = {isa = PBXFileReference; lastKnownFileType = audio.aiff; path = "user-login.aiff"; sourceTree = "<group>"; };
		DABE8BFA2B55DC6800884D28 /* user-logout.aiff */ = {isa = PBXFileReference; lastKnownFileType = audio.aiff; path = "user-logout.aiff"; sourceTree = "<group>"; };
		DABE8BFD2B55E69000884D28 /* error.aiff */ = {isa = PBXFileReference; lastKnownFileType = audio.aiff; path = error.aiff; sourceTree = "<group>"; };
		DABE8BFF2B55E69800884D28 /* server-message.aiff */ = {isa = PBXFileReference; lastKnownFileType = audio.aiff; path = "server-message.aiff"; sourceTree = "<group>"; };
		DABE8C012B55E69D00884D28 /* new-news.aiff */ = {isa = PBXFileReference; lastKnownFileType = audio.aiff; path = "new-news.aiff"; sourceTree = "<group>"; };
		DAC0E4222EC78E1100E999DB /* UserClientInfoSheet.swift */ = {isa = PBXFileReference; lastKnownFileType = sourcecode.swift; path = UserClientInfoSheet.swift; sourceTree = "<group>"; };
		DAC3D9822BC33FD000A727C9 /* AppState.swift */ = {isa = PBXFileReference; lastKnownFileType = sourcecode.swift; path = AppState.swift; sourceTree = "<group>"; };
		DAC6B2DE2EAC6236004E2CBA /* ChatStore.swift */ = {isa = PBXFileReference; lastKnownFileType = sourcecode.swift; path = ChatStore.swift; sourceTree = "<group>"; };
		DAC6B2E12EAEE9EF004E2CBA /* NetSocket.swift */ = {isa = PBXFileReference; lastKnownFileType = sourcecode.swift; path = NetSocket.swift; sourceTree = "<group>"; };
		DAC6B2E32EAFE92F004E2CBA /* SpinningGlobeView.swift */ = {isa = PBXFileReference; lastKnownFileType = sourcecode.swift; path = SpinningGlobeView.swift; sourceTree = "<group>"; };
		DAC87F062C5010E80060FADF /* HotlineExtensions.swift */ = {isa = PBXFileReference; lastKnownFileType = sourcecode.swift; path = HotlineExtensions.swift; sourceTree = "<group>"; };
		DACCE5E02EABE4B4008CDD92 /* AppUpdate.swift */ = {isa = PBXFileReference; lastKnownFileType = sourcecode.swift; path = AppUpdate.swift; sourceTree = "<group>"; };
		DACCE5E22EABE86A008CDD92 /* AppUpdateView.swift */ = {isa = PBXFileReference; lastKnownFileType = sourcecode.swift; path = AppUpdateView.swift; sourceTree = "<group>"; };
		DADDB28A2B22B31F0024040D /* Tracker.swift */ = {isa = PBXFileReference; lastKnownFileType = sourcecode.swift; path = Tracker.swift; sourceTree = "<group>"; };
		DADDB28C2B22B5920024040D /* Server.swift */ = {isa = PBXFileReference; lastKnownFileType = sourcecode.swift; path = Server.swift; sourceTree = "<group>"; };
		DAE136B92B9D1147007D8307 /* HotlinePanelView.swift */ = {isa = PBXFileReference; lastKnownFileType = sourcecode.swift; path = HotlinePanelView.swift; sourceTree = "<group>"; };
		DAE734F82B2E4185000C56F6 /* ServerView.swift */ = {isa = PBXFileReference; lastKnownFileType = sourcecode.swift; path = ServerView.swift; sourceTree = "<group>"; };
		DAE734FA2B2E41F9000C56F6 /* TrackerView.swift */ = {isa = PBXFileReference; lastKnownFileType = sourcecode.swift; path = TrackerView.swift; sourceTree = "<group>"; };
		DAE734FC2B2E65E9000C56F6 /* MessageBoardView.swift */ = {isa = PBXFileReference; lastKnownFileType = sourcecode.swift; path = MessageBoardView.swift; sourceTree = "<group>"; };
		DAE734FE2B2E6750000C56F6 /* ChatView.swift */ = {isa = PBXFileReference; lastKnownFileType = sourcecode.swift; path = ChatView.swift; sourceTree = "<group>"; };
		DAE735002B2E71F2000C56F6 /* FilesView.swift */ = {isa = PBXFileReference; lastKnownFileType = sourcecode.swift; path = FilesView.swift; sourceTree = "<group>"; };
		DAE735022B30C0BB000C56F6 /* MessageView.swift */ = {isa = PBXFileReference; lastKnownFileType = sourcecode.swift; path = MessageView.swift; sourceTree = "<group>"; };
		DAE735042B3218D8000C56F6 /* NewsView.swift */ = {isa = PBXFileReference; lastKnownFileType = sourcecode.swift; path = NewsView.swift; sourceTree = "<group>"; };
		DAE735062B3251B3000C56F6 /* SoundEffects.swift */ = {isa = PBXFileReference; lastKnownFileType = sourcecode.swift; path = SoundEffects.swift; sourceTree = "<group>"; };
		DAF5BC6B2EC2727100551E4D /* ConnectView.swift */ = {isa = PBXFileReference; lastKnownFileType = sourcecode.swift; path = ConnectView.swift; sourceTree = "<group>"; };
		F5E219BD27B4005CD09D3AE4 /* ChatTranscriptView.swift */ = {isa = PBXFileReference; lastKnownFileType = sourcecode.swift; path = ChatTranscriptView.swift; sourceTree = "<group>"; };
/* End PBXFileReference section */

/* Begin PBXFileSystemSynchronizedBuildFileExceptionSet section */
		F8A74500A72D340F8B339DB1 /* PBXFileSystemSynchronizedBuildFileExceptionSet */ = {
			isa = PBXFileSystemSynchronizedBuildFileExceptionSet;
			membershipExceptions = (
				QuickDrawViewer/README.md,
			);
			target = DA9CAFB62B126D5700CDA197 /* Hotline */;
		};
/* End PBXFileSystemSynchronizedBuildFileExceptionSet section */

/* Begin PBXFileSystemSynchronizedRootGroup section */
		4862DCD4AE1AB6E7CAD61D80 /* QuickDraw */ = {isa = PBXFileSystemSynchronizedRootGroup; exceptions = (F8A74500A72D340F8B339DB1 /* PBXFileSystemSynchronizedBuildFileExceptionSet */, ); explicitFileTypes = {}; explicitFolders = (); path = QuickDraw; sourceTree = "<group>"; };
		DA5A6EF32F44F26500060F18 /* HotlineTests */ = {isa = PBXFileSystemSynchronizedRootGroup; explicitFileTypes = {}; explicitFolders = (); path = HotlineTests; sourceTree = "<group>"; };
/* End PBXFileSystemSynchronizedRootGroup section */

/* Begin PBXFrameworksBuildPhase section */
		DA5A6EEF2F44F26500060F18 /* Frameworks */ = {
			isa = PBXFrameworksBuildPhase;
			buildActionMask = 2147483647;
			files = (
			);
			runOnlyForDeploymentPostprocessing = 0;
		};
		DA9CAFB42B126D5700CDA197 /* Frameworks */ = {
			isa = PBXFrameworksBuildPhase;
			buildActionMask = 2147483647;
			files = (
				DA501BEE2EBEC42E001714F8 /* Kingfisher in Frameworks */,
				DACCE5EF2EAC19C9008CDD92 /* SwiftUIIntrospect in Frameworks */,
				DA72A0E02B4DA8CA00A0F48A /* SplitView in Frameworks */,
				DA51B6CA306EE8D30001164B /* Textual in Frameworks */,
			);
			runOnlyForDeploymentPostprocessing = 0;
		};
/* End PBXFrameworksBuildPhase section */

/* Begin PBXGroup section */
		DA3429B12EBA73730010784E /* Transfers */ = {
			isa = PBXGroup;
			children = (
				DA5753672B33E88A00FAC277 /* HotlineTransferClient.swift */,
				DA3429B22EBA7ADE0010784E /* HotlineFilePreviewClient.swift */,
				DA5268B22EB6806E00DCB941 /* HotlineFileDownloadClient.swift */,
				DA3429AD2EB9C0220010784E /* HotlineFileUploadClient.swift */,
				DA5268BB2EB95A7700DCB941 /* HotlineFolderDownloadClient.swift */,
				DA3429AF2EBA70790010784E /* HotlineFolderUploadClient.swift */,
			);
			path = Transfers;
			sourceTree = "<group>";
		};
		DA4B8F3B2EA6FB5F00CBFD53 /* State */ = {
			isa = PBXGroup;
			children = (
				DAC3D9822BC33FD000A727C9 /* AppState.swift */,
				DA5268AC2EB12FE200DCB941 /* ServerState.swift */,
				DA2863D92B37BF6E00A7D050 /* Preferences.swift */,
				DACCE5E02EABE4B4008CDD92 /* AppUpdate.swift */,
				DA3429B42EBA8A450010784E /* FilePreviewState.swift */,
				DA5268B02EB2708E00DCB941 /* HotlineState.swift */,
				DA501BEF2EBED848001714F8 /* BonjourState.swift */,
				DAA15B1E2F50C9E600FAC1B2 /* HotlineState+Connection.swift */,
				DAA15B162F50C98D00FAC1B2 /* HotlineState+EventHandlers.swift */,
				DAA15B1C2F50C9E000FAC1B2 /* HotlineState+Chat.swift */,
				DAA15B142F50C96700FAC1B2 /* HotlineState+Users.swift */,
				DAA15B182F50C9AE00FAC1B2 /* HotlineState+News.swift */,
				DAA15B1A2F50C9D700FAC1B2 /* HotlineState+Files.swift */,
			);
			path = State;
			sourceTree = "<group>";
		};
		DA4B8F3C2EA6FDCE00CBFD53 /* Assets */ = {
			isa = PBXGroup;
			children = (
				DA81CA0D2ECBAA4200B198C5 /* App Icon.icon */,
				DA22F5202F56826C00E2EA02 /* Logo.obj */,
				DABE8BF22B55DBFC00884D28 /* Sounds */,
			);
			path = Assets;
			sourceTree = "<group>";
		};
		DA4F2BF92B1A516F00D8ADDC /* iOS */ = {
			isa = PBXGroup;
			children = (
				DA9CAFBC2B126D5700CDA197 /* TrackerView.swift */,
				DA43205D2B1D615600FC8843 /* ServerView.swift */,
				DA4F2C002B1A558E00D8ADDC /* ChatView.swift */,
				DA0D698C2B1E7CF700C71DF5 /* UsersView.swift */,
				DA77253E2B21176D006C5ABB /* NewsView.swift */,
				DA0D698E2B1E841600C71DF5 /* MessageBoardView.swift */,
				DA0D69902B1E894800C71DF5 /* FilesView.swift */,
			);
			path = iOS;
			sourceTree = "<group>";
		};
		DA501BE02EBE844F001714F8 /* Views */ = {
			isa = PBXGroup;
			children = (
				DA501BE12EBE9018001714F8 /* GroupedIconView.swift */,
				DA872B122BDDBF78008B1012 /* HotlinePanel.swift */,
				DAB4D8812B4C8FED0048A05C /* FileIconView.swift */,
				DA3429B62EBAB1750010784E /* QuickLookPreviewView.swift */,
				DAC6B2E32EAFE92F004E2CBA /* SpinningGlobeView.swift */,
				DA872B142BDDEE1A008B1012 /* VisualEffectView.swift */,
				DA55AC722BE42AF000034857 /* AsyncLinkPreview.swift */,
				DA6980782BF80525003E434B /* BetterTextEditor.swift */,
			);
			path = Views;
			sourceTree = "<group>";
		};
		DA501BE52EBE9520001714F8 /* Trackers */ = {
			isa = PBXGroup;
			children = (
				DAE734FA2B2E41F9000C56F6 /* TrackerView.swift */,
				DA501BE82EBE9589001714F8 /* TrackerItemView.swift */,
				DA501BEA2EBE95B4001714F8 /* TrackerBookmarkServerView.swift */,
				DA501BE62EBE9542001714F8 /* TrackerBookmarkSheet.swift */,
				DA501BE32EBE9517001714F8 /* ServerBookmarkSheet.swift */,
				DA501BF12EBEF415001714F8 /* BonjourServerRow.swift */,
			);
			path = Trackers;
			sourceTree = "<group>";
		};
		DA52689A2EB0737400DCB941 /* Settings */ = {
			isa = PBXGroup;
			children = (
				DA2863D72B37AD1C00A7D050 /* SettingsView.swift */,
				DA52689B2EB0738B00DCB941 /* GeneralSettingsView.swift */,
				DAA98C762F4CFEEE002C6334 /* IdentitySettingsView.swift */,
				DAA98C782F4CFEF5002C6334 /* NotificationSettingsView.swift */,
				DAA98C7A2F4CFF0B002C6334 /* ChatSettingsView.swift */,
				DA52689F2EB073BC00DCB941 /* SoundSettingsView.swift */,
			);
			path = Settings;
			sourceTree = "<group>";
		};
		DA5268A12EB073E600DCB941 /* Files */ = {
			isa = PBXGroup;
			children = (
				DAE735002B2E71F2000C56F6 /* FilesView.swift */,
				DA5268A42EB0743000DCB941 /* FileItemView.swift */,
				DA5268A22EB0741B00DCB941 /* FolderItemView.swift */,
				DAA98C3E2F479C20002C6334 /* FilesGridView.swift */,
				DAA98C402F479C32002C6334 /* FileActions.swift */,
				DA32F1CB2EC4175F00B243BC /* NewFolderPopover.swift */,
				11A726092BE06759000C1DA7 /* FileDetailsSheet.swift */,
				DAB4D87D2B4C8BCA0048A05C /* FilePreviewTextView.swift */,
				DA3429B82EBAB2130010784E /* FilePreviewQuickLookView.swift */,
				63C7BB6A3389106DAB6006D5 /* FilePreviewArchiveView.swift */,
			);
			path = Files;
			sourceTree = "<group>";
		};
		DA5268A62EB0762300DCB941 /* Board */ = {
			isa = PBXGroup;
			children = (
				DAE734FC2B2E65E9000C56F6 /* MessageBoardView.swift */,
				DA69807D2BFD449B003E434B /* MessageBoardEditorView.swift */,
			);
			path = Board;
			sourceTree = "<group>";
		};
		DA5268A72EB0812E00DCB941 /* Accounts */ = {
			isa = PBXGroup;
			children = (
				11F8288A2BF9428100216BA0 /* AccountManagerView.swift */,
				DABAFBE92EC58C170015E889 /* AccountDetailsView.swift */,
			);
			path = Accounts;
			sourceTree = "<group>";
		};
		DA5268A82EB081AF00DCB941 /* Chat */ = {
			isa = PBXGroup;
			children = (
				DAE734FE2B2E6750000C56F6 /* ChatView.swift */,
				DA5A6F112F454D4600060F18 /* ChatTextView.swift */,
				F5E219BD27B4005CD09D3AE4 /* ChatTranscriptView.swift */,
				9BB4153B3305C2F62F1868C3 /* ChatTranscriptTextView.swift */,
				BBE3ACA3E788C6BE871E20E0 /* ChatCodeHighlighter.swift */,
				43B2284214709C056E442BE1 /* ChatLogView.swift */,
				08FE19791A935E8871D7054A /* ChatSearch.swift */,
				6FDF6C825424D089CCFD85EA /* ChatMessageRenderer.swift */,
				6DF11A389B4DE29AEAF66B70 /* ChatImagePreview.swift */,
				DA5A6F132F456DC900060F18 /* ChatInputField.swift */,
				DA6549992BEC280E00EDB697 /* ServerMessageView.swift */,
				DA65499B2BEC3FBD00EDB697 /* ServerAgreementView.swift */,
			);
			path = Chat;
			sourceTree = "<group>";
		};
		DA5268A92EB081DE00DCB941 /* News */ = {
			isa = PBXGroup;
			children = (
				DAE735042B3218D8000C56F6 /* NewsView.swift */,
				DA2D98112BF29D5F0027E4BD /* NewsItemView.swift */,
				DA72A0DC2B4CD0BF00A0F48A /* NewsEditorView.swift */,
			);
			path = News;
			sourceTree = "<group>";
		};
		DA5268B62EB916AB00DCB941 /* NetSocket */ = {
			isa = PBXGroup;
			children = (
				DAC6B2E12EAEE9EF004E2CBA /* NetSocket.swift */,
				DA5268B92EB91B5E00DCB941 /* FileProgress.swift */,
				DA5268B72EB916AF00DCB941 /* TransferRateEstimator.swift */,
			);
			path = NetSocket;
			sourceTree = "<group>";
		};
		DA9CAFAE2B126D5700CDA197 = {
			isa = PBXGroup;
			children = (
				DA9CAFB92B126D5700CDA197 /* Hotline */,
				DA5A6EF32F44F26500060F18 /* HotlineTests */,
				DA9CAFB82B126D5700CDA197 /* Products */,
			);
			sourceTree = "<group>";
		};
		DA9CAFB82B126D5700CDA197 /* Products */ = {
			isa = PBXGroup;
			children = (
				DA9CAFB72B126D5700CDA197 /* Hotline.app */,
				DA5A6EF22F44F26500060F18 /* HotlineTests.xctest */,
			);
			name = Products;
			sourceTree = "<group>";
		};
		DA9CAFB92B126D5700CDA197 /* Hotline */ = {
			isa = PBXGroup;
			children = (
				DA9CAFBA2B126D5700CDA197 /* MacApp.swift */,
				DA4B8F392EA6FB3C00CBFD53 /* iOSApp.swift */,
				DA4F2BF92B1A516F00D8ADDC /* iOS */,
				DAE734F72B2E4126000C56F6 /* macOS */,
				DAC6B2DF2EAC6236004E2CBA /* Managers */,
				DA4B8F3B2EA6FB5F00CBFD53 /* State */,
				DADDB2892B22B2C60024040D /* Models */,
				DABFCC262B1530AE009F40D2 /* Hotline */,
				DAB4D87C2B4B783A0048A05C /* Library */,
				DA4B8F3C2EA6FDCE00CBFD53 /* Assets */,
				DA9CAFC02B126D5800CDA197 /* Assets.xcassets */,
				DA32CD472B28EE640053B98B /* Info.plist */,
				DA2863DB2B37DBE000A7D050 /* Hotline.entitlements */,
				DA9CAFC22B126D5800CDA197 /* Preview Content */,
			);
			path = Hotline;
			sourceTree = "<group>";
		};
		DA9CAFC22B126D5800CDA197 /* Preview Content */ = {
			isa = PBXGroup;
			children = (
				DA9CAFC32B126D5800CDA197 /* Preview Assets.xcassets */,
			);
			path = "Preview Content";
			sourceTree = "<group>";
		};
		DAB4D87C2B4B783A0048A05C /* Library */ = {
			isa = PBXGroup;
			children = (
				DAB4D8832B4CABEF0048A05C /* Extensions.swift */,
				40947154AAF1E7674DD534FF /* ZipArchive.swift */,
				29DC01975D5706755CFBFE66 /* Archive.swift */,
				05A0352CEAB8BAC6395F0CB6 /* CompactProArchive.swift */,
				7FC35CCCD4BD119E453E4100 /* XARArchive.swift */,
				43274A6A673C9471F719D980 /* MacBinary.swift */,
				A7341B898EE4921F2C3CF13E /* BinHex.swift */,
				6002BAA6187486986175C6EA /* DiskImage.swift */,
				212E067259FE5C85B1C909E6 /* ISO9660.swift */,
				77EFA5B8FE6BCDEAAF0D8E4C /* DiskCopyImage.swift */,
				DA5268AA2EB11EA300DCB941 /* ColorArt.swift */,
				DA55AC782BE6A1AD00034857 /* RegularExpressions.swift */,
				DA6980822BFFD06C003E434B /* BookmarkDocument.swift */,
				DA501BE02EBE844F001714F8 /* Views */,
				DA5268B62EB916AB00DCB941 /* NetSocket */,
				4862DCD4AE1AB6E7CAD61D80 /* QuickDraw */,
				DABFCC272B1530BE009F40D2 /* Utility */,
			);
			path = Library;
			sourceTree = "<group>";
		};
		DABE8BF22B55DBFC00884D28 /* Sounds */ = {
			isa = PBXGroup;
			children = (
				DABE8BF72B55DC6100884D28 /* logged-in.aiff */,
				DABE8BF52B55DC2E00884D28 /* chat-message.aiff */,
				DABE8BF32B55DC0A00884D28 /* transfer-complete.aiff */,
				DABE8BF92B55DC6800884D28 /* user-login.aiff */,
				DABE8BFA2B55DC6800884D28 /* user-logout.aiff */,
				DABE8BFD2B55E69000884D28 /* error.aiff */,
				DABE8C012B55E69D00884D28 /* new-news.aiff */,
				DABE8BFF2B55E69800884D28 /* server-message.aiff */,
			);
			path = Sounds;
			sourceTree = "<group>";
		};
		DABFCC262B1530AE009F40D2 /* Hotline */ = {
			isa = PBXGroup;
			children = (
				DA5268AE2EB2682B00DCB941 /* HotlineClient.swift */,
				DA9CAFCA2B126E3300CDA197 /* HotlineTrackerClient.swift */,
				DA3429B12EBA73730010784E /* Transfers */,
				DA4F2BF72B16A17200D8ADDC /* HotlineProtocol.swift */,
				DAC87F062C5010E80060FADF /* HotlineExtensions.swift */,
				DA99218D2C51AA5D0058FA6C /* HotlineDataBuilder.swift */,
			);
			path = Hotline;
			sourceTree = "<group>";
		};
		DABFCC272B1530BE009F40D2 /* Utility */ = {
			isa = PBXGroup;
			children = (
				DA7725402B21435B006C5ABB /* ObservableScrollView.swift */,
				DA57536B2B36BA1D00FAC277 /* TextDocument.swift */,
				DA65499D2BEC438A00EDB697 /* NSWindowBridge.swift */,
			);
			path = Utility;
			sourceTree = "<group>";
		};
		DAC6B2DF2EAC6236004E2CBA /* Managers */ = {
			isa = PBXGroup;
			children = (
				DAE735062B3251B3000C56F6 /* SoundEffects.swift */,
				DAC6B2DE2EAC6236004E2CBA /* ChatStore.swift */,
				0396E4EF8544986A8B51D08E /* BannerCache.swift */,
			);
			path = Managers;
			sourceTree = "<group>";
		};
		DADDB2892B22B2C60024040D /* Models */ = {
			isa = PBXGroup;
			children = (
				DADDB28A2B22B31F0024040D /* Tracker.swift */,
				DADDB28C2B22B5920024040D /* Server.swift */,
				DA32CD482B2931640053B98B /* User.swift */,
				11A726072BE0672A000C1DA7 /* FileDetails.swift */,
				DA32CD4A2B29318E0053B98B /* FileInfo.swift */,
				DAAEE66A2B3FBC2100A5BA07 /* TransferInfo.swift */,
				DA2863DC2B3E8B7000A7D050 /* FilePreview.swift */,
				DA32CD4C2B2931B50053B98B /* ChatMessage.swift */,
				DA55AC742BE4888300034857 /* InstantMessage.swift */,
				DA32CD4E2B2931CC0053B98B /* NewsInfo.swift */,
				DA72A0E12B4DAA4000A0F48A /* NewsArticle.swift */,
				DAAEE66C2B475F1400A5BA07 /* PreviewFileInfo.swift */,
				DA20BBE02BF5237600B94E7C /* Bookmark.swift */,
			);
			path = Models;
			sourceTree = "<group>";
		};
		DAE734F72B2E4126000C56F6 /* macOS */ = {
			isa = PBXGroup;
			children = (
				DAE734F82B2E4185000C56F6 /* ServerView.swift */,
				5EA59B43BA1935EFCD162F4B /* ServerTheme.swift */,
				DA55AC762BE589F700034857 /* AboutView.swift */,
				DACCE5E22EABE86A008CDD92 /* AppUpdateView.swift */,
				DAE136B92B9D1147007D8307 /* HotlinePanelView.swift */,
				DAF5BC6B2EC2727100551E4D /* ConnectView.swift */,
				4FC75DCF747BDE0557CFF5CA /* ServerSuggestions.swift */,
				DAE735022B30C0BB000C56F6 /* MessageView.swift */,
				DAC0E4222EC78E1100E999DB /* UserClientInfoSheet.swift */,
				DA5268B42EB6840A00DCB941 /* TransfersView.swift */,
				DABAFBEB2EC5996B0015E889 /* BroadcastMessageSheet.swift */,
				DA501BE52EBE9520001714F8 /* Trackers */,
				DA5268A82EB081AF00DCB941 /* Chat */,
				DA5268A62EB0762300DCB941 /* Board */,
				DA5268A92EB081DE00DCB941 /* News */,
				DA5268A12EB073E600DCB941 /* Files */,
				DA5268A72EB0812E00DCB941 /* Accounts */,
				DA52689A2EB0737400DCB941 /* Settings */,
				DA22F51E2F56477400E2EA02 /* OnboardingView.swift */,
				DA22F5222F5748AE00E2EA02 /* SpinningLogoView.swift */,
			);
			path = macOS;
			sourceTree = "<group>";
		};
/* End PBXGroup section */

/* Begin PBXNativeTarget section */
		DA5A6EF12F44F26500060F18 /* HotlineTests */ = {
			isa = PBXNativeTarget;
			buildConfigurationList = DA5A6EFA2F44F26500060F18 /* Build configuration list for PBXNativeTarget "HotlineTests" */;
			buildPhases = (
				DA5A6EEE2F44F26500060F18 /* Sources */,
				DA5A6EEF2F44F26500060F18 /* Frameworks */,
				DA5A6EF02F44F26500060F18 /* Resources */,
			);
			buildRules = (
			);
			dependencies = (
				DA5A6EF72F44F26500060F18 /* PBXTargetDependency */,
			);
			fileSystemSynchronizedGroups = (
				DA5A6EF32F44F26500060F18 /* HotlineTests */,
			);
			name = HotlineTests;
			packageProductDependencies = (
			);
			productName = HotlineTests;
			productReference = DA5A6EF22F44F26500060F18 /* HotlineTests.xctest */;
			productType = "com.apple.product-type.bundle.unit-test";
		};
		DA9CAFB62B126D5700CDA197 /* Hotline */ = {
			isa = PBXNativeTarget;
			buildConfigurationList = DA9CAFC72B126D5800CDA197 /* Build configuration list for PBXNativeTarget "Hotline" */;
			buildPhases = (
				DA9CAFB32B126D5700CDA197 /* Sources */,
				DA9CAFB42B126D5700CDA197 /* Frameworks */,
				DA9CAFB52B126D5700CDA197 /* Resources */,
				DA090E433A02DD750F7F3A27 /* Remove Unused Math Fonts */,
			);
			buildRules = (
			);
			dependencies = (
			);
			fileSystemSynchronizedGroups = (
				4862DCD4AE1AB6E7CAD61D80 /* QuickDraw */,
			);
			name = Hotline;
			packageProductDependencies = (
				DA72A0DF2B4DA8CA00A0F48A /* SplitView */,
				DACCE5EE2EAC19C9008CDD92 /* SwiftUIIntrospect */,
				DA501BED2EBEC42E001714F8 /* Kingfisher */,
				DA51B6C9306EE8D30001164B /* Textual */,
			);
			productName = Hotline;
			productReference = DA9CAFB72B126D5700CDA197 /* Hotline.app */;
			productType = "com.apple.product-type.application";
		};
/* End PBXNativeTarget section */

/* Begin PBXProject section */
		DA9CAFAF2B126D5700CDA197 /* Project object */ = {
			isa = PBXProject;
			attributes = {
				BuildIndependentTargetsInParallel = 1;
				LastSwiftUpdateCheck = 2610;
				LastUpgradeCheck = 2640;
				TargetAttributes = {
					DA5A6EF12F44F26500060F18 = {
						CreatedOnToolsVersion = 26.1;
						TestTargetID = DA9CAFB62B126D5700CDA197;
					};
					DA9CAFB62B126D5700CDA197 = {
						CreatedOnToolsVersion = 15.0.1;
					};
				};
			};
			buildConfigurationList = DA9CAFB22B126D5700CDA197 /* Build configuration list for PBXProject "Hotline" */;
			compatibilityVersion = "Xcode 14.0";
			developmentRegion = en;
			hasScannedForEncodings = 0;
			knownRegions = (
				en,
				Base,
			);
			mainGroup = DA9CAFAE2B126D5700CDA197;
			packageReferences = (
				DA72A0DE2B4DA8CA00A0F48A /* XCRemoteSwiftPackageReference "SplitView" */,
				DACCE5ED2EAC19C9008CDD92 /* XCRemoteSwiftPackageReference "SwiftUI-Introspect" */,
				DA501BEC2EBEC42E001714F8 /* XCRemoteSwiftPackageReference "Kingfisher" */,
				DA51B6C8306EE8D30001164B /* XCRemoteSwiftPackageReference "textual" */,
			);
			productRefGroup = DA9CAFB82B126D5700CDA197 /* Products */;
			projectDirPath = "";
			projectRoot = "";
			targets = (
				DA9CAFB62B126D5700CDA197 /* Hotline */,
				DA5A6EF12F44F26500060F18 /* HotlineTests */,
			);
		};
/* End PBXProject section */

/* Begin PBXResourcesBuildPhase section */
		DA5A6EF02F44F26500060F18 /* Resources */ = {
			isa = PBXResourcesBuildPhase;
			buildActionMask = 2147483647;
			files = (
			);
			runOnlyForDeploymentPostprocessing = 0;
		};
		DA9CAFB52B126D5700CDA197 /* Resources */ = {
			isa = PBXResourcesBuildPhase;
			buildActionMask = 2147483647;
			files = (
				DABE8BFE2B55E69000884D28 /* error.aiff in Resources */,
				DABE8BF42B55DC0A00884D28 /* transfer-complete.aiff in Resources */,
				DABE8C002B55E69800884D28 /* server-message.aiff in Resources */,
				DA81CA0E2ECBAA4200B198C5 /* App Icon.icon in Resources */,
				DABE8C022B55E69D00884D28 /* new-news.aiff in Resources */,
				DABE8BFC2B55DC6800884D28 /* user-logout.aiff in Resources */,
				DABE8BF62B55DC2E00884D28 /* chat-message.aiff in Resources */,
				DABE8BFB2B55DC6800884D28 /* user-login.aiff in Resources */,
				DA9CAFC42B126D5800CDA197 /* Preview Assets.xcassets in Resources */,
				DABE8BF82B55DC6100884D28 /* logged-in.aiff in Resources */,
				DA22F5212F56826C00E2EA02 /* Logo.obj in Resources */,
				DA9CAFC12B126D5800CDA197 /* Assets.xcassets in Resources */,
			);
			runOnlyForDeploymentPostprocessing = 0;
		};
/* End PBXResourcesBuildPhase section */

/* Begin PBXShellScriptBuildPhase section */
		DA090E433A02DD750F7F3A27 /* Remove Unused Math Fonts */ = {
			isa = PBXShellScriptBuildPhase;
			alwaysOutOfDate = 1;
			buildActionMask = 2147483647;
			files = (
			);
			inputFileListPaths = (
			);
			inputPaths = (
				"$(TARGET_BUILD_DIR)/$(UNLOCALIZED_RESOURCES_FOLDER_PATH)/swiftui-math_SwiftUIMath.bundle",
			);
			name = "Remove Unused Math Fonts";
			outputFileListPaths = (
			);
			outputPaths = (
				"$(TARGET_BUILD_DIR)/$(UNLOCALIZED_RESOURCES_FOLDER_PATH)/swiftui-math_SwiftUIMath.bundle/Contents/Resources/mathFonts.bundle",
			);
			runOnlyForDeploymentPostprocessing = 0;
			shellPath = /bin/sh;
			shellScript = "# Textual typesets math with swiftui-math, which brings a dozen math fonts. Hotline only ever uses\n# Textual's default, Latin Modern, for math code blocks, so keep that one and remove the rest, about\n# 6 MB. The license files stay.\nfonts=\"${TARGET_BUILD_DIR}/${UNLOCALIZED_RESOURCES_FOLDER_PATH}/swiftui-math_SwiftUIMath.bundle/Contents/Resources/mathFonts.bundle\"\nif [ ! -f \"${fonts}/latinmodern-math.otf\" ]; then\n  echo \"warning: Couldn't find swiftui-math's Latin Modern font, so left its fonts alone. Check the Remove Unused Math Fonts build phase.\"\n  exit 0\nfi\nfind \"${fonts}\" -type f \\( -name '*.otf' -o -name '*.plist' \\) ! -name 'latinmodern-math.*' -delete\n";
		};
/* End PBXShellScriptBuildPhase section */

/* Begin PBXSourcesBuildPhase section */
		DA5A6EEE2F44F26500060F18 /* Sources */ = {
			isa = PBXSourcesBuildPhase;
			buildActionMask = 2147483647;
			files = (
			);
			runOnlyForDeploymentPostprocessing = 0;
		};
		DA9CAFB32B126D5700CDA197 /* Sources */ = {
			isa = PBXSourcesBuildPhase;
			buildActionMask = 2147483647;
			files = (
				DA32CD4D2B2931B50053B98B /* ChatMessage.swift in Sources */,
				DA3429B92EBAB2130010784E /* FilePreviewQuickLookView.swift in Sources */,
				B92D35988223060DA309FF5D /* FilePreviewArchiveView.swift in Sources */,
				DA43205E2B1D615600FC8843 /* ServerView.swift in Sources */,
				DA0D69912B1E894800C71DF5 /* FilesView.swift in Sources */,
				DAC3D9832BC33FD000A727C9 /* AppState.swift in Sources */,
				DA65499C2BEC3FBD00EDB697 /* ServerAgreementView.swift in Sources */,
				DABAFBEA2EC58C170015E889 /* AccountDetailsView.swift in Sources */,
				DAA15B1F2F50C9E600FAC1B2 /* HotlineState+Connection.swift in Sources */,
				DA5268BC2EB95A7700DCB941 /* HotlineFolderDownloadClient.swift in Sources */,
				DA2863DD2B3E8B7000A7D050 /* FilePreview.swift in Sources */,
				DAA15B1B2F50C9D700FAC1B2 /* HotlineState+Files.swift in Sources */,
				DA3429B02EBA70790010784E /* HotlineFolderUploadClient.swift in Sources */,
				DA5268AB2EB11EA300DCB941 /* ColorArt.swift in Sources */,
				DA2863D82B37AD1C00A7D050 /* SettingsView.swift in Sources */,
				DA5268BA2EB91B5E00DCB941 /* FileProgress.swift in Sources */,
				DA7725412B21435B006C5ABB /* ObservableScrollView.swift in Sources */,
				DAA15B152F50C96700FAC1B2 /* HotlineState+Users.swift in Sources */,
				DAE734FF2B2E6750000C56F6 /* ChatView.swift in Sources */,
				DA5268B52EB6840A00DCB941 /* TransfersView.swift in Sources */,
				DA501BE42EBE9517001714F8 /* ServerBookmarkSheet.swift in Sources */,
				11F8288B2BF9428100216BA0 /* AccountManagerView.swift in Sources */,
				DAC6B2E42EAFE92F004E2CBA /* SpinningGlobeView.swift in Sources */,
				DADDB28D2B22B5920024040D /* Server.swift in Sources */,
				DA5268AF2EB2682B00DCB941 /* HotlineClient.swift in Sources */,
				DA55AC772BE589F700034857 /* AboutView.swift in Sources */,
				DA72A0E22B4DAA4000A0F48A /* NewsArticle.swift in Sources */,
				DAE734FB2B2E41F9000C56F6 /* TrackerView.swift in Sources */,
				DAA98C412F479C32002C6334 /* FileActions.swift in Sources */,
				DA5268A32EB0741B00DCB941 /* FolderItemView.swift in Sources */,
				DAE136BA2B9D1147007D8307 /* HotlinePanelView.swift in Sources */,
				DA501BE22EBE9018001714F8 /* GroupedIconView.swift in Sources */,
				11A726082BE0672A000C1DA7 /* FileDetails.swift in Sources */,
				DA9CAFBD2B126D5700CDA197 /* TrackerView.swift in Sources */,
				DA5268B82EB916AF00DCB941 /* TransferRateEstimator.swift in Sources */,
				DA3429B52EBA8A450010784E /* FilePreviewState.swift in Sources */,
				DA6980792BF80525003E434B /* BetterTextEditor.swift in Sources */,
				DA55AC732BE42AF000034857 /* AsyncLinkPreview.swift in Sources */,
				DA65499E2BEC438A00EDB697 /* NSWindowBridge.swift in Sources */,
				DAE735032B30C0BB000C56F6 /* MessageView.swift in Sources */,
				DA32CD4B2B29318E0053B98B /* FileInfo.swift in Sources */,
				DAF5BC6C2EC2727700551E4D /* ConnectView.swift in Sources */,
				7D7AFEB7DF73D88A4C75F882 /* ServerSuggestions.swift in Sources */,
				9618C46F9D5DFA8A622BE24D /* ServerTheme.swift in Sources */,
				DA20BBE12BF5237600B94E7C /* Bookmark.swift in Sources */,
				DA3429B32EBA7ADF0010784E /* HotlineFilePreviewClient.swift in Sources */,
				DA9CAFCB2B126E3300CDA197 /* HotlineTrackerClient.swift in Sources */,
				DA2863DA2B37BF6E00A7D050 /* Preferences.swift in Sources */,
				DA32CD4F2B2931CC0053B98B /* NewsInfo.swift in Sources */,
				DA9CAFBB2B126D5700CDA197 /* MacApp.swift in Sources */,
				DAAEE66B2B3FBC2100A5BA07 /* TransferInfo.swift in Sources */,
				DA32F1CC2EC4175F00B243BC /* NewFolderPopover.swift in Sources */,
				DA0D698F2B1E841600C71DF5 /* MessageBoardView.swift in Sources */,
				DAE735072B3251B3000C56F6 /* SoundEffects.swift in Sources */,
				DA55AC752BE4888300034857 /* InstantMessage.swift in Sources */,
				DA69807E2BFD449B003E434B /* MessageBoardEditorView.swift in Sources */,
				DAE735012B2E71F2000C56F6 /* FilesView.swift in Sources */,
				DA5268B12EB2708E00DCB941 /* HotlineState.swift in Sources */,
				DA55AC792BE6A1AD00034857 /* RegularExpressions.swift in Sources */,
				DA5268A02EB073BC00DCB941 /* SoundSettingsView.swift in Sources */,
				11A7260A2BE0675A000C1DA7 /* FileDetailsSheet.swift in Sources */,
				DA72A0DD2B4CD0BF00A0F48A /* NewsEditorView.swift in Sources */,
				DA52689C2EB0738B00DCB941 /* GeneralSettingsView.swift in Sources */,
				DA501BE92EBE9589001714F8 /* TrackerItemView.swift in Sources */,
				DAA15B172F50C98D00FAC1B2 /* HotlineState+EventHandlers.swift in Sources */,
				DA5A6F142F456DC900060F18 /* ChatInputField.swift in Sources */,
				DA57536C2B36BA1D00FAC277 /* TextDocument.swift in Sources */,
				DACCE5E12EABE4B4008CDD92 /* AppUpdate.swift in Sources */,
				DA5268AD2EB12FE200DCB941 /* ServerState.swift in Sources */,
				DA77253F2B21176D006C5ABB /* NewsView.swift in Sources */,
				DAC6B2E22EAEE9FE004E2CBA /* NetSocket.swift in Sources */,
				DA501BEB2EBE95B4001714F8 /* TrackerBookmarkServerView.swift in Sources */,
				DA99218E2C51AA5D0058FA6C /* HotlineDataBuilder.swift in Sources */,
				DA872B132BDDBF78008B1012 /* HotlinePanel.swift in Sources */,
				DA4B8F3A2EA6FB3C00CBFD53 /* iOSApp.swift in Sources */,
				DA4F2BF82B16A17200D8ADDC /* HotlineProtocol.swift in Sources */,
				DA5753682B33E88A00FAC277 /* HotlineTransferClient.swift in Sources */,
				DAB4D8822B4C8FED0048A05C /* FileIconView.swift in Sources */,
				DA65499A2BEC280E00EDB697 /* ServerMessageView.swift in Sources */,
				DA501BF02EBED848001714F8 /* BonjourState.swift in Sources */,
				DAA98C792F4CFEF5002C6334 /* NotificationSettingsView.swift in Sources */,
				DAA98C7B2F4CFF0B002C6334 /* ChatSettingsView.swift in Sources */,
				DA872B152BDDEE1A008B1012 /* VisualEffectView.swift in Sources */,
				DA3429AE2EB9C0280010784E /* HotlineFileUploadClient.swift in Sources */,
				DAAEE66D2B475F1400A5BA07 /* PreviewFileInfo.swift in Sources */,
				DAB4D8842B4CABEF0048A05C /* Extensions.swift in Sources */,
				74BA695EDF308FC1CB040C8B /* ZipArchive.swift in Sources */,
				E857068A15E5072FDA5B881D /* Archive.swift in Sources */,
				FCF117AFBA8F08B52477AC80 /* CompactProArchive.swift in Sources */,
				A002A460BF1E0E92399AB6BC /* XARArchive.swift in Sources */,
				36EA38D955AD67524BF4290D /* MacBinary.swift in Sources */,
				74E6D6FF679AB7EF240A91A4 /* BinHex.swift in Sources */,
				75C68B588D2565F54C93DBD8 /* DiskImage.swift in Sources */,
				DE0DC6CCCFAA3A55E7B1148F /* ISO9660.swift in Sources */,
				E7061C2BDA51FC9D1CAF1BB8 /* DiskCopyImage.swift in Sources */,
				DA22F5232F5748AE00E2EA02 /* SpinningLogoView.swift in Sources */,
				DA0D698D2B1E7CF700C71DF5 /* UsersView.swift in Sources */,
				DAE735052B3218D8000C56F6 /* NewsView.swift in Sources */,
				DA5268A52EB0743000DCB941 /* FileItemView.swift in Sources */,
				DAA98C3F2F479C20002C6334 /* FilesGridView.swift in Sources */,
				DAE734F92B2E4185000C56F6 /* ServerView.swift in Sources */,
				DA2D98122BF29D5F0027E4BD /* NewsItemView.swift in Sources */,
				DADDB28B2B22B31F0024040D /* Tracker.swift in Sources */,
				DAC87F072C5010E80060FADF /* HotlineExtensions.swift in Sources */,
				DAE734FD2B2E65E9000C56F6 /* MessageBoardView.swift in Sources */,
				DAA15B1D2F50C9E000FAC1B2 /* HotlineState+Chat.swift in Sources */,
				DA6980832BFFD06C003E434B /* BookmarkDocument.swift in Sources */,
				DA501BF22EBEF415001714F8 /* BonjourServerRow.swift in Sources */,
				DAA15B192F50C9AE00FAC1B2 /* HotlineState+News.swift in Sources */,
				DAA98C772F4CFEEE002C6334 /* IdentitySettingsView.swift in Sources */,
				DA501BE72EBE9542001714F8 /* TrackerBookmarkSheet.swift in Sources */,
				DAB4D87E2B4C8BCA0048A05C /* FilePreviewTextView.swift in Sources */,
				DA5A6F122F454D4600060F18 /* ChatTextView.swift in Sources */,
				8D3E4565628F763A7277DA53 /* ChatTranscriptView.swift in Sources */,
				3EA91235C2B1662A012BD27C /* ChatTranscriptTextView.swift in Sources */,
				B80C9D251E65A1F31D0CE0C9 /* ChatMessageRenderer.swift in Sources */,
				03B76AD263F0CFCEE5D9F844 /* ChatCodeHighlighter.swift in Sources */,
				5F5812D6AF9CDCF967ACA922 /* ChatLogView.swift in Sources */,
				150AFBF8EF104EE99BCB084A /* ChatSearch.swift in Sources */,
				0080D3056237065F81E4BDF8 /* ChatImagePreview.swift in Sources */,
				DA22F51F2F56477400E2EA02 /* OnboardingView.swift in Sources */,
				DA3429B72EBAB1750010784E /* QuickLookPreviewView.swift in Sources */,
				DABAFBEC2EC599700015E889 /* BroadcastMessageSheet.swift in Sources */,
				DA4F2C012B1A558E00D8ADDC /* ChatView.swift in Sources */,
				DA5268B32EB6806E00DCB941 /* HotlineFileDownloadClient.swift in Sources */,
				DACCE5E32EABE86A008CDD92 /* AppUpdateView.swift in Sources */,
				DAC6B2E02EAC6236004E2CBA /* ChatStore.swift in Sources */,
				443438BC804C8366ED678933 /* BannerCache.swift in Sources */,
				DAC0E4232EC78E1100E999DB /* UserClientInfoSheet.swift in Sources */,
				DA32CD492B2931640053B98B /* User.swift in Sources */,
			);
			runOnlyForDeploymentPostprocessing = 0;
		};
/* End PBXSourcesBuildPhase section */

/* Begin PBXTargetDependency section */
		DA5A6EF72F44F26500060F18 /* PBXTargetDependency */ = {
			isa = PBXTargetDependency;
			target = DA9CAFB62B126D5700CDA197 /* Hotline */;
			targetProxy = DA5A6EF62F44F26500060F18 /* PBXContainerItemProxy */;
		};
/* End PBXTargetDependency section */

/* Begin XCBuildConfiguration section */
		DA5A6EF82F44F26500060F18 /* Debug */ = {
			isa = XCBuildConfiguration;
			buildSettings = {
				BUNDLE_LOADER = "$(TEST_HOST)";
				CODE_SIGN_STYLE = Automatic;
				CURRENT_PROJECT_VERSION = 1;
				DEAD_CODE_STRIPPING = YES;
				DEVELOPMENT_TEAM = 5AEEV7QB2U;
				GENERATE_INFOPLIST_FILE = YES;
				MACOSX_DEPLOYMENT_TARGET = 26.1;
				MARKETING_VERSION = 1.0;
				PRODUCT_BUNDLE_IDENTIFIER = co.goodmake.HotlineTests;
				PRODUCT_NAME = "$(TARGET_NAME)";
				SDKROOT = macosx;
				STRING_CATALOG_GENERATE_SYMBOLS = NO;
				SWIFT_APPROACHABLE_CONCURRENCY = YES;
				SWIFT_EMIT_LOC_STRINGS = NO;
				SWIFT_UPCOMING_FEATURE_MEMBER_IMPORT_VISIBILITY = YES;
				SWIFT_VERSION = 5.0;
				TEST_HOST = "$(BUILT_PRODUCTS_DIR)/Hotline.app/$(BUNDLE_EXECUTABLE_FOLDER_PATH)/Hotline";
			};
			name = Debug;
		};
		DA5A6EF92F44F26500060F18 /* Release */ = {
			isa = XCBuildConfiguration;
			buildSettings = {
				BUNDLE_LOADER = "$(TEST_HOST)";
				CODE_SIGN_STYLE = Automatic;
				CURRENT_PROJECT_VERSION = 1;
				DEAD_CODE_STRIPPING = YES;
				DEVELOPMENT_TEAM = 5AEEV7QB2U;
				GENERATE_INFOPLIST_FILE = YES;
				MACOSX_DEPLOYMENT_TARGET = 26.1;
				MARKETING_VERSION = 1.0;
				PRODUCT_BUNDLE_IDENTIFIER = co.goodmake.HotlineTests;
				PRODUCT_NAME = "$(TARGET_NAME)";
				SDKROOT = macosx;
				STRING_CATALOG_GENERATE_SYMBOLS = NO;
				SWIFT_APPROACHABLE_CONCURRENCY = YES;
				SWIFT_EMIT_LOC_STRINGS = NO;
				SWIFT_UPCOMING_FEATURE_MEMBER_IMPORT_VISIBILITY = YES;
				SWIFT_VERSION = 5.0;
				TEST_HOST = "$(BUILT_PRODUCTS_DIR)/Hotline.app/$(BUNDLE_EXECUTABLE_FOLDER_PATH)/Hotline";
			};
			name = Release;
		};
		DA9CAFC52B126D5800CDA197 /* Debug */ = {
			isa = XCBuildConfiguration;
			buildSettings = {
				ALWAYS_SEARCH_USER_PATHS = NO;
				ASSETCATALOG_COMPILER_GENERATE_SWIFT_ASSET_SYMBOL_EXTENSIONS = YES;
				CLANG_ANALYZER_NONNULL = YES;
				CLANG_ANALYZER_NUMBER_OBJECT_CONVERSION = YES_AGGRESSIVE;
				CLANG_CXX_LANGUAGE_STANDARD = "gnu++20";
				CLANG_ENABLE_MODULES = YES;
				CLANG_ENABLE_OBJC_ARC = YES;
				CLANG_ENABLE_OBJC_WEAK = YES;
				CLANG_WARN_BLOCK_CAPTURE_AUTORELEASING = YES;
				CLANG_WARN_BOOL_CONVERSION = YES;
				CLANG_WARN_COMMA = YES;
				CLANG_WARN_CONSTANT_CONVERSION = YES;
				CLANG_WARN_DEPRECATED_OBJC_IMPLEMENTATIONS = YES;
				CLANG_WARN_DIRECT_OBJC_ISA_USAGE = YES_ERROR;
				CLANG_WARN_DOCUMENTATION_COMMENTS = YES;
				CLANG_WARN_EMPTY_BODY = YES;
				CLANG_WARN_ENUM_CONVERSION = YES;
				CLANG_WARN_INFINITE_RECURSION = YES;
				CLANG_WARN_INT_CONVERSION = YES;
				CLANG_WARN_NON_LITERAL_NULL_CONVERSION = YES;
				CLANG_WARN_OBJC_IMPLICIT_RETAIN_SELF = YES;
				CLANG_WARN_OBJC_LITERAL_CONVERSION = YES;
				CLANG_WARN_OBJC_ROOT_CLASS = YES_ERROR;
				CLANG_WARN_QUOTED_INCLUDE_IN_FRAMEWORK_HEADER = YES;
				CLANG_WARN_RANGE_LOOP_ANALYSIS = YES;
				CLANG_WARN_STRICT_PROTOTYPES = YES;
				CLANG_WARN_SUSPICIOUS_MOVE = YES;
				CLANG_WARN_UNGUARDED_AVAILABILITY = YES_AGGRESSIVE;
				CLANG_WARN_UNREACHABLE_CODE = YES;
				CLANG_WARN__DUPLICATE_METHOD_MATCH = YES;
				COPY_PHASE_STRIP = NO;
				DEBUG_INFORMATION_FORMAT = dwarf;
				DEVELOPMENT_TEAM = 5AEEV7QB2U;
				ENABLE_STRICT_OBJC_MSGSEND = YES;
				ENABLE_TESTABILITY = YES;
				ENABLE_USER_SCRIPT_SANDBOXING = YES;
				GCC_C_LANGUAGE_STANDARD = gnu17;
				GCC_DYNAMIC_NO_PIC = NO;
				GCC_NO_COMMON_BLOCKS = YES;
				GCC_OPTIMIZATION_LEVEL = 0;
				GCC_PREPROCESSOR_DEFINITIONS = (
					"DEBUG=1",
					"$(inherited)",
				);
				GCC_WARN_64_TO_32_BIT_CONVERSION = YES;
				GCC_WARN_ABOUT_RETURN_TYPE = YES_ERROR;
				GCC_WARN_UNDECLARED_SELECTOR = YES;
				GCC_WARN_UNINITIALIZED_AUTOS = YES_AGGRESSIVE;
				GCC_WARN_UNUSED_FUNCTION = YES;
				GCC_WARN_UNUSED_VARIABLE = YES;
				IPHONEOS_DEPLOYMENT_TARGET = 17.0;
				LOCALIZATION_PREFERS_STRING_CATALOGS = YES;
				MTL_ENABLE_DEBUG_INFO = INCLUDE_SOURCE;
				MTL_FAST_MATH = YES;
				ONLY_ACTIVE_ARCH = YES;
				SDKROOT = iphoneos;
				STRING_CATALOG_GENERATE_SYMBOLS = YES;
				SWIFT_ACTIVE_COMPILATION_CONDITIONS = "DEBUG $(inherited)";
				SWIFT_OPTIMIZATION_LEVEL = "-Onone";
			};
			name = Debug;
		};
		DA9CAFC62B126D5800CDA197 /* Release */ = {
			isa = XCBuildConfiguration;
			buildSettings = {
				ALWAYS_SEARCH_USER_PATHS = NO;
				ASSETCATALOG_COMPILER_GENERATE_SWIFT_ASSET_SYMBOL_EXTENSIONS = YES;
				CLANG_ANALYZER_NONNULL = YES;
				CLANG_ANALYZER_NUMBER_OBJECT_CONVERSION = YES_AGGRESSIVE;
				CLANG_CXX_LANGUAGE_STANDARD = "gnu++20";
				CLANG_ENABLE_MODULES = YES;
				CLANG_ENABLE_OBJC_ARC = YES;
				CLANG_ENABLE_OBJC_WEAK = YES;
				CLANG_WARN_BLOCK_CAPTURE_AUTORELEASING = YES;
				CLANG_WARN_BOOL_CONVERSION = YES;
				CLANG_WARN_COMMA = YES;
				CLANG_WARN_CONSTANT_CONVERSION = YES;
				CLANG_WARN_DEPRECATED_OBJC_IMPLEMENTATIONS = YES;
				CLANG_WARN_DIRECT_OBJC_ISA_USAGE = YES_ERROR;
				CLANG_WARN_DOCUMENTATION_COMMENTS = YES;
				CLANG_WARN_EMPTY_BODY = YES;
				CLANG_WARN_ENUM_CONVERSION = YES;
				CLANG_WARN_INFINITE_RECURSION = YES;
				CLANG_WARN_INT_CONVERSION = YES;
				CLANG_WARN_NON_LITERAL_NULL_CONVERSION = YES;
				CLANG_WARN_OBJC_IMPLICIT_RETAIN_SELF = YES;
				CLANG_WARN_OBJC_LITERAL_CONVERSION = YES;
				CLANG_WARN_OBJC_ROOT_CLASS = YES_ERROR;
				CLANG_WARN_QUOTED_INCLUDE_IN_FRAMEWORK_HEADER = YES;
				CLANG_WARN_RANGE_LOOP_ANALYSIS = YES;
				CLANG_WARN_STRICT_PROTOTYPES = YES;
				CLANG_WARN_SUSPICIOUS_MOVE = YES;
				CLANG_WARN_UNGUARDED_AVAILABILITY = YES_AGGRESSIVE;
				CLANG_WARN_UNREACHABLE_CODE = YES;
				CLANG_WARN__DUPLICATE_METHOD_MATCH = YES;
				COPY_PHASE_STRIP = NO;
				DEBUG_INFORMATION_FORMAT = "dwarf-with-dsym";
				DEVELOPMENT_TEAM = 5AEEV7QB2U;
				ENABLE_NS_ASSERTIONS = NO;
				ENABLE_STRICT_OBJC_MSGSEND = YES;
				ENABLE_USER_SCRIPT_SANDBOXING = YES;
				GCC_C_LANGUAGE_STANDARD = gnu17;
				GCC_NO_COMMON_BLOCKS = YES;
				GCC_WARN_64_TO_32_BIT_CONVERSION = YES;
				GCC_WARN_ABOUT_RETURN_TYPE = YES_ERROR;
				GCC_WARN_UNDECLARED_SELECTOR = YES;
				GCC_WARN_UNINITIALIZED_AUTOS = YES_AGGRESSIVE;
				GCC_WARN_UNUSED_FUNCTION = YES;
				GCC_WARN_UNUSED_VARIABLE = YES;
				IPHONEOS_DEPLOYMENT_TARGET = 17.0;
				LOCALIZATION_PREFERS_STRING_CATALOGS = YES;
				MTL_ENABLE_DEBUG_INFO = NO;
				MTL_FAST_MATH = YES;
				SDKROOT = iphoneos;
				STRING_CATALOG_GENERATE_SYMBOLS = YES;
				SWIFT_COMPILATION_MODE = wholemodule;
				VALIDATE_PRODUCT = YES;
			};
			name = Release;
		};
		DA9CAFC82B126D5800CDA197 /* Debug */ = {
			isa = XCBuildConfiguration;
			buildSettings = {
				ASSETCATALOG_COMPILER_APPICON_NAME = "App Icon";
				ASSETCATALOG_COMPILER_GLOBAL_ACCENT_COLOR_NAME = AccentColor;
				CODE_SIGN_ENTITLEMENTS = Hotline/Hotline.entitlements;
				"CODE_SIGN_IDENTITY[sdk=macosx*]" = "Apple Development";
				CODE_SIGN_STYLE = Automatic;
				CURRENT_PROJECT_VERSION = 29;
				DEVELOPMENT_ASSET_PATHS = "\"Hotline/Preview Content\"";
				ENABLE_APP_SANDBOX = YES;
				ENABLE_FILE_ACCESS_DOWNLOADS_FOLDER = readwrite;
				"ENABLE_HARDENED_RUNTIME[sdk=macosx*]" = YES;
				ENABLE_INCOMING_NETWORK_CONNECTIONS = NO;
				ENABLE_OUTGOING_NETWORK_CONNECTIONS = YES;
				ENABLE_PREVIEWS = YES;
				ENABLE_RESOURCE_ACCESS_AUDIO_INPUT = NO;
				ENABLE_RESOURCE_ACCESS_BLUETOOTH = NO;
				ENABLE_RESOURCE_ACCESS_CALENDARS = NO;
				ENABLE_RESOURCE_ACCESS_CAMERA = NO;
				ENABLE_RESOURCE_ACCESS_CONTACTS = NO;
				ENABLE_RESOURCE_ACCESS_LOCATION = NO;
				ENABLE_RESOURCE_ACCESS_PRINTING = NO;
				ENABLE_RESOURCE_ACCESS_USB = NO;
				ENABLE_USER_SELECTED_FILES = readwrite;
				GENERATE_INFOPLIST_FILE = YES;
				INFOPLIST_FILE = Hotline/Info.plist;
				INFOPLIST_KEY_CFBundleDisplayName = Hotline;
				INFOPLIST_KEY_LSApplicationCategoryType = "public.app-category.social-networking";
				INFOPLIST_KEY_UIApplicationSceneManifest_Generation = YES;
				INFOPLIST_KEY_UIApplicationSupportsIndirectInputEvents = YES;
				INFOPLIST_KEY_UILaunchScreen_Generation = YES;
				INFOPLIST_KEY_UISupportedInterfaceOrientations_iPad = "UIInterfaceOrientationPortrait UIInterfaceOrientationPortraitUpsideDown UIInterfaceOrientationLandscapeLeft UIInterfaceOrientationLandscapeRight";
				INFOPLIST_KEY_UISupportedInterfaceOrientations_iPhone = "UIInterfaceOrientationPortrait UIInterfaceOrientationLandscapeLeft UIInterfaceOrientationLandscapeRight";
				IPHONEOS_DEPLOYMENT_TARGET = 17.2;
				LD_RUNPATH_SEARCH_PATHS = "$(inherited)";
				MACOSX_DEPLOYMENT_TARGET = 15.6;
				MARKETING_VERSION = 1.0;
				PRODUCT_BUNDLE_IDENTIFIER = co.goodmake.hotline;
				PRODUCT_NAME = "$(TARGET_NAME)";
				SUPPORTED_PLATFORMS = "iphoneos iphonesimulator macosx";
				SUPPORTS_MACCATALYST = NO;
				SUPPORTS_MAC_DESIGNED_FOR_IPHONE_IPAD = NO;
				SWIFT_EMIT_LOC_STRINGS = YES;
				SWIFT_VERSION = 5.0;
				TARGETED_DEVICE_FAMILY = "1,2";
			};
			name = Debug;
		};
		DA9CAFC92B126D5800CDA197 /* Release */ = {
			isa = XCBuildConfiguration;
			buildSettings = {
				ASSETCATALOG_COMPILER_APPICON_NAME = "App Icon";
				ASSETCATALOG_COMPILER_GLOBAL_ACCENT_COLOR_NAME = AccentColor;
				CODE_SIGN_ENTITLEMENTS = Hotline/Hotline.entitlements;
				"CODE_SIGN_IDENTITY[sdk=macosx*]" = "Apple Development";
				CODE_SIGN_STYLE = Automatic;
				CURRENT_PROJECT_VERSION = 29;
				DEVELOPMENT_ASSET_PATHS = "\"Hotline/Preview Content\"";
				ENABLE_APP_SANDBOX = YES;
				ENABLE_FILE_ACCESS_DOWNLOADS_FOLDER = readwrite;
				"ENABLE_HARDENED_RUNTIME[sdk=macosx*]" = YES;
				ENABLE_INCOMING_NETWORK_CONNECTIONS = NO;
				ENABLE_OUTGOING_NETWORK_CONNECTIONS = YES;
				ENABLE_PREVIEWS = YES;
				ENABLE_RESOURCE_ACCESS_AUDIO_INPUT = NO;
				ENABLE_RESOURCE_ACCESS_BLUETOOTH = NO;
				ENABLE_RESOURCE_ACCESS_CALENDARS = NO;
				ENABLE_RESOURCE_ACCESS_CAMERA = NO;
				ENABLE_RESOURCE_ACCESS_CONTACTS = NO;
				ENABLE_RESOURCE_ACCESS_LOCATION = NO;
				ENABLE_RESOURCE_ACCESS_PRINTING = NO;
				ENABLE_RESOURCE_ACCESS_USB = NO;
				ENABLE_USER_SELECTED_FILES = readwrite;
				GENERATE_INFOPLIST_FILE = YES;
				INFOPLIST_FILE = Hotline/Info.plist;
				INFOPLIST_KEY_CFBundleDisplayName = Hotline;
				INFOPLIST_KEY_LSApplicationCategoryType = "public.app-category.social-networking";
				INFOPLIST_KEY_UIApplicationSceneManifest_Generation = YES;
				INFOPLIST_KEY_UIApplicationSupportsIndirectInputEvents = YES;
				INFOPLIST_KEY_UILaunchScreen_Generation = YES;
				INFOPLIST_KEY_UISupportedInterfaceOrientations_iPad = "UIInterfaceOrientationPortrait UIInterfaceOrientationPortraitUpsideDown UIInterfaceOrientationLandscapeLeft UIInterfaceOrientationLandscapeRight";
				INFOPLIST_KEY_UISupportedInterfaceOrientations_iPhone = "UIInterfaceOrientationPortrait UIInterfaceOrientationLandscapeLeft UIInterfaceOrientationLandscapeRight";
				IPHONEOS_DEPLOYMENT_TARGET = 17.2;
				LD_RUNPATH_SEARCH_PATHS = "$(inherited)";
				MACOSX_DEPLOYMENT_TARGET = 15.6;
				MARKETING_VERSION = 1.0;
				PRODUCT_BUNDLE_IDENTIFIER = co.goodmake.hotline;
				PRODUCT_NAME = "$(TARGET_NAME)";
				SUPPORTED_PLATFORMS = "iphoneos iphonesimulator macosx";
				SUPPORTS_MACCATALYST = NO;
				SUPPORTS_MAC_DESIGNED_FOR_IPHONE_IPAD = NO;
				SWIFT_EMIT_LOC_STRINGS = YES;
				SWIFT_VERSION = 5.0;
				TARGETED_DEVICE_FAMILY = "1,2";
			};
			name = Release;
		};
/* End XCBuildConfiguration section */

/* Begin XCConfigurationList section */
		DA5A6EFA2F44F26500060F18 /* Build configuration list for PBXNativeTarget "HotlineTests" */ = {
			isa = XCConfigurationList;
			buildConfigurations = (
				DA5A6EF82F44F26500060F18 /* Debug */,
				DA5A6EF92F44F26500060F18 /* Release */,
			);
			defaultConfigurationIsVisible = 0;
			defaultConfigurationName = Release;
		};
		DA9CAFB22B126D5700CDA197 /* Build configuration list for PBXProject "Hotline" */ = {
			isa = XCConfigurationList;
			buildConfigurations = (
				DA9CAFC52B126D5800CDA197 /* Debug */,
				DA9CAFC62B126D5800CDA197 /* Release */,
			);
			defaultConfigurationIsVisible = 0;
			defaultConfigurationName = Release;
		};
		DA9CAFC72B126D5800CDA197 /* Build configuration list for PBXNativeTarget "Hotline" */ = {
			isa = XCConfigurationList;
			buildConfigurations = (
				DA9CAFC82B126D5800CDA197 /* Debug */,
				DA9CAFC92B126D5800CDA197 /* Release */,
			);
			defaultConfigurationIsVisible = 0;
			defaultConfigurationName = Release;
		};
/* End XCConfigurationList section */

/* Begin XCRemoteSwiftPackageReference section */
		DA501BEC2EBEC42E001714F8 /* XCRemoteSwiftPackageReference "Kingfisher" */ = {
			isa = XCRemoteSwiftPackageReference;
			repositoryURL = "https://github.com/onevcat/Kingfisher";
			requirement = {
				kind = upToNextMajorVersion;
				minimumVersion = 8.6.1;
			};
		};
		DA51B6C8306EE8D30001164B /* XCRemoteSwiftPackageReference "textual" */ = {
			isa = XCRemoteSwiftPackageReference;
			repositoryURL = "https://github.com/gonzalezreal/textual";
			requirement = {
				kind = upToNextMajorVersion;
				minimumVersion = 0.5.0;
			};
		};
		DA72A0DE2B4DA8CA00A0F48A /* XCRemoteSwiftPackageReference "SplitView" */ = {
			isa = XCRemoteSwiftPackageReference;
			repositoryURL = "https://github.com/stevengharris/SplitView";
			requirement = {
				kind = upToNextMajorVersion;
				minimumVersion = 3.5.0;
			};
		};
		DACCE5ED2EAC19C9008CDD92 /* XCRemoteSwiftPackageReference "SwiftUI-Introspect" */ = {
			isa = XCRemoteSwiftPackageReference;
			repositoryURL = "https://github.com/siteline/SwiftUI-Introspect";
			requirement = {
				kind = upToNextMajorVersion;
				minimumVersion = 26.0.0;
			};
		};
/* End XCRemoteSwiftPackageReference section */

/* Begin XCSwiftPackageProductDependency section */
		DA501BED2EBEC42E001714F8 /* Kingfisher */ = {
			isa = XCSwiftPackageProductDependency;
			package = DA501BEC2EBEC42E001714F8 /* XCRemoteSwiftPackageReference "Kingfisher" */;
			productName = Kingfisher;
		};
		DA51B6C9306EE8D30001164B /* Textual */ = {
			isa = XCSwiftPackageProductDependency;
			package = DA51B6C8306EE8D30001164B /* XCRemoteSwiftPackageReference "textual" */;
			productName = Textual;
		};
		DA72A0DF2B4DA8CA00A0F48A /* SplitView */ = {
			isa = XCSwiftPackageProductDependency;
			package = DA72A0DE2B4DA8CA00A0F48A /* XCRemoteSwiftPackageReference "SplitView" */;
			productName = SplitView;
		};
		DACCE5EE2EAC19C9008CDD92 /* SwiftUIIntrospect */ = {
			isa = XCSwiftPackageProductDependency;
			package = DACCE5ED2EAC19C9008CDD92 /* XCRemoteSwiftPackageReference "SwiftUI-Introspect" */;
			productName = SwiftUIIntrospect;
		};
/* End XCSwiftPackageProductDependency section */
	};
	rootObject = DA9CAFAF2B126D5700CDA197 /* Project object */;
}
