// !$*UTF8*$!
{
	archiveVersion = 1;
	classes = {
	};
	objectVersion = 56;
	objects = {

/* Begin PBXBuildFile section */
		DA0D698B2B1E5A5200C71DF5 /* HotlineState.swift in Sources */ = {isa = PBXBuildFile; fileRef = DA0D698A2B1E5A5200C71DF5 /* HotlineState.swift */; };
		DA0D698D2B1E7CF700C71DF5 /* UserListView.swift in Sources */ = {isa = PBXBuildFile; fileRef = DA0D698C2B1E7CF700C71DF5 /* UserListView.swift */; };
		DA0D698F2B1E841600C71DF5 /* MessageBoardView.swift in Sources */ = {isa = PBXBuildFile; fileRef = DA0D698E2B1E841600C71DF5 /* MessageBoardView.swift */; };
		DA0D69912B1E894800C71DF5 /* FilesView.swift in Sources */ = {isa = PBXBuildFile; fileRef = DA0D69902B1E894800C71DF5 /* FilesView.swift */; };
		DA43205C2B1D003B00FC8843 /* HotlineClientModel.swift in Sources */ = {isa = PBXBuildFile; fileRef = DA43205B2B1D003B00FC8843 /* HotlineClientModel.swift */; };
		DA43205E2B1D615600FC8843 /* ServerView.swift in Sources */ = {isa = PBXBuildFile; fileRef = DA43205D2B1D615600FC8843 /* ServerView.swift */; };
		DA4F2BF62B1668A700D8ADDC /* HotlineClient.swift in Sources */ = {isa = PBXBuildFile; fileRef = DA4F2BF52B1668A700D8ADDC /* HotlineClient.swift */; };
		DA4F2BF82B16A17200D8ADDC /* HotlineProtocol.swift in Sources */ = {isa = PBXBuildFile; fileRef = DA4F2BF72B16A17200D8ADDC /* HotlineProtocol.swift */; };
		DA4F2C012B1A558E00D8ADDC /* ChatView.swift in Sources */ = {isa = PBXBuildFile; fileRef = DA4F2C002B1A558E00D8ADDC /* ChatView.swift */; };
		DA77253F2B21176D006C5ABB /* NewsView.swift in Sources */ = {isa = PBXBuildFile; fileRef = DA77253E2B21176D006C5ABB /* NewsView.swift */; };
		DA7725412B21435B006C5ABB /* ObservableScrollView.swift in Sources */ = {isa = PBXBuildFile; fileRef = DA7725402B21435B006C5ABB /* ObservableScrollView.swift */; };
		DA9CAFBB2B126D5700CDA197 /* HotlineApp.swift in Sources */ = {isa = PBXBuildFile; fileRef = DA9CAFBA2B126D5700CDA197 /* HotlineApp.swift */; };
		DA9CAFBD2B126D5700CDA197 /* TrackerView.swift in Sources */ = {isa = PBXBuildFile; fileRef = DA9CAFBC2B126D5700CDA197 /* TrackerView.swift */; };
		DA9CAFC12B126D5800CDA197 /* Assets.xcassets in Resources */ = {isa = PBXBuildFile; fileRef = DA9CAFC02B126D5800CDA197 /* Assets.xcassets */; };
		DA9CAFC42B126D5800CDA197 /* Preview Assets.xcassets in Resources */ = {isa = PBXBuildFile; fileRef = DA9CAFC32B126D5800CDA197 /* Preview Assets.xcassets */; };
		DA9CAFCB2B126E3300CDA197 /* HotlineTrackerClient.swift in Sources */ = {isa = PBXBuildFile; fileRef = DA9CAFCA2B126E3300CDA197 /* HotlineTrackerClient.swift */; };
		DABFCC292B1530DC009F40D2 /* FoundationExtensions.swift in Sources */ = {isa = PBXBuildFile; fileRef = DABFCC282B1530DC009F40D2 /* FoundationExtensions.swift */; };
		DAC002192B21630900A6C290 /* SwiftUIExtensions.swift in Sources */ = {isa = PBXBuildFile; fileRef = DAC002182B21630900A6C290 /* SwiftUIExtensions.swift */; };
		DADDB28B2B22B31F0024040D /* Tracker.swift in Sources */ = {isa = PBXBuildFile; fileRef = DADDB28A2B22B31F0024040D /* Tracker.swift */; };
		DADDB28D2B22B5920024040D /* Server.swift in Sources */ = {isa = PBXBuildFile; fileRef = DADDB28C2B22B5920024040D /* Server.swift */; };
		DADDB28F2B238D850024040D /* Hotline.swift in Sources */ = {isa = PBXBuildFile; fileRef = DADDB28E2B238D850024040D /* Hotline.swift */; };
/* End PBXBuildFile section */

/* Begin PBXFileReference section */
		DA0D698A2B1E5A5200C71DF5 /* HotlineState.swift */ = {isa = PBXFileReference; lastKnownFileType = sourcecode.swift; path = HotlineState.swift; sourceTree = "<group>"; };
		DA0D698C2B1E7CF700C71DF5 /* UserListView.swift */ = {isa = PBXFileReference; lastKnownFileType = sourcecode.swift; path = UserListView.swift; sourceTree = "<group>"; };
		DA0D698E2B1E841600C71DF5 /* MessageBoardView.swift */ = {isa = PBXFileReference; lastKnownFileType = sourcecode.swift; path = MessageBoardView.swift; sourceTree = "<group>"; };
		DA0D69902B1E894800C71DF5 /* FilesView.swift */ = {isa = PBXFileReference; lastKnownFileType = sourcecode.swift; path = FilesView.swift; sourceTree = "<group>"; };
		DA43205B2B1D003B00FC8843 /* HotlineClientModel.swift */ = {isa = PBXFileReference; lastKnownFileType = sourcecode.swift; path = HotlineClientModel.swift; sourceTree = "<group>"; };
		DA43205D2B1D615600FC8843 /* ServerView.swift */ = {isa = PBXFileReference; lastKnownFileType = sourcecode.swift; path = ServerView.swift; sourceTree = "<group>"; };
		DA4F2BF52B1668A700D8ADDC /* HotlineClient.swift */ = {isa = PBXFileReference; lastKnownFileType = sourcecode.swift; path = HotlineClient.swift; sourceTree = "<group>"; };
		DA4F2BF72B16A17200D8ADDC /* HotlineProtocol.swift */ = {isa = PBXFileReference; lastKnownFileType = sourcecode.swift; path = HotlineProtocol.swift; sourceTree = "<group>"; };
		DA4F2C002B1A558E00D8ADDC /* ChatView.swift */ = {isa = PBXFileReference; lastKnownFileType = sourcecode.swift; path = ChatView.swift; sourceTree = "<group>"; };
		DA77253E2B21176D006C5ABB /* NewsView.swift */ = {isa = PBXFileReference; lastKnownFileType = sourcecode.swift; path = NewsView.swift; sourceTree = "<group>"; };
		DA7725402B21435B006C5ABB /* ObservableScrollView.swift */ = {isa = PBXFileReference; lastKnownFileType = sourcecode.swift; path = ObservableScrollView.swift; sourceTree = "<group>"; };
		DA9CAFB72B126D5700CDA197 /* Hotline.app */ = {isa = PBXFileReference; explicitFileType = wrapper.application; includeInIndex = 0; path = Hotline.app; sourceTree = BUILT_PRODUCTS_DIR; };
		DA9CAFBA2B126D5700CDA197 /* HotlineApp.swift */ = {isa = PBXFileReference; lastKnownFileType = sourcecode.swift; path = HotlineApp.swift; sourceTree = "<group>"; };
		DA9CAFBC2B126D5700CDA197 /* TrackerView.swift */ = {isa = PBXFileReference; lastKnownFileType = sourcecode.swift; path = TrackerView.swift; sourceTree = "<group>"; };
		DA9CAFC02B126D5800CDA197 /* Assets.xcassets */ = {isa = PBXFileReference; lastKnownFileType = folder.assetcatalog; path = Assets.xcassets; sourceTree = "<group>"; };
		DA9CAFC32B126D5800CDA197 /* Preview Assets.xcassets */ = {isa = PBXFileReference; lastKnownFileType = folder.assetcatalog; path = "Preview Assets.xcassets"; sourceTree = "<group>"; };
		DA9CAFCA2B126E3300CDA197 /* HotlineTrackerClient.swift */ = {isa = PBXFileReference; lastKnownFileType = sourcecode.swift; path = HotlineTrackerClient.swift; sourceTree = "<group>"; };
		DABFCC282B1530DC009F40D2 /* FoundationExtensions.swift */ = {isa = PBXFileReference; lastKnownFileType = sourcecode.swift; path = FoundationExtensions.swift; sourceTree = "<group>"; };
		DAC002182B21630900A6C290 /* SwiftUIExtensions.swift */ = {isa = PBXFileReference; lastKnownFileType = sourcecode.swift; path = SwiftUIExtensions.swift; sourceTree = "<group>"; };
		DADDB28A2B22B31F0024040D /* Tracker.swift */ = {isa = PBXFileReference; lastKnownFileType = sourcecode.swift; path = Tracker.swift; sourceTree = "<group>"; };
		DADDB28C2B22B5920024040D /* Server.swift */ = {isa = PBXFileReference; lastKnownFileType = sourcecode.swift; path = Server.swift; sourceTree = "<group>"; };
		DADDB28E2B238D850024040D /* Hotline.swift */ = {isa = PBXFileReference; lastKnownFileType = sourcecode.swift; path = Hotline.swift; sourceTree = "<group>"; };
/* End PBXFileReference section */

/* Begin PBXFrameworksBuildPhase section */
		DA9CAFB42B126D5700CDA197 /* Frameworks */ = {
			isa = PBXFrameworksBuildPhase;
			buildActionMask = 2147483647;
			files = (
			);
			runOnlyForDeploymentPostprocessing = 0;
		};
/* End PBXFrameworksBuildPhase section */

/* Begin PBXGroup section */
		DA4F2BF92B1A516F00D8ADDC /* Views */ = {
			isa = PBXGroup;
			children = (
				DA0D698E2B1E841600C71DF5 /* MessageBoardView.swift */,
				DA77253E2B21176D006C5ABB /* NewsView.swift */,
				DA43205D2B1D615600FC8843 /* ServerView.swift */,
				DA4F2C002B1A558E00D8ADDC /* ChatView.swift */,
				DA0D698C2B1E7CF700C71DF5 /* UserListView.swift */,
				DA0D69902B1E894800C71DF5 /* FilesView.swift */,
				DA9CAFBC2B126D5700CDA197 /* TrackerView.swift */,
			);
			path = Views;
			sourceTree = "<group>";
		};
		DA9CAFAE2B126D5700CDA197 = {
			isa = PBXGroup;
			children = (
				DA9CAFB92B126D5700CDA197 /* Hotline */,
				DA9CAFB82B126D5700CDA197 /* Products */,
			);
			sourceTree = "<group>";
		};
		DA9CAFB82B126D5700CDA197 /* Products */ = {
			isa = PBXGroup;
			children = (
				DA9CAFB72B126D5700CDA197 /* Hotline.app */,
			);
			name = Products;
			sourceTree = "<group>";
		};
		DA9CAFB92B126D5700CDA197 /* Hotline */ = {
			isa = PBXGroup;
			children = (
				DA9CAFBA2B126D5700CDA197 /* HotlineApp.swift */,
				DA0D698A2B1E5A5200C71DF5 /* HotlineState.swift */,
				DA4F2BF92B1A516F00D8ADDC /* Views */,
				DADDB2892B22B2C60024040D /* Models */,
				DABFCC262B1530AE009F40D2 /* Hotline */,
				DABFCC272B1530BE009F40D2 /* Utility */,
				DA9CAFC02B126D5800CDA197 /* Assets.xcassets */,
				DA9CAFC22B126D5800CDA197 /* Preview Content */,
			);
			path = Hotline;
			sourceTree = "<group>";
		};
		DA9CAFC22B126D5800CDA197 /* Preview Content */ = {
			isa = PBXGroup;
			children = (
				DA9CAFC32B126D5800CDA197 /* Preview Assets.xcassets */,
			);
			path = "Preview Content";
			sourceTree = "<group>";
		};
		DABFCC262B1530AE009F40D2 /* Hotline */ = {
			isa = PBXGroup;
			children = (
				DA4F2BF52B1668A700D8ADDC /* HotlineClient.swift */,
				DA9CAFCA2B126E3300CDA197 /* HotlineTrackerClient.swift */,
				DA4F2BF72B16A17200D8ADDC /* HotlineProtocol.swift */,
				DA43205B2B1D003B00FC8843 /* HotlineClientModel.swift */,
			);
			path = Hotline;
			sourceTree = "<group>";
		};
		DABFCC272B1530BE009F40D2 /* Utility */ = {
			isa = PBXGroup;
			children = (
				DABFCC282B1530DC009F40D2 /* FoundationExtensions.swift */,
				DAC002182B21630900A6C290 /* SwiftUIExtensions.swift */,
				DA7725402B21435B006C5ABB /* ObservableScrollView.swift */,
			);
			path = Utility;
			sourceTree = "<group>";
		};
		DADDB2892B22B2C60024040D /* Models */ = {
			isa = PBXGroup;
			children = (
				DADDB28C2B22B5920024040D /* Server.swift */,
				DADDB28E2B238D850024040D /* Hotline.swift */,
				DADDB28A2B22B31F0024040D /* Tracker.swift */,
			);
			path = Models;
			sourceTree = "<group>";
		};
/* End PBXGroup section */

/* Begin PBXNativeTarget section */
		DA9CAFB62B126D5700CDA197 /* Hotline */ = {
			isa = PBXNativeTarget;
			buildConfigurationList = DA9CAFC72B126D5800CDA197 /* Build configuration list for PBXNativeTarget "Hotline" */;
			buildPhases = (
				DA9CAFB32B126D5700CDA197 /* Sources */,
				DA9CAFB42B126D5700CDA197 /* Frameworks */,
				DA9CAFB52B126D5700CDA197 /* Resources */,
			);
			buildRules = (
			);
			dependencies = (
			);
			name = Hotline;
			productName = Hotline;
			productReference = DA9CAFB72B126D5700CDA197 /* Hotline.app */;
			productType = "com.apple.product-type.application";
		};
/* End PBXNativeTarget section */

/* Begin PBXProject section */
		DA9CAFAF2B126D5700CDA197 /* Project object */ = {
			isa = PBXProject;
			attributes = {
				BuildIndependentTargetsInParallel = 1;
				LastSwiftUpdateCheck = 1500;
				LastUpgradeCheck = 1500;
				TargetAttributes = {
					DA9CAFB62B126D5700CDA197 = {
						CreatedOnToolsVersion = 15.0.1;
					};
				};
			};
			buildConfigurationList = DA9CAFB22B126D5700CDA197 /* Build configuration list for PBXProject "Hotline" */;
			compatibilityVersion = "Xcode 14.0";
			developmentRegion = en;
			hasScannedForEncodings = 0;
			knownRegions = (
				en,
				Base,
			);
			mainGroup = DA9CAFAE2B126D5700CDA197;
			productRefGroup = DA9CAFB82B126D5700CDA197 /* Products */;
			projectDirPath = "";
			projectRoot = "";
			targets = (
				DA9CAFB62B126D5700CDA197 /* Hotline */,
			);
		};
/* End PBXProject section */

/* Begin PBXResourcesBuildPhase section */
		DA9CAFB52B126D5700CDA197 /* Resources */ = {
			isa = PBXResourcesBuildPhase;
			buildActionMask = 2147483647;
			files = (
				DA9CAFC42B126D5800CDA197 /* Preview Assets.xcassets in Resources */,
				DA9CAFC12B126D5800CDA197 /* Assets.xcassets in Resources */,
			);
			runOnlyForDeploymentPostprocessing = 0;
		};
/* End PBXResourcesBuildPhase section */

/* Begin PBXSourcesBuildPhase section */
		DA9CAFB32B126D5700CDA197 /* Sources */ = {
			isa = PBXSourcesBuildPhase;
			buildActionMask = 2147483647;
			files = (
				DA43205C2B1D003B00FC8843 /* HotlineClientModel.swift in Sources */,
				DA43205E2B1D615600FC8843 /* ServerView.swift in Sources */,
				DA0D69912B1E894800C71DF5 /* FilesView.swift in Sources */,
				DA0D698B2B1E5A5200C71DF5 /* HotlineState.swift in Sources */,
				DA7725412B21435B006C5ABB /* ObservableScrollView.swift in Sources */,
				DAC002192B21630900A6C290 /* SwiftUIExtensions.swift in Sources */,
				DADDB28F2B238D850024040D /* Hotline.swift in Sources */,
				DADDB28D2B22B5920024040D /* Server.swift in Sources */,
				DA9CAFBD2B126D5700CDA197 /* TrackerView.swift in Sources */,
				DA9CAFCB2B126E3300CDA197 /* HotlineTrackerClient.swift in Sources */,
				DA9CAFBB2B126D5700CDA197 /* HotlineApp.swift in Sources */,
				DA0D698F2B1E841600C71DF5 /* MessageBoardView.swift in Sources */,
				DA4F2BF62B1668A700D8ADDC /* HotlineClient.swift in Sources */,
				DABFCC292B1530DC009F40D2 /* FoundationExtensions.swift in Sources */,
				DA77253F2B21176D006C5ABB /* NewsView.swift in Sources */,
				DA4F2BF82B16A17200D8ADDC /* HotlineProtocol.swift in Sources */,
				DA0D698D2B1E7CF700C71DF5 /* UserListView.swift in Sources */,
				DADDB28B2B22B31F0024040D /* Tracker.swift in Sources */,
				DA4F2C012B1A558E00D8ADDC /* ChatView.swift in Sources */,
			);
			runOnlyForDeploymentPostprocessing = 0;
		};
/* End PBXSourcesBuildPhase section */

/* Begin XCBuildConfiguration section */
		DA9CAFC52B126D5800CDA197 /* Debug */ = {
			isa = XCBuildConfiguration;
			buildSettings = {
				ALWAYS_SEARCH_USER_PATHS = NO;
				ASSETCATALOG_COMPILER_GENERATE_SWIFT_ASSET_SYMBOL_EXTENSIONS = YES;
				CLANG_ANALYZER_NONNULL = YES;
				CLANG_ANALYZER_NUMBER_OBJECT_CONVERSION = YES_AGGRESSIVE;
				CLANG_CXX_LANGUAGE_STANDARD = "gnu++20";
				CLANG_ENABLE_MODULES = YES;
				CLANG_ENABLE_OBJC_ARC = YES;
				CLANG_ENABLE_OBJC_WEAK = YES;
				CLANG_WARN_BLOCK_CAPTURE_AUTORELEASING = YES;
				CLANG_WARN_BOOL_CONVERSION = YES;
				CLANG_WARN_COMMA = YES;
				CLANG_WARN_CONSTANT_CONVERSION = YES;
				CLANG_WARN_DEPRECATED_OBJC_IMPLEMENTATIONS = YES;
				CLANG_WARN_DIRECT_OBJC_ISA_USAGE = YES_ERROR;
				CLANG_WARN_DOCUMENTATION_COMMENTS = YES;
				CLANG_WARN_EMPTY_BODY = YES;
				CLANG_WARN_ENUM_CONVERSION = YES;
				CLANG_WARN_INFINITE_RECURSION = YES;
				CLANG_WARN_INT_CONVERSION = YES;
				CLANG_WARN_NON_LITERAL_NULL_CONVERSION = YES;
				CLANG_WARN_OBJC_IMPLICIT_RETAIN_SELF = YES;
				CLANG_WARN_OBJC_LITERAL_CONVERSION = YES;
				CLANG_WARN_OBJC_ROOT_CLASS = YES_ERROR;
				CLANG_WARN_QUOTED_INCLUDE_IN_FRAMEWORK_HEADER = YES;
				CLANG_WARN_RANGE_LOOP_ANALYSIS = YES;
				CLANG_WARN_STRICT_PROTOTYPES = YES;
				CLANG_WARN_SUSPICIOUS_MOVE = YES;
				CLANG_WARN_UNGUARDED_AVAILABILITY = YES_AGGRESSIVE;
				CLANG_WARN_UNREACHABLE_CODE = YES;
				CLANG_WARN__DUPLICATE_METHOD_MATCH = YES;
				COPY_PHASE_STRIP = NO;
				DEBUG_INFORMATION_FORMAT = dwarf;
				ENABLE_STRICT_OBJC_MSGSEND = YES;
				ENABLE_TESTABILITY = YES;
				ENABLE_USER_SCRIPT_SANDBOXING = YES;
				GCC_C_LANGUAGE_STANDARD = gnu17;
				GCC_DYNAMIC_NO_PIC = NO;
				GCC_NO_COMMON_BLOCKS = YES;
				GCC_OPTIMIZATION_LEVEL = 0;
				GCC_PREPROCESSOR_DEFINITIONS = (
					"DEBUG=1",
					"$(inherited)",
				);
				GCC_WARN_64_TO_32_BIT_CONVERSION = YES;
				GCC_WARN_ABOUT_RETURN_TYPE = YES_ERROR;
				GCC_WARN_UNDECLARED_SELECTOR = YES;
				GCC_WARN_UNINITIALIZED_AUTOS = YES_AGGRESSIVE;
				GCC_WARN_UNUSED_FUNCTION = YES;
				GCC_WARN_UNUSED_VARIABLE = YES;
				IPHONEOS_DEPLOYMENT_TARGET = 17.0;
				LOCALIZATION_PREFERS_STRING_CATALOGS = YES;
				MTL_ENABLE_DEBUG_INFO = INCLUDE_SOURCE;
				MTL_FAST_MATH = YES;
				ONLY_ACTIVE_ARCH = YES;
				SDKROOT = iphoneos;
				SWIFT_ACTIVE_COMPILATION_CONDITIONS = "DEBUG $(inherited)";
				SWIFT_OPTIMIZATION_LEVEL = "-Onone";
			};
			name = Debug;
		};
		DA9CAFC62B126D5800CDA197 /* Release */ = {
			isa = XCBuildConfiguration;
			buildSettings = {
				ALWAYS_SEARCH_USER_PATHS = NO;
				ASSETCATALOG_COMPILER_GENERATE_SWIFT_ASSET_SYMBOL_EXTENSIONS = YES;
				CLANG_ANALYZER_NONNULL = YES;
				CLANG_ANALYZER_NUMBER_OBJECT_CONVERSION = YES_AGGRESSIVE;
				CLANG_CXX_LANGUAGE_STANDARD = "gnu++20";
				CLANG_ENABLE_MODULES = YES;
				CLANG_ENABLE_OBJC_ARC = YES;
				CLANG_ENABLE_OBJC_WEAK = YES;
				CLANG_WARN_BLOCK_CAPTURE_AUTORELEASING = YES;
				CLANG_WARN_BOOL_CONVERSION = YES;
				CLANG_WARN_COMMA = YES;
				CLANG_WARN_CONSTANT_CONVERSION = YES;
				CLANG_WARN_DEPRECATED_OBJC_IMPLEMENTATIONS = YES;
				CLANG_WARN_DIRECT_OBJC_ISA_USAGE = YES_ERROR;
				CLANG_WARN_DOCUMENTATION_COMMENTS = YES;
				CLANG_WARN_EMPTY_BODY = YES;
				CLANG_WARN_ENUM_CONVERSION = YES;
				CLANG_WARN_INFINITE_RECURSION = YES;
				CLANG_WARN_INT_CONVERSION = YES;
				CLANG_WARN_NON_LITERAL_NULL_CONVERSION = YES;
				CLANG_WARN_OBJC_IMPLICIT_RETAIN_SELF = YES;
				CLANG_WARN_OBJC_LITERAL_CONVERSION = YES;
				CLANG_WARN_OBJC_ROOT_CLASS = YES_ERROR;
				CLANG_WARN_QUOTED_INCLUDE_IN_FRAMEWORK_HEADER = YES;
				CLANG_WARN_RANGE_LOOP_ANALYSIS = YES;
				CLANG_WARN_STRICT_PROTOTYPES = YES;
				CLANG_WARN_SUSPICIOUS_MOVE = YES;
				CLANG_WARN_UNGUARDED_AVAILABILITY = YES_AGGRESSIVE;
				CLANG_WARN_UNREACHABLE_CODE = YES;
				CLANG_WARN__DUPLICATE_METHOD_MATCH = YES;
				COPY_PHASE_STRIP = NO;
				DEBUG_INFORMATION_FORMAT = "dwarf-with-dsym";
				ENABLE_NS_ASSERTIONS = NO;
				ENABLE_STRICT_OBJC_MSGSEND = YES;
				ENABLE_USER_SCRIPT_SANDBOXING = YES;
				GCC_C_LANGUAGE_STANDARD = gnu17;
				GCC_NO_COMMON_BLOCKS = YES;
				GCC_WARN_64_TO_32_BIT_CONVERSION = YES;
				GCC_WARN_ABOUT_RETURN_TYPE = YES_ERROR;
				GCC_WARN_UNDECLARED_SELECTOR = YES;
				GCC_WARN_UNINITIALIZED_AUTOS = YES_AGGRESSIVE;
				GCC_WARN_UNUSED_FUNCTION = YES;
				GCC_WARN_UNUSED_VARIABLE = YES;
				IPHONEOS_DEPLOYMENT_TARGET = 17.0;
				LOCALIZATION_PREFERS_STRING_CATALOGS = YES;
				MTL_ENABLE_DEBUG_INFO = NO;
				MTL_FAST_MATH = YES;
				SDKROOT = iphoneos;
				SWIFT_COMPILATION_MODE = wholemodule;
				VALIDATE_PRODUCT = YES;
			};
			name = Release;
		};
		DA9CAFC82B126D5800CDA197 /* Debug */ = {
			isa = XCBuildConfiguration;
			buildSettings = {
				ASSETCATALOG_COMPILER_APPICON_NAME = AppIcon;
				ASSETCATALOG_COMPILER_GLOBAL_ACCENT_COLOR_NAME = AccentColor;
				CODE_SIGN_STYLE = Automatic;
				CURRENT_PROJECT_VERSION = 1;
				DEVELOPMENT_ASSET_PATHS = "\"Hotline/Preview Content\"";
				DEVELOPMENT_TEAM = USME6DU5G6;
				ENABLE_PREVIEWS = YES;
				GENERATE_INFOPLIST_FILE = YES;
				INFOPLIST_KEY_UIApplicationSceneManifest_Generation = YES;
				INFOPLIST_KEY_UIApplicationSupportsIndirectInputEvents = YES;
				INFOPLIST_KEY_UILaunchScreen_Generation = YES;
				INFOPLIST_KEY_UISupportedInterfaceOrientations_iPad = "UIInterfaceOrientationPortrait UIInterfaceOrientationPortraitUpsideDown UIInterfaceOrientationLandscapeLeft UIInterfaceOrientationLandscapeRight";
				INFOPLIST_KEY_UISupportedInterfaceOrientations_iPhone = "UIInterfaceOrientationPortrait UIInterfaceOrientationLandscapeLeft UIInterfaceOrientationLandscapeRight";
				LD_RUNPATH_SEARCH_PATHS = (
					"$(inherited)",
					"@executable_path/Frameworks",
				);
				MARKETING_VERSION = 1.0;
				PRODUCT_BUNDLE_IDENTIFIER = co.goodmake.Hotline;
				PRODUCT_NAME = "$(TARGET_NAME)";
				SWIFT_EMIT_LOC_STRINGS = YES;
				SWIFT_VERSION = 5.0;
				TARGETED_DEVICE_FAMILY = "1,2";
			};
			name = Debug;
		};
		DA9CAFC92B126D5800CDA197 /* Release */ = {
			isa = XCBuildConfiguration;
			buildSettings = {
				ASSETCATALOG_COMPILER_APPICON_NAME = AppIcon;
				ASSETCATALOG_COMPILER_GLOBAL_ACCENT_COLOR_NAME = AccentColor;
				CODE_SIGN_STYLE = Automatic;
				CURRENT_PROJECT_VERSION = 1;
				DEVELOPMENT_ASSET_PATHS = "\"Hotline/Preview Content\"";
				DEVELOPMENT_TEAM = USME6DU5G6;
				ENABLE_PREVIEWS = YES;
				GENERATE_INFOPLIST_FILE = YES;
				INFOPLIST_KEY_UIApplicationSceneManifest_Generation = YES;
				INFOPLIST_KEY_UIApplicationSupportsIndirectInputEvents = YES;
				INFOPLIST_KEY_UILaunchScreen_Generation = YES;
				INFOPLIST_KEY_UISupportedInterfaceOrientations_iPad = "UIInterfaceOrientationPortrait UIInterfaceOrientationPortraitUpsideDown UIInterfaceOrientationLandscapeLeft UIInterfaceOrientationLandscapeRight";
				INFOPLIST_KEY_UISupportedInterfaceOrientations_iPhone = "UIInterfaceOrientationPortrait UIInterfaceOrientationLandscapeLeft UIInterfaceOrientationLandscapeRight";
				LD_RUNPATH_SEARCH_PATHS = (
					"$(inherited)",
					"@executable_path/Frameworks",
				);
				MARKETING_VERSION = 1.0;
				PRODUCT_BUNDLE_IDENTIFIER = co.goodmake.Hotline;
				PRODUCT_NAME = "$(TARGET_NAME)";
				SWIFT_EMIT_LOC_STRINGS = YES;
				SWIFT_VERSION = 5.0;
				TARGETED_DEVICE_FAMILY = "1,2";
			};
			name = Release;
		};
/* End XCBuildConfiguration section */

/* Begin XCConfigurationList section */
		DA9CAFB22B126D5700CDA197 /* Build configuration list for PBXProject "Hotline" */ = {
			isa = XCConfigurationList;
			buildConfigurations = (
				DA9CAFC52B126D5800CDA197 /* Debug */,
				DA9CAFC62B126D5800CDA197 /* Release */,
			);
			defaultConfigurationIsVisible = 0;
			defaultConfigurationName = Release;
		};
		DA9CAFC72B126D5800CDA197 /* Build configuration list for PBXNativeTarget "Hotline" */ = {
			isa = XCConfigurationList;
			buildConfigurations = (
				DA9CAFC82B126D5800CDA197 /* Debug */,
				DA9CAFC92B126D5800CDA197 /* Release */,
			);
			defaultConfigurationIsVisible = 0;
			defaultConfigurationName = Release;
		};
/* End XCConfigurationList section */
	};
	rootObject = DA9CAFAF2B126D5700CDA197 /* Project object */;
}
